{
  "version": 4,
  "terraform_version": "1.4.6",
  "serial": 840,
  "lineage": "c4c55dc4-b3f9-7925-01c0-1b53f0150b9d",
  "outputs": {},
  "resources": [
    {
      "mode": "data",
      "type": "aws_availability_zones",
      "name": "available",
      "provider": "provider[\"registry.terraform.io/hashicorp/aws\"]",
      "instances": [
        {
          "schema_version": 0,
          "attributes": {
            "all_availability_zones": null,
            "exclude_names": null,
            "exclude_zone_ids": null,
            "filter": null,
            "group_names": [
              "us-east-2"
            ],
            "id": "us-east-2",
            "names": [
              "us-east-2a",
              "us-east-2b",
              "us-east-2c"
            ],
            "state": null,
            "timeouts": null,
            "zone_ids": [
              "use2-az1",
              "use2-az2",
              "use2-az3"
            ]
          },
          "sensitive_attributes": []
        }
      ]
    },
    {
      "mode": "data",
      "type": "aws_eks_cluster_auth",
      "name": "this",
      "provider": "provider[\"registry.terraform.io/hashicorp/aws\"]",
      "instances": [
        {
          "schema_version": 0,
          "attributes": {
            "id": "cometeks",
            "name": "cometeks",
            "token": "k8s-aws-v1.aHR0cHM6Ly9zdHMuYW1hem9uYXdzLmNvbS8_QWN0aW9uPUdldENhbGxlcklkZW50aXR5JlZlcnNpb249MjAxMS0wNi0xNSZYLUFtei1BbGdvcml0aG09QVdTNC1ITUFDLVNIQTI1NiZYLUFtei1DcmVkZW50aWFsPUFLSUE1QlpJT0hMQzVQNTdFS09FJTJGMjAyMzA2MDElMkZ1cy1lYXN0LTElMkZzdHMlMkZhd3M0X3JlcXVlc3QmWC1BbXotRGF0ZT0yMDIzMDYwMVQyMDAyNDVaJlgtQW16LUV4cGlyZXM9MCZYLUFtei1TaWduZWRIZWFkZXJzPWhvc3QlM0J4LWs4cy1hd3MtaWQmWC1BbXotU2lnbmF0dXJlPWNkMTA5MTcyMThmYjBmNzE5NmRlNTY3MmQ4YzlmNDY1ZjQ2ZTljMjY4NTU4NDc3MWI0YjQ1NzAwMDZiZTcwZWE"
          },
          "sensitive_attributes": []
        }
      ]
    },
    {
      "module": "module.eks_deployment[0]",
      "mode": "data",
      "type": "aws_eks_cluster_auth",
      "name": "this",
      "provider": "provider[\"registry.terraform.io/hashicorp/aws\"]",
      "instances": [
        {
          "schema_version": 0,
          "attributes": {
            "id": "cometeks",
            "name": "cometeks",
            "token": "k8s-aws-v1.aHR0cHM6Ly9zdHMuYW1hem9uYXdzLmNvbS8_QWN0aW9uPUdldENhbGxlcklkZW50aXR5JlZlcnNpb249MjAxMS0wNi0xNSZYLUFtei1BbGdvcml0aG09QVdTNC1ITUFDLVNIQTI1NiZYLUFtei1DcmVkZW50aWFsPUFLSUE1QlpJT0hMQzVQNTdFS09FJTJGMjAyMzA2MDElMkZ1cy1lYXN0LTElMkZzdHMlMkZhd3M0X3JlcXVlc3QmWC1BbXotRGF0ZT0yMDIzMDYwMVQyMDAyNDVaJlgtQW16LUV4cGlyZXM9MCZYLUFtei1TaWduZWRIZWFkZXJzPWhvc3QlM0J4LWs4cy1hd3MtaWQmWC1BbXotU2lnbmF0dXJlPWNkMTA5MTcyMThmYjBmNzE5NmRlNTY3MmQ4YzlmNDY1ZjQ2ZTljMjY4NTU4NDc3MWI0YjQ1NzAwMDZiZTcwZWE"
          },
          "sensitive_attributes": []
        }
      ]
    },
    {
      "module": "module.eks_deployment[0]",
      "mode": "data",
      "type": "aws_iam_policy",
      "name": "administrator_access",
      "provider": "provider[\"registry.terraform.io/hashicorp/aws\"]",
      "instances": [
        {
          "schema_version": 0,
          "attributes": {
            "arn": "arn:aws:iam::aws:policy/AdministratorAccess",
            "description": "Provides full access to AWS services and resources.",
            "id": "arn:aws:iam::aws:policy/AdministratorAccess",
            "name": "AdministratorAccess",
            "path": "/",
            "path_prefix": null,
            "policy": "{\n  \"Version\": \"2012-10-17\",\n  \"Statement\": [\n    {\n      \"Effect\": \"Allow\",\n      \"Action\": \"*\",\n      \"Resource\": \"*\"\n    }\n  ]\n}",
            "policy_id": "ANPAIWMBCKSKIEE64ZLYK",
            "tags": {}
          },
          "sensitive_attributes": []
        }
      ]
    },
    {
      "module": "module.eks_deployment[0]",
      "mode": "data",
      "type": "aws_iam_policy",
      "name": "ebs_csi_policy",
      "provider": "provider[\"registry.terraform.io/hashicorp/aws\"]",
      "instances": [
        {
          "schema_version": 0,
          "attributes": {
            "arn": "arn:aws:iam::aws:policy/service-role/AmazonEBSCSIDriverPolicy",
            "description": "IAM Policy that allows the CSI driver service account to make calls to related services such as EC2 on your behalf.",
            "id": "arn:aws:iam::aws:policy/service-role/AmazonEBSCSIDriverPolicy",
            "name": "AmazonEBSCSIDriverPolicy",
            "path": "/service-role/",
            "path_prefix": null,
            "policy": "{\n\t\"Version\": \"2012-10-17\",\n\t\"Statement\": [\n\t\t{\n\t\t\t\"Effect\": \"Allow\",\n\t\t\t\"Action\": [\n\t\t\t\t\"ec2:CreateSnapshot\",\n\t\t\t\t\"ec2:AttachVolume\",\n\t\t\t\t\"ec2:DetachVolume\",\n\t\t\t\t\"ec2:ModifyVolume\",\n\t\t\t\t\"ec2:DescribeAvailabilityZones\",\n\t\t\t\t\"ec2:DescribeInstances\",\n\t\t\t\t\"ec2:DescribeSnapshots\",\n\t\t\t\t\"ec2:DescribeTags\",\n\t\t\t\t\"ec2:DescribeVolumes\",\n\t\t\t\t\"ec2:DescribeVolumesModifications\"\n\t\t\t],\n\t\t\t\"Resource\": \"*\"\n\t\t},\n\t\t{\n\t\t\t\"Effect\": \"Allow\",\n\t\t\t\"Action\": [\n\t\t\t\t\"ec2:CreateTags\"\n\t\t\t],\n\t\t\t\"Resource\": [\n\t\t\t\t\"arn:aws:ec2:*:*:volume/*\",\n\t\t\t\t\"arn:aws:ec2:*:*:snapshot/*\"\n\t\t\t],\n\t\t\t\"Condition\": {\n\t\t\t\t\"StringEquals\": {\n\t\t\t\t\t\"ec2:CreateAction\": [\n\t\t\t\t\t\t\"CreateVolume\",\n\t\t\t\t\t\t\"CreateSnapshot\"\n\t\t\t\t\t]\n\t\t\t\t}\n\t\t\t}\n\t\t},\n\t\t{\n\t\t\t\"Effect\": \"Allow\",\n\t\t\t\"Action\": [\n\t\t\t\t\"ec2:DeleteTags\"\n\t\t\t],\n\t\t\t\"Resource\": [\n\t\t\t\t\"arn:aws:ec2:*:*:volume/*\",\n\t\t\t\t\"arn:aws:ec2:*:*:snapshot/*\"\n\t\t\t]\n\t\t},\n\t\t{\n\t\t\t\"Effect\": \"Allow\",\n\t\t\t\"Action\": [\n\t\t\t\t\"ec2:CreateVolume\"\n\t\t\t],\n\t\t\t\"Resource\": \"*\",\n\t\t\t\"Condition\": {\n\t\t\t\t\"StringLike\": {\n\t\t\t\t\t\"aws:RequestTag/ebs.csi.aws.com/cluster\": \"true\"\n\t\t\t\t}\n\t\t\t}\n\t\t},\n\t\t{\n\t\t\t\"Effect\": \"Allow\",\n\t\t\t\"Action\": [\n\t\t\t\t\"ec2:CreateVolume\"\n\t\t\t],\n\t\t\t\"Resource\": \"*\",\n\t\t\t\"Condition\": {\n\t\t\t\t\"StringLike\": {\n\t\t\t\t\t\"aws:RequestTag/CSIVolumeName\": \"*\"\n\t\t\t\t}\n\t\t\t}\n\t\t},\n\t\t{\n\t\t\t\"Effect\": \"Allow\",\n\t\t\t\"Action\": [\n\t\t\t\t\"ec2:DeleteVolume\"\n\t\t\t],\n\t\t\t\"Resource\": \"*\",\n\t\t\t\"Condition\": {\n\t\t\t\t\"StringLike\": {\n\t\t\t\t\t\"ec2:ResourceTag/ebs.csi.aws.com/cluster\": \"true\"\n\t\t\t\t}\n\t\t\t}\n\t\t},\n\t\t{\n\t\t\t\"Effect\": \"Allow\",\n\t\t\t\"Action\": [\n\t\t\t\t\"ec2:DeleteVolume\"\n\t\t\t],\n\t\t\t\"Resource\": \"*\",\n\t\t\t\"Condition\": {\n\t\t\t\t\"StringLike\": {\n\t\t\t\t\t\"ec2:ResourceTag/CSIVolumeName\": \"*\"\n\t\t\t\t}\n\t\t\t}\n\t\t},\n\t\t{\n\t\t\t\"Effect\": \"Allow\",\n\t\t\t\"Action\": [\n\t\t\t\t\"ec2:DeleteVolume\"\n\t\t\t],\n\t\t\t\"Resource\": \"*\",\n\t\t\t\"Condition\": {\n\t\t\t\t\"StringLike\": {\n\t\t\t\t\t\"ec2:ResourceTag/kubernetes.io/created-for/pvc/name\": \"*\"\n\t\t\t\t}\n\t\t\t}\n\t\t},\n\t\t{\n\t\t\t\"Effect\": \"Allow\",\n\t\t\t\"Action\": [\n\t\t\t\t\"ec2:DeleteSnapshot\"\n\t\t\t],\n\t\t\t\"Resource\": \"*\",\n\t\t\t\"Condition\": {\n\t\t\t\t\"StringLike\": {\n\t\t\t\t\t\"ec2:ResourceTag/CSIVolumeSnapshotName\": \"*\"\n\t\t\t\t}\n\t\t\t}\n\t\t},\n\t\t{\n\t\t\t\"Effect\": \"Allow\",\n\t\t\t\"Action\": [\n\t\t\t\t\"ec2:DeleteSnapshot\"\n\t\t\t],\n\t\t\t\"Resource\": \"*\",\n\t\t\t\"Condition\": {\n\t\t\t\t\"StringLike\": {\n\t\t\t\t\t\"ec2:ResourceTag/ebs.csi.aws.com/cluster\": \"true\"\n\t\t\t\t}\n\t\t\t}\n\t\t}\n\t]\n}",
            "policy_id": "ANPAZKAPJZG4IV6FHD2UE",
            "tags": {}
          },
          "sensitive_attributes": []
        }
      ]
    },
    {
      "module": "module.eks_deployment[0]",
      "mode": "managed",
      "type": "aws_iam_role",
      "name": "eks_admin",
      "provider": "provider[\"registry.terraform.io/hashicorp/aws\"]",
      "instances": [
        {
          "schema_version": 0,
          "attributes": {
            "arn": "arn:aws:iam::897196112581:role/admin-cometeks",
            "assume_role_policy": "{\"Statement\":[{\"Action\":\"sts:AssumeRole\",\"Effect\":\"Allow\",\"Principal\":{\"AWS\":[\"arn:aws:iam::897196112581:user/martinb\"]},\"Sid\":\"\"}],\"Version\":\"2012-10-17\"}",
            "create_date": "2023-06-01T16:09:21Z",
            "description": "",
            "force_detach_policies": false,
            "id": "admin-cometeks",
            "inline_policy": [],
            "managed_policy_arns": [
              "arn:aws:iam::aws:policy/AdministratorAccess"
            ],
            "max_session_duration": 3600,
            "name": "admin-cometeks",
            "name_prefix": "",
            "path": "/",
            "permissions_boundary": null,
            "role_last_used": [
              {
                "last_used_date": "2023-06-01T17:17:37Z",
                "region": "us-east-2"
              }
            ],
            "tags": {
              "Environment": "dev",
              "Terraform_Managed": "true"
            },
            "tags_all": {
              "Environment": "dev",
              "Terraform_Managed": "true"
            },
            "unique_id": "AROA5BZIOHLCXQATGSXZ4"
          },
          "sensitive_attributes": [],
          "private": "bnVsbA=="
        }
      ]
    },
    {
      "module": "module.eks_deployment[0]",
      "mode": "managed",
      "type": "aws_iam_role_policy_attachment",
      "name": "eks_adminrole_policy_attach",
      "provider": "provider[\"registry.terraform.io/hashicorp/aws\"]",
      "instances": [
        {
          "schema_version": 0,
          "attributes": {
            "id": "admin-cometeks-20230601160921621100000003",
            "policy_arn": "arn:aws:iam::aws:policy/AdministratorAccess",
            "role": "admin-cometeks"
          },
          "sensitive_attributes": [],
          "private": "bnVsbA==",
          "dependencies": [
            "module.eks_deployment.aws_iam_role.eks_admin",
            "module.eks_deployment.data.aws_iam_policy.administrator_access"
          ]
        }
      ]
    },
    {
      "module": "module.eks_deployment[0].module.eks",
      "mode": "data",
      "type": "aws_caller_identity",
      "name": "current",
      "provider": "provider[\"registry.terraform.io/hashicorp/aws\"]",
      "instances": [
        {
          "schema_version": 0,
          "attributes": {
            "account_id": "897196112581",
            "arn": "arn:aws:iam::897196112581:user/martinb",
            "id": "897196112581",
            "user_id": "AIDA5BZIOHLCS23KDTNCL"
          },
          "sensitive_attributes": []
        }
      ]
    },
    {
      "module": "module.eks_deployment[0].module.eks",
      "mode": "data",
      "type": "aws_eks_addon_version",
      "name": "this",
      "provider": "provider[\"registry.terraform.io/hashicorp/aws\"]",
      "instances": [
        {
          "index_key": "aws-ebs-csi-driver",
          "schema_version": 0,
          "attributes": {
            "addon_name": "aws-ebs-csi-driver",
            "id": "aws-ebs-csi-driver",
            "kubernetes_version": "1.24",
            "most_recent": false,
            "version": "v1.19.0-eksbuild.1"
          },
          "sensitive_attributes": []
        },
        {
          "index_key": "coredns",
          "schema_version": 0,
          "attributes": {
            "addon_name": "coredns",
            "id": "coredns",
            "kubernetes_version": "1.24",
            "most_recent": false,
            "version": "v1.8.7-eksbuild.3"
          },
          "sensitive_attributes": []
        },
        {
          "index_key": "kube-proxy",
          "schema_version": 0,
          "attributes": {
            "addon_name": "kube-proxy",
            "id": "kube-proxy",
            "kubernetes_version": "1.24",
            "most_recent": false,
            "version": "v1.24.7-eksbuild.2"
          },
          "sensitive_attributes": []
        },
        {
          "index_key": "vpc-cni",
          "schema_version": 0,
          "attributes": {
            "addon_name": "vpc-cni",
            "id": "vpc-cni",
            "kubernetes_version": "1.24",
            "most_recent": false,
            "version": "v1.11.4-eksbuild.1"
          },
          "sensitive_attributes": []
        }
      ]
    },
    {
      "module": "module.eks_deployment[0].module.eks",
      "mode": "data",
      "type": "aws_iam_policy_document",
      "name": "assume_role_policy",
      "provider": "provider[\"registry.terraform.io/hashicorp/aws\"]",
      "instances": [
        {
          "index_key": 0,
          "schema_version": 0,
          "attributes": {
            "id": "2764486067",
            "json": "{\n  \"Version\": \"2012-10-17\",\n  \"Statement\": [\n    {\n      \"Sid\": \"EKSClusterAssumeRole\",\n      \"Effect\": \"Allow\",\n      \"Action\": \"sts:AssumeRole\",\n      \"Principal\": {\n        \"Service\": \"eks.amazonaws.com\"\n      }\n    }\n  ]\n}",
            "override_json": null,
            "override_policy_documents": null,
            "policy_id": null,
            "source_json": null,
            "source_policy_documents": null,
            "statement": [
              {
                "actions": [
                  "sts:AssumeRole"
                ],
                "condition": [],
                "effect": "Allow",
                "not_actions": [],
                "not_principals": [],
                "not_resources": [],
                "principals": [
                  {
                    "identifiers": [
                      "eks.amazonaws.com"
                    ],
                    "type": "Service"
                  }
                ],
                "resources": [],
                "sid": "EKSClusterAssumeRole"
              }
            ],
            "version": "2012-10-17"
          },
          "sensitive_attributes": []
        }
      ]
    },
    {
      "module": "module.eks_deployment[0].module.eks",
      "mode": "data",
      "type": "aws_iam_session_context",
      "name": "current",
      "provider": "provider[\"registry.terraform.io/hashicorp/aws\"]",
      "instances": [
        {
          "schema_version": 0,
          "attributes": {
            "arn": "arn:aws:iam::897196112581:user/martinb",
            "id": "arn:aws:iam::897196112581:user/martinb",
            "issuer_arn": "arn:aws:iam::897196112581:user/martinb",
            "issuer_id": "",
            "issuer_name": "",
            "session_name": ""
          },
          "sensitive_attributes": []
        }
      ]
    },
    {
      "module": "module.eks_deployment[0].module.eks",
      "mode": "data",
      "type": "aws_partition",
      "name": "current",
      "provider": "provider[\"registry.terraform.io/hashicorp/aws\"]",
      "instances": [
        {
          "schema_version": 0,
          "attributes": {
            "dns_suffix": "amazonaws.com",
            "id": "aws",
            "partition": "aws",
            "reverse_dns_prefix": "com.amazonaws"
          },
          "sensitive_attributes": []
        }
      ]
    },
    {
      "module": "module.eks_deployment[0].module.eks",
      "mode": "data",
      "type": "tls_certificate",
      "name": "this",
      "provider": "provider[\"registry.terraform.io/hashicorp/tls\"]",
      "instances": [
        {
          "index_key": 0,
          "schema_version": 0,
          "attributes": {
            "certificates": [
              {
                "cert_pem": "-----BEGIN CERTIFICATE-----\nMIIEdTCCA12gAwIBAgIJAKcOSkw0grd/MA0GCSqGSIb3DQEBCwUAMGgxCzAJBgNV\nBAYTAlVTMSUwIwYDVQQKExxTdGFyZmllbGQgVGVjaG5vbG9naWVzLCBJbmMuMTIw\nMAYDVQQLEylTdGFyZmllbGQgQ2xhc3MgMiBDZXJ0aWZpY2F0aW9uIEF1dGhvcml0\neTAeFw0wOTA5MDIwMDAwMDBaFw0zNDA2MjgxNzM5MTZaMIGYMQswCQYDVQQGEwJV\nUzEQMA4GA1UECBMHQXJpem9uYTETMBEGA1UEBxMKU2NvdHRzZGFsZTElMCMGA1UE\nChMcU3RhcmZpZWxkIFRlY2hub2xvZ2llcywgSW5jLjE7MDkGA1UEAxMyU3RhcmZp\nZWxkIFNlcnZpY2VzIFJvb3QgQ2VydGlmaWNhdGUgQXV0aG9yaXR5IC0gRzIwggEi\nMA0GCSqGSIb3DQEBAQUAA4IBDwAwggEKAoIBAQDVDDrEKvlO4vW+GZdfjohTsR8/\ny8+fIBNtKTrID30892t2OGPZNmCom15cAICyL1l/9of5JUOG52kbUpqQ4XHj2C0N\nTm/2yEnZtvMaVq4rtnQU68/7JuMauh2WLmo7WJSJR1b/JaCTcFOD2oR0FMNnngRo\nOt+OQFodSk7PQ5E751bWAHDLUu57fa4657wx+UX2wmDPE1kCK4DMNEffud6QZW0C\nzyyRpqbn3oUYSXxmTqM6bam17jQuug0DuDPfR+uxa40l2ZvOgdFFRjKWcIfeAg5J\nQ4W2bHO7ZOphQazJ1FTfhy/HIrImzJ9ZVGif/L4qL8RVHHVAYBeFAlU5i38FAgMB\nAAGjgfAwge0wDwYDVR0TAQH/BAUwAwEB/zAOBgNVHQ8BAf8EBAMCAYYwHQYDVR0O\nBBYEFJxfAN+qAdcwKziIorhtSpzyEZGDMB8GA1UdIwQYMBaAFL9ft9HO3R+G9FtV\nrNzXEMIOqYjnME8GCCsGAQUFBwEBBEMwQTAcBggrBgEFBQcwAYYQaHR0cDovL28u\nc3MyLnVzLzAhBggrBgEFBQcwAoYVaHR0cDovL3guc3MyLnVzL3guY2VyMCYGA1Ud\nHwQfMB0wG6AZoBeGFWh0dHA6Ly9zLnNzMi51cy9yLmNybDARBgNVHSAECjAIMAYG\nBFUdIAAwDQYJKoZIhvcNAQELBQADggEBACMd44pXyn3pF3lM8R5V/cxTbj5HD9/G\nVfKyBDbtgB9TxF00KGu+x1X8Z+rLP3+QsjPNG1gQggL4+C/1E2DUBc7xgQjB3ad1\nl08YuW3e95ORCLp+QCztweq7dp4zBncdDQh/U90bZKuCJ/Fp1U1ervShw3WnWEQt\n8jxwmKy6abaVd38PMV4s/KCHOkdp8Hlf9BRUpJVeEXgSYCfOn8J3/yNTd126/+pZ\n59vPr5KW7ySaNRB6nJHGDn2Z9j8Z3/VyVOEVqQdZe4O/Ui5GjLIAZHYcSNPYeehu\nVsyuLAOQ1xk4meTKCRlb/weWsKh/NEnfVqn3sF/tM+2MR7cwA130A4w=\n-----END CERTIFICATE-----\n",
                "is_ca": true,
                "issuer": "OU=Starfield Class 2 Certification Authority,O=Starfield Technologies\\, Inc.,C=US",
                "not_after": "2034-06-28T17:39:16Z",
                "not_before": "2009-09-02T00:00:00Z",
                "public_key_algorithm": "RSA",
                "serial_number": "12037640545166866303",
                "sha1_fingerprint": "9e99a48a9960b14926bb7f3b02e22da2b0ab7280",
                "signature_algorithm": "SHA256-RSA",
                "subject": "CN=Starfield Services Root Certificate Authority - G2,O=Starfield Technologies\\, Inc.,L=Scottsdale,ST=Arizona,C=US",
                "version": 3
              },
              {
                "cert_pem": "-----BEGIN CERTIFICATE-----\nMIIEkjCCA3qgAwIBAgITBn+USionzfP6wq4rAfkI7rnExjANBgkqhkiG9w0BAQsF\nADCBmDELMAkGA1UEBhMCVVMxEDAOBgNVBAgTB0FyaXpvbmExEzARBgNVBAcTClNj\nb3R0c2RhbGUxJTAjBgNVBAoTHFN0YXJmaWVsZCBUZWNobm9sb2dpZXMsIEluYy4x\nOzA5BgNVBAMTMlN0YXJmaWVsZCBTZXJ2aWNlcyBSb290IENlcnRpZmljYXRlIEF1\ndGhvcml0eSAtIEcyMB4XDTE1MDUyNTEyMDAwMFoXDTM3MTIzMTAxMDAwMFowOTEL\nMAkGA1UEBhMCVVMxDzANBgNVBAoTBkFtYXpvbjEZMBcGA1UEAxMQQW1hem9uIFJv\nb3QgQ0EgMTCCASIwDQYJKoZIhvcNAQEBBQADggEPADCCAQoCggEBALJ4gHHKeNXj\nca9HgFB0fW7Y14h29Jlo91ghYPl0hAEvrAIthtOgQ3pOsqTQNroBvo3bSMgHFzZM\n9O6II8c+6zf1tRn4SWiw3te5djgdYZ6k/oI2peVKVuRF4fn9tBb6dNqcmzU5L/qw\nIFAGbHrQgLKm+a/sRxmPUDgH3KKHOVj4utWp+UhnMJbulHheb4mjUcAwhmahRWa6\nVOujw5H5SNz/0egwLX0tdHA114gk957EWW67c4cX8jJGKLhD+rcdqsq08p8kDi1L\n93FcXmn/6pUCyziKrlA4b9v7LWIbxcceVOF34GfID5yHI9Y/QCB/IIDEgEw+OyQm\njgSubJrIqg0CAwEAAaOCATEwggEtMA8GA1UdEwEB/wQFMAMBAf8wDgYDVR0PAQH/\nBAQDAgGGMB0GA1UdDgQWBBSEGMyFNOy8DJSULghZnMeyEE4KCDAfBgNVHSMEGDAW\ngBScXwDfqgHXMCs4iKK4bUqc8hGRgzB4BggrBgEFBQcBAQRsMGowLgYIKwYBBQUH\nMAGGImh0dHA6Ly9vY3NwLnJvb3RnMi5hbWF6b250cnVzdC5jb20wOAYIKwYBBQUH\nMAKGLGh0dHA6Ly9jcnQucm9vdGcyLmFtYXpvbnRydXN0LmNvbS9yb290ZzIuY2Vy\nMD0GA1UdHwQ2MDQwMqAwoC6GLGh0dHA6Ly9jcmwucm9vdGcyLmFtYXpvbnRydXN0\nLmNvbS9yb290ZzIuY3JsMBEGA1UdIAQKMAgwBgYEVR0gADANBgkqhkiG9w0BAQsF\nAAOCAQEAYjdCXLwQtT6LLOkMm2xF4gcAevnFWAu5CIw+7bMlPLVvUOTNNWqnkzSW\nMiGpSESrnO09tKpzbeR/FoCJbM8oAxiDR3mjEH4wW6w7sGDgd9QIpuEdfF7Au/ma\neyKdpwAJfqxGF4PcnCZXmTA5YpaP7dreqsXMGz7KQ2hsVxa81Q4gLv7/wmpdLqBK\nbRRYh5TmOTFffHPLkIhqhBGWJ6bt2YFGpn6jcgAKUj6DiAdjd4lpFw85hdKrCEVN\n0FE6/V1dN2RMfjCyVSRCnTawXZwXgWHxyvkQAiSr6w10kY17RSlQOYiypok1JR4U\nakcjMS9cmvqtmg5iUaQqqcT5NJ0hGA==\n-----END CERTIFICATE-----\n",
                "is_ca": true,
                "issuer": "CN=Starfield Services Root Certificate Authority - G2,O=Starfield Technologies\\, Inc.,L=Scottsdale,ST=Arizona,C=US",
                "not_after": "2037-12-31T01:00:00Z",
                "not_before": "2015-05-25T12:00:00Z",
                "public_key_algorithm": "RSA",
                "serial_number": "144918191876577076464031512351042010504348870",
                "sha1_fingerprint": "06b25927c42a721631c1efd9431e648fa62e1e39",
                "signature_algorithm": "SHA256-RSA",
                "subject": "CN=Amazon Root CA 1,O=Amazon,C=US",
                "version": 3
              },
              {
                "cert_pem": "-----BEGIN CERTIFICATE-----\nMIIEXjCCA0agAwIBAgITB3MSSkvL1E7HtTvq8ZSELToPoTANBgkqhkiG9w0BAQsF\nADA5MQswCQYDVQQGEwJVUzEPMA0GA1UEChMGQW1hem9uMRkwFwYDVQQDExBBbWF6\nb24gUm9vdCBDQSAxMB4XDTIyMDgyMzIyMjUzMFoXDTMwMDgyMzIyMjUzMFowPDEL\nMAkGA1UEBhMCVVMxDzANBgNVBAoTBkFtYXpvbjEcMBoGA1UEAxMTQW1hem9uIFJT\nQSAyMDQ4IE0wMjCCASIwDQYJKoZIhvcNAQEBBQADggEPADCCAQoCggEBALtDGMZa\nqHneKei1by6+pUPPLljTB143Si6VpEWPc6mSkFhZb/6qrkZyoHlQLbDYnI2D7hD0\nsdzEqfnuAjIsuXQLG3A8TvX6V3oFNBFVe8NlLJHvBseKY88saLwufxkZVwk74g4n\nWlNMXzla9Y5F3wwRHwMVH443xGz6UtGSZSqQ94eFx5X7Tlqt8whi8qCaKdZ5rNak\n+r9nUThOeClqFd4oXych//Rc7Y0eX1KNWHYSI1Nk31mYgiK3JvH063g+K9tHA63Z\neTgKgndlh+WI+zv7i44HepRZjA1FYwYZ9Vv/9UkC5Yz8/yU65fgjaE+wVHM4e/Yy\nC2osrPWE7gJ+dXMCAwEAAaOCAVowggFWMBIGA1UdEwEB/wQIMAYBAf8CAQAwDgYD\nVR0PAQH/BAQDAgGGMB0GA1UdJQQWMBQGCCsGAQUFBwMBBggrBgEFBQcDAjAdBgNV\nHQ4EFgQUwDFSzVpQw4J8dHHOy+mc+XrrguIwHwYDVR0jBBgwFoAUhBjMhTTsvAyU\nlC4IWZzHshBOCggwewYIKwYBBQUHAQEEbzBtMC8GCCsGAQUFBzABhiNodHRwOi8v\nb2NzcC5yb290Y2ExLmFtYXpvbnRydXN0LmNvbTA6BggrBgEFBQcwAoYuaHR0cDov\nL2NydC5yb290Y2ExLmFtYXpvbnRydXN0LmNvbS9yb290Y2ExLmNlcjA/BgNVHR8E\nODA2MDSgMqAwhi5odHRwOi8vY3JsLnJvb3RjYTEuYW1hem9udHJ1c3QuY29tL3Jv\nb3RjYTEuY3JsMBMGA1UdIAQMMAowCAYGZ4EMAQIBMA0GCSqGSIb3DQEBCwUAA4IB\nAQAtTi6Fs0Azfi+iwm7jrz+CSxHH+uHl7Law3MQSXVtR8RV53PtR6r/6gNpqlzdo\nZq4FKbADi1v9Bun8RY8D51uedRfjsbeodizeBB8nXmeyD33Ep7VATj4ozcd31YFV\nfgRhvTSxNrrTlNpWkUk0m3BMPv8sg381HhA6uEYokE5q9uws/3YkKqRiEz3TsaWm\nJqIRZhMbgAfp7O7FUwFIb7UIspogZSKxPIWJpxiPo3TcBambbVtQOcNRWz5qCQdD\nslI2yayq0n2TXoHyNCLEH8rpsJRVILFsg0jc7BaFrMnF462+ajSehgj12IidNeRN\n4zl+EoNaWdpnWndvSpAEkq2P\n-----END CERTIFICATE-----\n",
                "is_ca": true,
                "issuer": "CN=Amazon Root CA 1,O=Amazon,C=US",
                "not_after": "2030-08-23T22:25:30Z",
                "not_before": "2022-08-23T22:25:30Z",
                "public_key_algorithm": "RSA",
                "serial_number": "166129353110899469622597955040406457904926625",
                "sha1_fingerprint": "414a2060b738c635cc7fc243e052615592830c53",
                "signature_algorithm": "SHA256-RSA",
                "subject": "CN=Amazon RSA 2048 M02,O=Amazon,C=US",
                "version": 3
              },
              {
                "cert_pem": "-----BEGIN CERTIFICATE-----\nMIIF6zCCBNOgAwIBAgIQCW0HKsD5GyURhyXex/rJlDANBgkqhkiG9w0BAQsFADA8\nMQswCQYDVQQGEwJVUzEPMA0GA1UEChMGQW1hem9uMRwwGgYDVQQDExNBbWF6b24g\nUlNBIDIwNDggTTAyMB4XDTIzMDQxMzAwMDAwMFoXDTI0MDUxMTIzNTk1OVowKzEp\nMCcGA1UEAxMgb2lkYy5la3MudXMtZWFzdC0yLmFtYXpvbmF3cy5jb20wggEiMA0G\nCSqGSIb3DQEBAQUAA4IBDwAwggEKAoIBAQDFjpgGGZXhdQjDyOrcdG5smK5hX+5G\ngfT1SmaI+ttfDfYOl6k6SNApnXIKaYTAS6SZkbX14Ikp6/xpdiOIMZnuU08tEihb\nbmRTbBEWvRQtLSW+6QqyGdQYbkMC+S5q5hS8nnQIZXmYG0hldZIOfGE37jj/TKM9\nKisasWNxrIIsDlrmtHbeEoEOBaAOWPU/DWG8jWxbme8JNdEqnFNT76vvZIsY28AH\n8khP9vHpUSW635UgyGJNspd3u8svAN7Mv+vje8cJfaI+K+YtTrMmv49vMjpciu80\ngrjoBvBotIw1ZLsO1XFElIodcC4i2rWJ22xwJwlplFR9ud+X3xLYwSlzAgMBAAGj\nggL4MIIC9DAfBgNVHSMEGDAWgBTAMVLNWlDDgnx0cc7L6Zz5euuC4jAdBgNVHQ4E\nFgQU1DecnBH1rlrQI8PdHaTE45L5DncwKwYDVR0RBCQwIoIgb2lkYy5la3MudXMt\nZWFzdC0yLmFtYXpvbmF3cy5jb20wDgYDVR0PAQH/BAQDAgWgMB0GA1UdJQQWMBQG\nCCsGAQUFBwMBBggrBgEFBQcDAjA7BgNVHR8ENDAyMDCgLqAshipodHRwOi8vY3Js\nLnIybTAyLmFtYXpvbnRydXN0LmNvbS9yMm0wMi5jcmwwEwYDVR0gBAwwCjAIBgZn\ngQwBAgEwdQYIKwYBBQUHAQEEaTBnMC0GCCsGAQUFBzABhiFodHRwOi8vb2NzcC5y\nMm0wMi5hbWF6b250cnVzdC5jb20wNgYIKwYBBQUHMAKGKmh0dHA6Ly9jcnQucjJt\nMDIuYW1hem9udHJ1c3QuY29tL3IybTAyLmNlcjAMBgNVHRMBAf8EAjAAMIIBfQYK\nKwYBBAHWeQIEAgSCAW0EggFpAWcAdgDuzdBk1dsazsVct520zROiModGfLzs3sNR\nSFlGcR+1mwAAAYd3+NcOAAAEAwBHMEUCIQCHlY1qn7DzoNygWAqzugUh3g8dQz1K\nsP7VJmC7KhFkJQIgVhwGTwHSZiGLzOX5CzjcJpyFmyIqUyb3/+XiX3vfQlAAdgBz\n2Z6JG0yWeKAgfUed5rLGHNBRXnEZKoxrgBB6wXdytQAAAYd3+Nd1AAAEAwBHMEUC\nIFHrqAO8h/PdQOJk5qIf1akhiStvW69TTF/aJj6C0UJyAiEAuA22o6QXSrPh5rql\nVoCHsge+mKYDzwJg29+Fy6cpeKAAdQBIsONr2qZHNA/lagL6nTDrHFIBy1bdLIHZ\nu7+rOdiEcwAAAYd3+NdEAAAEAwBGMEQCIAaaInHj+uB4m5+kAMHYOt2+sJE1eZwX\nz4WxsIDzbUUEAiBOFyx457aAais5MtZjTqbykHXcG9W53sTJZL53Cy+P6zANBgkq\nhkiG9w0BAQsFAAOCAQEAN2+1CFNDLKW98g93twLkdqsVtUmJ3vXEw8owl4rjc/V+\nRuBI09tvC3MF1MVB9kT/xXWR2QZuBySV9b5+OcdKyqMVBjIWOgHXHcz4BKqJkANZ\nS09ZZoQMBsh06C3Yk5KsoBxACzE5ckYKlPiWjAwo8TAV6gmcZNictd/EkmsXyouE\nUD8sCokEMwCCpuSXcSlphq4L1DFKLrKGzADJUu0wdRkgYTMGBotGc6MKbO02nHK8\nGB7IVWYcnDGqLCNozwvm3a0UXefvEveEYPd007obW1Ey9QBeP7k7HZbVUJ9atSBq\nftsPG6h15OEALUVj6KfPperD32nSQ0ptbKVQR/9ybQ==\n-----END CERTIFICATE-----\n",
                "is_ca": false,
                "issuer": "CN=Amazon RSA 2048 M02,O=Amazon,C=US",
                "not_after": "2024-05-11T23:59:59Z",
                "not_before": "2023-04-13T00:00:00Z",
                "public_key_algorithm": "RSA",
                "serial_number": "12529157683816862830909118128615770516",
                "sha1_fingerprint": "50879ea7f7c29dd615269e559fb061b46bdd3dbe",
                "signature_algorithm": "SHA256-RSA",
                "subject": "CN=oidc.eks.us-east-2.amazonaws.com",
                "version": 3
              }
            ],
            "content": null,
            "id": "7c72bb110518075cbb071e57d125fc3aa17238d9",
            "url": "https://oidc.eks.us-east-2.amazonaws.com/id/7F69405B2291B70E8757F49C968147D4",
            "verify_chain": true
          },
          "sensitive_attributes": []
        }
      ]
    },
    {
      "module": "module.eks_deployment[0].module.eks",
      "mode": "managed",
      "type": "aws_cloudwatch_log_group",
      "name": "this",
      "provider": "provider[\"registry.terraform.io/hashicorp/aws\"]",
      "instances": [
        {
          "index_key": 0,
          "schema_version": 0,
          "attributes": {
            "arn": "arn:aws:logs:us-east-2:897196112581:log-group:/aws/eks/cometeks/cluster",
            "id": "/aws/eks/cometeks/cluster",
            "kms_key_id": "",
            "name": "/aws/eks/cometeks/cluster",
            "name_prefix": "",
            "retention_in_days": 90,
            "skip_destroy": false,
            "tags": {
              "Environment": "dev",
              "Name": "/aws/eks/cometeks/cluster",
              "Terraform_Managed": "true"
            },
            "tags_all": {
              "Environment": "dev",
              "Name": "/aws/eks/cometeks/cluster",
              "Terraform_Managed": "true"
            }
          },
          "sensitive_attributes": [],
          "private": "bnVsbA==",
          "create_before_destroy": true
        }
      ]
    },
    {
      "module": "module.eks_deployment[0].module.eks",
      "mode": "managed",
      "type": "aws_ec2_tag",
      "name": "cluster_primary_security_group",
      "provider": "provider[\"registry.terraform.io/hashicorp/aws\"]",
      "instances": [
        {
          "index_key": "Environment",
          "schema_version": 0,
          "attributes": {
            "id": "sg-0d4a9d9ff27aba58e,Environment",
            "key": "Environment",
            "resource_id": "sg-0d4a9d9ff27aba58e",
            "value": "dev"
          },
          "sensitive_attributes": [],
          "private": "bnVsbA==",
          "dependencies": [
            "data.aws_availability_zones.available",
            "module.eks_deployment.module.eks.aws_cloudwatch_log_group.this",
            "module.eks_deployment.module.eks.aws_eks_cluster.this",
            "module.eks_deployment.module.eks.aws_iam_policy.cni_ipv6_policy",
            "module.eks_deployment.module.eks.aws_iam_role.this",
            "module.eks_deployment.module.eks.aws_iam_role_policy_attachment.this",
            "module.eks_deployment.module.eks.aws_security_group.cluster",
            "module.eks_deployment.module.eks.aws_security_group.node",
            "module.eks_deployment.module.eks.aws_security_group_rule.cluster",
            "module.eks_deployment.module.eks.aws_security_group_rule.node",
            "module.eks_deployment.module.eks.data.aws_caller_identity.current",
            "module.eks_deployment.module.eks.data.aws_iam_policy_document.assume_role_policy",
            "module.eks_deployment.module.eks.data.aws_iam_policy_document.cni_ipv6_policy",
            "module.eks_deployment.module.eks.data.aws_iam_session_context.current",
            "module.eks_deployment.module.eks.data.aws_partition.current",
            "module.eks_deployment.module.eks.module.kms.aws_kms_external_key.this",
            "module.eks_deployment.module.eks.module.kms.aws_kms_key.this",
            "module.eks_deployment.module.eks.module.kms.data.aws_caller_identity.current",
            "module.eks_deployment.module.eks.module.kms.data.aws_iam_policy_document.this",
            "module.eks_deployment.module.eks.module.kms.data.aws_partition.current",
            "module.vpc.aws_subnet.private",
            "module.vpc.aws_vpc.this",
            "module.vpc.aws_vpc_ipv4_cidr_block_association.this"
          ]
        },
        {
          "index_key": "Terraform_Managed",
          "schema_version": 0,
          "attributes": {
            "id": "sg-0d4a9d9ff27aba58e,Terraform_Managed",
            "key": "Terraform_Managed",
            "resource_id": "sg-0d4a9d9ff27aba58e",
            "value": "true"
          },
          "sensitive_attributes": [],
          "private": "bnVsbA==",
          "dependencies": [
            "data.aws_availability_zones.available",
            "module.eks_deployment.module.eks.aws_cloudwatch_log_group.this",
            "module.eks_deployment.module.eks.aws_eks_cluster.this",
            "module.eks_deployment.module.eks.aws_iam_policy.cni_ipv6_policy",
            "module.eks_deployment.module.eks.aws_iam_role.this",
            "module.eks_deployment.module.eks.aws_iam_role_policy_attachment.this",
            "module.eks_deployment.module.eks.aws_security_group.cluster",
            "module.eks_deployment.module.eks.aws_security_group.node",
            "module.eks_deployment.module.eks.aws_security_group_rule.cluster",
            "module.eks_deployment.module.eks.aws_security_group_rule.node",
            "module.eks_deployment.module.eks.data.aws_caller_identity.current",
            "module.eks_deployment.module.eks.data.aws_iam_policy_document.assume_role_policy",
            "module.eks_deployment.module.eks.data.aws_iam_policy_document.cni_ipv6_policy",
            "module.eks_deployment.module.eks.data.aws_iam_session_context.current",
            "module.eks_deployment.module.eks.data.aws_partition.current",
            "module.eks_deployment.module.eks.module.kms.aws_kms_external_key.this",
            "module.eks_deployment.module.eks.module.kms.aws_kms_key.this",
            "module.eks_deployment.module.eks.module.kms.data.aws_caller_identity.current",
            "module.eks_deployment.module.eks.module.kms.data.aws_iam_policy_document.this",
            "module.eks_deployment.module.eks.module.kms.data.aws_partition.current",
            "module.vpc.aws_subnet.private",
            "module.vpc.aws_vpc.this",
            "module.vpc.aws_vpc_ipv4_cidr_block_association.this"
          ]
        }
      ]
    },
    {
      "module": "module.eks_deployment[0].module.eks",
      "mode": "managed",
      "type": "aws_eks_addon",
      "name": "before_compute",
      "provider": "provider[\"registry.terraform.io/hashicorp/aws\"]",
      "instances": [
        {
          "index_key": "vpc-cni",
          "schema_version": 0,
          "attributes": {
            "addon_name": "vpc-cni",
            "addon_version": "v1.11.4-eksbuild.1",
            "arn": "arn:aws:eks:us-east-2:897196112581:addon/cometeks/vpc-cni/08c43be0-4606-acd1-27cb-13d61302af37",
            "cluster_name": "cometeks",
            "configuration_values": "",
            "created_at": "2023-06-01T16:18:07Z",
            "id": "cometeks:vpc-cni",
            "modified_at": "2023-06-01T16:18:10Z",
            "preserve": null,
            "resolve_conflicts": "OVERWRITE",
            "service_account_role_arn": "",
            "tags": {
              "Environment": "dev",
              "Terraform_Managed": "true"
            },
            "tags_all": {
              "Environment": "dev",
              "Terraform_Managed": "true"
            },
            "timeouts": {
              "create": null,
              "delete": null,
              "update": null
            }
          },
          "sensitive_attributes": [],
          "private": "eyJlMmJmYjczMC1lY2FhLTExZTYtOGY4OC0zNDM2M2JjN2M0YzAiOnsiY3JlYXRlIjoxMjAwMDAwMDAwMDAwLCJkZWxldGUiOjI0MDAwMDAwMDAwMDAsInVwZGF0ZSI6MTIwMDAwMDAwMDAwMH19",
          "dependencies": [
            "data.aws_availability_zones.available",
            "module.eks_deployment.module.eks.aws_cloudwatch_log_group.this",
            "module.eks_deployment.module.eks.aws_eks_cluster.this",
            "module.eks_deployment.module.eks.aws_iam_policy.cni_ipv6_policy",
            "module.eks_deployment.module.eks.aws_iam_role.this",
            "module.eks_deployment.module.eks.aws_iam_role_policy_attachment.this",
            "module.eks_deployment.module.eks.aws_security_group.cluster",
            "module.eks_deployment.module.eks.aws_security_group.node",
            "module.eks_deployment.module.eks.aws_security_group_rule.cluster",
            "module.eks_deployment.module.eks.aws_security_group_rule.node",
            "module.eks_deployment.module.eks.data.aws_caller_identity.current",
            "module.eks_deployment.module.eks.data.aws_eks_addon_version.this",
            "module.eks_deployment.module.eks.data.aws_iam_policy_document.assume_role_policy",
            "module.eks_deployment.module.eks.data.aws_iam_policy_document.cni_ipv6_policy",
            "module.eks_deployment.module.eks.data.aws_iam_session_context.current",
            "module.eks_deployment.module.eks.data.aws_partition.current",
            "module.eks_deployment.module.eks.module.kms.aws_kms_external_key.this",
            "module.eks_deployment.module.eks.module.kms.aws_kms_key.this",
            "module.eks_deployment.module.eks.module.kms.data.aws_caller_identity.current",
            "module.eks_deployment.module.eks.module.kms.data.aws_iam_policy_document.this",
            "module.eks_deployment.module.eks.module.kms.data.aws_partition.current",
            "module.eks_deployment.module.irsa-ebs-csi.aws_iam_role.this",
            "module.eks_deployment.module.irsa-ebs-csi.data.aws_caller_identity.current",
            "module.eks_deployment.module.irsa-ebs-csi.data.aws_iam_policy_document.assume_role_with_oidc",
            "module.eks_deployment.module.irsa-ebs-csi.data.aws_partition.current",
            "module.vpc.aws_subnet.private",
            "module.vpc.aws_vpc.this",
            "module.vpc.aws_vpc_ipv4_cidr_block_association.this"
          ]
        }
      ]
    },
    {
      "module": "module.eks_deployment[0].module.eks",
      "mode": "managed",
      "type": "aws_eks_addon",
      "name": "this",
      "provider": "provider[\"registry.terraform.io/hashicorp/aws\"]",
      "instances": [
        {
          "index_key": "aws-ebs-csi-driver",
          "schema_version": 0,
          "attributes": {
            "addon_name": "aws-ebs-csi-driver",
            "addon_version": "v1.19.0-eksbuild.1",
            "arn": "arn:aws:eks:us-east-2:897196112581:addon/cometeks/aws-ebs-csi-driver/bac43be1-3f62-979e-a420-5cb9f8e4607c",
            "cluster_name": "cometeks",
            "configuration_values": "",
            "created_at": "2023-06-01T16:20:15Z",
            "id": "cometeks:aws-ebs-csi-driver",
            "modified_at": "2023-06-01T16:20:59Z",
            "preserve": null,
            "resolve_conflicts": "OVERWRITE",
            "service_account_role_arn": "arn:aws:iam::897196112581:role/AmazonEKSTFEBSCSIRole-cometeks",
            "tags": {
              "Environment": "dev",
              "Terraform_Managed": "true"
            },
            "tags_all": {
              "Environment": "dev",
              "Terraform_Managed": "true"
            },
            "timeouts": {
              "create": null,
              "delete": null,
              "update": null
            }
          },
          "sensitive_attributes": [],
          "private": "eyJlMmJmYjczMC1lY2FhLTExZTYtOGY4OC0zNDM2M2JjN2M0YzAiOnsiY3JlYXRlIjoxMjAwMDAwMDAwMDAwLCJkZWxldGUiOjI0MDAwMDAwMDAwMDAsInVwZGF0ZSI6MTIwMDAwMDAwMDAwMH19",
          "dependencies": [
            "data.aws_availability_zones.available",
            "module.eks_deployment.module.eks.aws_cloudwatch_log_group.this",
            "module.eks_deployment.module.eks.aws_eks_cluster.this",
            "module.eks_deployment.module.eks.aws_iam_policy.cni_ipv6_policy",
            "module.eks_deployment.module.eks.aws_iam_role.this",
            "module.eks_deployment.module.eks.aws_iam_role_policy_attachment.this",
            "module.eks_deployment.module.eks.aws_security_group.cluster",
            "module.eks_deployment.module.eks.aws_security_group.node",
            "module.eks_deployment.module.eks.aws_security_group_rule.cluster",
            "module.eks_deployment.module.eks.aws_security_group_rule.node",
            "module.eks_deployment.module.eks.data.aws_caller_identity.current",
            "module.eks_deployment.module.eks.data.aws_eks_addon_version.this",
            "module.eks_deployment.module.eks.data.aws_iam_policy_document.assume_role_policy",
            "module.eks_deployment.module.eks.data.aws_iam_policy_document.cni_ipv6_policy",
            "module.eks_deployment.module.eks.data.aws_iam_session_context.current",
            "module.eks_deployment.module.eks.data.aws_partition.current",
            "module.eks_deployment.module.eks.module.eks_managed_node_group.aws_autoscaling_schedule.this",
            "module.eks_deployment.module.eks.module.eks_managed_node_group.aws_eks_node_group.this",
            "module.eks_deployment.module.eks.module.eks_managed_node_group.aws_iam_role.this",
            "module.eks_deployment.module.eks.module.eks_managed_node_group.aws_iam_role_policy_attachment.additional",
            "module.eks_deployment.module.eks.module.eks_managed_node_group.aws_iam_role_policy_attachment.this",
            "module.eks_deployment.module.eks.module.eks_managed_node_group.aws_launch_template.this",
            "module.eks_deployment.module.eks.module.eks_managed_node_group.data.aws_caller_identity.current",
            "module.eks_deployment.module.eks.module.eks_managed_node_group.data.aws_iam_policy_document.assume_role_policy",
            "module.eks_deployment.module.eks.module.eks_managed_node_group.data.aws_partition.current",
            "module.eks_deployment.module.eks.module.eks_managed_node_group.module.user_data.data.cloudinit_config.linux_eks_managed_node_group",
            "module.eks_deployment.module.eks.module.fargate_profile.aws_eks_fargate_profile.this",
            "module.eks_deployment.module.eks.module.fargate_profile.aws_iam_role.this",
            "module.eks_deployment.module.eks.module.fargate_profile.aws_iam_role_policy_attachment.additional",
            "module.eks_deployment.module.eks.module.fargate_profile.aws_iam_role_policy_attachment.this",
            "module.eks_deployment.module.eks.module.fargate_profile.data.aws_caller_identity.current",
            "module.eks_deployment.module.eks.module.fargate_profile.data.aws_iam_policy_document.assume_role_policy",
            "module.eks_deployment.module.eks.module.fargate_profile.data.aws_partition.current",
            "module.eks_deployment.module.eks.module.kms.aws_kms_external_key.this",
            "module.eks_deployment.module.eks.module.kms.aws_kms_key.this",
            "module.eks_deployment.module.eks.module.kms.data.aws_caller_identity.current",
            "module.eks_deployment.module.eks.module.kms.data.aws_iam_policy_document.this",
            "module.eks_deployment.module.eks.module.kms.data.aws_partition.current",
            "module.eks_deployment.module.eks.module.self_managed_node_group.aws_autoscaling_group.this",
            "module.eks_deployment.module.eks.module.self_managed_node_group.aws_autoscaling_schedule.this",
            "module.eks_deployment.module.eks.module.self_managed_node_group.aws_iam_instance_profile.this",
            "module.eks_deployment.module.eks.module.self_managed_node_group.aws_iam_role.this",
            "module.eks_deployment.module.eks.module.self_managed_node_group.aws_iam_role_policy_attachment.additional",
            "module.eks_deployment.module.eks.module.self_managed_node_group.aws_iam_role_policy_attachment.this",
            "module.eks_deployment.module.eks.module.self_managed_node_group.aws_launch_template.this",
            "module.eks_deployment.module.eks.module.self_managed_node_group.data.aws_ami.eks_default",
            "module.eks_deployment.module.eks.module.self_managed_node_group.data.aws_caller_identity.current",
            "module.eks_deployment.module.eks.module.self_managed_node_group.data.aws_iam_policy_document.assume_role_policy",
            "module.eks_deployment.module.eks.module.self_managed_node_group.data.aws_partition.current",
            "module.eks_deployment.module.eks.module.self_managed_node_group.module.user_data.data.cloudinit_config.linux_eks_managed_node_group",
            "module.eks_deployment.module.eks.time_sleep.this",
            "module.eks_deployment.module.irsa-ebs-csi.aws_iam_role.this",
            "module.eks_deployment.module.irsa-ebs-csi.data.aws_caller_identity.current",
            "module.eks_deployment.module.irsa-ebs-csi.data.aws_iam_policy_document.assume_role_with_oidc",
            "module.eks_deployment.module.irsa-ebs-csi.data.aws_partition.current",
            "module.vpc.aws_subnet.private",
            "module.vpc.aws_vpc.this",
            "module.vpc.aws_vpc_ipv4_cidr_block_association.this"
          ]
        },
        {
          "index_key": "coredns",
          "schema_version": 0,
          "attributes": {
            "addon_name": "coredns",
            "addon_version": "v1.8.7-eksbuild.3",
            "arn": "arn:aws:eks:us-east-2:897196112581:addon/cometeks/coredns/60c43be1-3f6c-e9f4-4cae-fafb3bf75c86",
            "cluster_name": "cometeks",
            "configuration_values": "",
            "created_at": "2023-06-01T16:20:15Z",
            "id": "cometeks:coredns",
            "modified_at": "2023-06-01T16:20:23Z",
            "preserve": null,
            "resolve_conflicts": "OVERWRITE",
            "service_account_role_arn": "",
            "tags": {
              "Environment": "dev",
              "Terraform_Managed": "true"
            },
            "tags_all": {
              "Environment": "dev",
              "Terraform_Managed": "true"
            },
            "timeouts": {
              "create": null,
              "delete": null,
              "update": null
            }
          },
          "sensitive_attributes": [],
          "private": "eyJlMmJmYjczMC1lY2FhLTExZTYtOGY4OC0zNDM2M2JjN2M0YzAiOnsiY3JlYXRlIjoxMjAwMDAwMDAwMDAwLCJkZWxldGUiOjI0MDAwMDAwMDAwMDAsInVwZGF0ZSI6MTIwMDAwMDAwMDAwMH19",
          "dependencies": [
            "data.aws_availability_zones.available",
            "module.eks_deployment.module.eks.aws_cloudwatch_log_group.this",
            "module.eks_deployment.module.eks.aws_eks_cluster.this",
            "module.eks_deployment.module.eks.aws_iam_policy.cni_ipv6_policy",
            "module.eks_deployment.module.eks.aws_iam_role.this",
            "module.eks_deployment.module.eks.aws_iam_role_policy_attachment.this",
            "module.eks_deployment.module.eks.aws_security_group.cluster",
            "module.eks_deployment.module.eks.aws_security_group.node",
            "module.eks_deployment.module.eks.aws_security_group_rule.cluster",
            "module.eks_deployment.module.eks.aws_security_group_rule.node",
            "module.eks_deployment.module.eks.data.aws_caller_identity.current",
            "module.eks_deployment.module.eks.data.aws_eks_addon_version.this",
            "module.eks_deployment.module.eks.data.aws_iam_policy_document.assume_role_policy",
            "module.eks_deployment.module.eks.data.aws_iam_policy_document.cni_ipv6_policy",
            "module.eks_deployment.module.eks.data.aws_iam_session_context.current",
            "module.eks_deployment.module.eks.data.aws_partition.current",
            "module.eks_deployment.module.eks.module.eks_managed_node_group.aws_autoscaling_schedule.this",
            "module.eks_deployment.module.eks.module.eks_managed_node_group.aws_eks_node_group.this",
            "module.eks_deployment.module.eks.module.eks_managed_node_group.aws_iam_role.this",
            "module.eks_deployment.module.eks.module.eks_managed_node_group.aws_iam_role_policy_attachment.additional",
            "module.eks_deployment.module.eks.module.eks_managed_node_group.aws_iam_role_policy_attachment.this",
            "module.eks_deployment.module.eks.module.eks_managed_node_group.aws_launch_template.this",
            "module.eks_deployment.module.eks.module.eks_managed_node_group.data.aws_caller_identity.current",
            "module.eks_deployment.module.eks.module.eks_managed_node_group.data.aws_iam_policy_document.assume_role_policy",
            "module.eks_deployment.module.eks.module.eks_managed_node_group.data.aws_partition.current",
            "module.eks_deployment.module.eks.module.eks_managed_node_group.module.user_data.data.cloudinit_config.linux_eks_managed_node_group",
            "module.eks_deployment.module.eks.module.fargate_profile.aws_eks_fargate_profile.this",
            "module.eks_deployment.module.eks.module.fargate_profile.aws_iam_role.this",
            "module.eks_deployment.module.eks.module.fargate_profile.aws_iam_role_policy_attachment.additional",
            "module.eks_deployment.module.eks.module.fargate_profile.aws_iam_role_policy_attachment.this",
            "module.eks_deployment.module.eks.module.fargate_profile.data.aws_caller_identity.current",
            "module.eks_deployment.module.eks.module.fargate_profile.data.aws_iam_policy_document.assume_role_policy",
            "module.eks_deployment.module.eks.module.fargate_profile.data.aws_partition.current",
            "module.eks_deployment.module.eks.module.kms.aws_kms_external_key.this",
            "module.eks_deployment.module.eks.module.kms.aws_kms_key.this",
            "module.eks_deployment.module.eks.module.kms.data.aws_caller_identity.current",
            "module.eks_deployment.module.eks.module.kms.data.aws_iam_policy_document.this",
            "module.eks_deployment.module.eks.module.kms.data.aws_partition.current",
            "module.eks_deployment.module.eks.module.self_managed_node_group.aws_autoscaling_group.this",
            "module.eks_deployment.module.eks.module.self_managed_node_group.aws_autoscaling_schedule.this",
            "module.eks_deployment.module.eks.module.self_managed_node_group.aws_iam_instance_profile.this",
            "module.eks_deployment.module.eks.module.self_managed_node_group.aws_iam_role.this",
            "module.eks_deployment.module.eks.module.self_managed_node_group.aws_iam_role_policy_attachment.additional",
            "module.eks_deployment.module.eks.module.self_managed_node_group.aws_iam_role_policy_attachment.this",
            "module.eks_deployment.module.eks.module.self_managed_node_group.aws_launch_template.this",
            "module.eks_deployment.module.eks.module.self_managed_node_group.data.aws_ami.eks_default",
            "module.eks_deployment.module.eks.module.self_managed_node_group.data.aws_caller_identity.current",
            "module.eks_deployment.module.eks.module.self_managed_node_group.data.aws_iam_policy_document.assume_role_policy",
            "module.eks_deployment.module.eks.module.self_managed_node_group.data.aws_partition.current",
            "module.eks_deployment.module.eks.module.self_managed_node_group.module.user_data.data.cloudinit_config.linux_eks_managed_node_group",
            "module.eks_deployment.module.eks.time_sleep.this",
            "module.eks_deployment.module.irsa-ebs-csi.aws_iam_role.this",
            "module.eks_deployment.module.irsa-ebs-csi.data.aws_caller_identity.current",
            "module.eks_deployment.module.irsa-ebs-csi.data.aws_iam_policy_document.assume_role_with_oidc",
            "module.eks_deployment.module.irsa-ebs-csi.data.aws_partition.current",
            "module.vpc.aws_subnet.private",
            "module.vpc.aws_vpc.this",
            "module.vpc.aws_vpc_ipv4_cidr_block_association.this"
          ]
        },
        {
          "index_key": "kube-proxy",
          "schema_version": 0,
          "attributes": {
            "addon_name": "kube-proxy",
            "addon_version": "v1.24.7-eksbuild.2",
            "arn": "arn:aws:eks:us-east-2:897196112581:addon/cometeks/kube-proxy/7ac43be1-3f6e-ee94-8cc3-1d87fdad589d",
            "cluster_name": "cometeks",
            "configuration_values": "",
            "created_at": "2023-06-01T16:20:15Z",
            "id": "cometeks:kube-proxy",
            "modified_at": "2023-06-01T16:20:17Z",
            "preserve": null,
            "resolve_conflicts": "OVERWRITE",
            "service_account_role_arn": "",
            "tags": {
              "Environment": "dev",
              "Terraform_Managed": "true"
            },
            "tags_all": {
              "Environment": "dev",
              "Terraform_Managed": "true"
            },
            "timeouts": {
              "create": null,
              "delete": null,
              "update": null
            }
          },
          "sensitive_attributes": [],
          "private": "eyJlMmJmYjczMC1lY2FhLTExZTYtOGY4OC0zNDM2M2JjN2M0YzAiOnsiY3JlYXRlIjoxMjAwMDAwMDAwMDAwLCJkZWxldGUiOjI0MDAwMDAwMDAwMDAsInVwZGF0ZSI6MTIwMDAwMDAwMDAwMH19",
          "dependencies": [
            "data.aws_availability_zones.available",
            "module.eks_deployment.module.eks.aws_cloudwatch_log_group.this",
            "module.eks_deployment.module.eks.aws_eks_cluster.this",
            "module.eks_deployment.module.eks.aws_iam_policy.cni_ipv6_policy",
            "module.eks_deployment.module.eks.aws_iam_role.this",
            "module.eks_deployment.module.eks.aws_iam_role_policy_attachment.this",
            "module.eks_deployment.module.eks.aws_security_group.cluster",
            "module.eks_deployment.module.eks.aws_security_group.node",
            "module.eks_deployment.module.eks.aws_security_group_rule.cluster",
            "module.eks_deployment.module.eks.aws_security_group_rule.node",
            "module.eks_deployment.module.eks.data.aws_caller_identity.current",
            "module.eks_deployment.module.eks.data.aws_eks_addon_version.this",
            "module.eks_deployment.module.eks.data.aws_iam_policy_document.assume_role_policy",
            "module.eks_deployment.module.eks.data.aws_iam_policy_document.cni_ipv6_policy",
            "module.eks_deployment.module.eks.data.aws_iam_session_context.current",
            "module.eks_deployment.module.eks.data.aws_partition.current",
            "module.eks_deployment.module.eks.module.eks_managed_node_group.aws_autoscaling_schedule.this",
            "module.eks_deployment.module.eks.module.eks_managed_node_group.aws_eks_node_group.this",
            "module.eks_deployment.module.eks.module.eks_managed_node_group.aws_iam_role.this",
            "module.eks_deployment.module.eks.module.eks_managed_node_group.aws_iam_role_policy_attachment.additional",
            "module.eks_deployment.module.eks.module.eks_managed_node_group.aws_iam_role_policy_attachment.this",
            "module.eks_deployment.module.eks.module.eks_managed_node_group.aws_launch_template.this",
            "module.eks_deployment.module.eks.module.eks_managed_node_group.data.aws_caller_identity.current",
            "module.eks_deployment.module.eks.module.eks_managed_node_group.data.aws_iam_policy_document.assume_role_policy",
            "module.eks_deployment.module.eks.module.eks_managed_node_group.data.aws_partition.current",
            "module.eks_deployment.module.eks.module.eks_managed_node_group.module.user_data.data.cloudinit_config.linux_eks_managed_node_group",
            "module.eks_deployment.module.eks.module.fargate_profile.aws_eks_fargate_profile.this",
            "module.eks_deployment.module.eks.module.fargate_profile.aws_iam_role.this",
            "module.eks_deployment.module.eks.module.fargate_profile.aws_iam_role_policy_attachment.additional",
            "module.eks_deployment.module.eks.module.fargate_profile.aws_iam_role_policy_attachment.this",
            "module.eks_deployment.module.eks.module.fargate_profile.data.aws_caller_identity.current",
            "module.eks_deployment.module.eks.module.fargate_profile.data.aws_iam_policy_document.assume_role_policy",
            "module.eks_deployment.module.eks.module.fargate_profile.data.aws_partition.current",
            "module.eks_deployment.module.eks.module.kms.aws_kms_external_key.this",
            "module.eks_deployment.module.eks.module.kms.aws_kms_key.this",
            "module.eks_deployment.module.eks.module.kms.data.aws_caller_identity.current",
            "module.eks_deployment.module.eks.module.kms.data.aws_iam_policy_document.this",
            "module.eks_deployment.module.eks.module.kms.data.aws_partition.current",
            "module.eks_deployment.module.eks.module.self_managed_node_group.aws_autoscaling_group.this",
            "module.eks_deployment.module.eks.module.self_managed_node_group.aws_autoscaling_schedule.this",
            "module.eks_deployment.module.eks.module.self_managed_node_group.aws_iam_instance_profile.this",
            "module.eks_deployment.module.eks.module.self_managed_node_group.aws_iam_role.this",
            "module.eks_deployment.module.eks.module.self_managed_node_group.aws_iam_role_policy_attachment.additional",
            "module.eks_deployment.module.eks.module.self_managed_node_group.aws_iam_role_policy_attachment.this",
            "module.eks_deployment.module.eks.module.self_managed_node_group.aws_launch_template.this",
            "module.eks_deployment.module.eks.module.self_managed_node_group.data.aws_ami.eks_default",
            "module.eks_deployment.module.eks.module.self_managed_node_group.data.aws_caller_identity.current",
            "module.eks_deployment.module.eks.module.self_managed_node_group.data.aws_iam_policy_document.assume_role_policy",
            "module.eks_deployment.module.eks.module.self_managed_node_group.data.aws_partition.current",
            "module.eks_deployment.module.eks.module.self_managed_node_group.module.user_data.data.cloudinit_config.linux_eks_managed_node_group",
            "module.eks_deployment.module.eks.time_sleep.this",
            "module.eks_deployment.module.irsa-ebs-csi.aws_iam_role.this",
            "module.eks_deployment.module.irsa-ebs-csi.data.aws_caller_identity.current",
            "module.eks_deployment.module.irsa-ebs-csi.data.aws_iam_policy_document.assume_role_with_oidc",
            "module.eks_deployment.module.irsa-ebs-csi.data.aws_partition.current",
            "module.vpc.aws_subnet.private",
            "module.vpc.aws_vpc.this",
            "module.vpc.aws_vpc_ipv4_cidr_block_association.this"
          ]
        }
      ]
    },
    {
      "module": "module.eks_deployment[0].module.eks",
      "mode": "managed",
      "type": "aws_eks_cluster",
      "name": "this",
      "provider": "provider[\"registry.terraform.io/hashicorp/aws\"]",
      "instances": [
        {
          "index_key": 0,
          "schema_version": 0,
          "attributes": {
            "arn": "arn:aws:eks:us-east-2:897196112581:cluster/cometeks",
            "certificate_authority": [
              {
                "data": "LS0tLS1CRUdJTiBDRVJUSUZJQ0FURS0tLS0tCk1JSUMvakNDQWVhZ0F3SUJBZ0lCQURBTkJna3Foa2lHOXcwQkFRc0ZBREFWTVJNd0VRWURWUVFERXdwcmRXSmwKY201bGRHVnpNQjRYRFRJek1EWXdNVEUyTVRRek5Gb1hEVE16TURVeU9URTJNVFF6TkZvd0ZURVRNQkVHQTFVRQpBeE1LYTNWaVpYSnVaWFJsY3pDQ0FTSXdEUVlKS29aSWh2Y05BUUVCQlFBRGdnRVBBRENDQVFvQ2dnRUJBT0ltCjE1d013R08rcWRKMVBPRGlJU1psYTVEcERwZXhQWXp4Y3hRSkMvaG9PRW40TUV1cWZtWGZrVTR0SHZKVTRyMkkKT28xTkJlMHhEOTliLzQ5ZnBnMjRTVnZmZG5uSC9TNnE1M2pVSTd5QkRTKzg5cXI5Ukd2ZXJMOVFna2pheTFVOQprdjdXQTM5TVkyWFdZS0JSTm9VVCtuejRlRmtzT3ErWUEyc3BzVzdPM3dhUlJsT3ZmTnN5WGpTcnNGVmlHbWorClVMN3dvVG03RTBsZ28rMVIzUmVjN05EcXJGVU56TTFGVHhyQlV2MmcrUHhISUo0d05nQ2VieUZxZTJGNkpQNEoKWWxQT3ZLUHFvWnNlVWNrMFlQWjl1K0lCdzBBVEJwbGI1R1VtWm5rT1RRdDJ0RjBGZHlwUmFEajVpdmlKUFNuNwpCcmEyakJrZ2F3SDRPclNEbzdjQ0F3RUFBYU5aTUZjd0RnWURWUjBQQVFIL0JBUURBZ0trTUE4R0ExVWRFd0VCCi93UUZNQU1CQWY4d0hRWURWUjBPQkJZRUZJWTBDVElTWUQxMWJzMzVKZEhXa0YvWWVTODJNQlVHQTFVZEVRUU8KTUF5Q0NtdDFZbVZ5Ym1WMFpYTXdEUVlKS29aSWh2Y05BUUVMQlFBRGdnRUJBTllvQkpwQzZ5c1htakQrejZYcApRZUFTZVVwakxQU3dLcXh0UFRQazF5TEI2R0N5N2JlNzZzZ1UrczRka1l2ZlRxVVVHWExINHU5ZjRNVmR1S01wCjcrVWZhckQyWU02dDhKUUVZUHNhbDB6ckhaaEV3QXdzOVFmRHpiRlAzSjVyV2FFS3BJZ0o4YWY3MTZtUmt6cVEKU0NYUFVEeE5GTHI1Myt2R3p3RVBBcGhDRXhtbEo3OEYzblp3MHBlZ0RraEtEdk5keExJWTk3cmZXYW14QzFnMQpJYk9SeGF2cU1USENKMGRIQUZsTDcxbDY3T0JkZi9zUUdZYytpZVBleS9pRTYvNUpmMEpUaGQySlo4UEtpNit1Ck55cXJNM2RKVEljMmQxVkZDWE80d1dOUlF0NjRoeGM1S1lMY2JISG01RXJEdzVaNTdPa3RIcXNyZ1l2VVhKcnMKQkJzPQotLS0tLUVORCBDRVJUSUZJQ0FURS0tLS0tCg=="
              }
            ],
            "cluster_id": null,
            "created_at": "2023-06-01 16:09:46.298 +0000 UTC",
            "enabled_cluster_log_types": [
              "api",
              "audit",
              "authenticator"
            ],
            "encryption_config": [
              {
                "provider": [
                  {
                    "key_arn": "arn:aws:kms:us-east-2:897196112581:key/811170c2-3eea-4e4c-8e1a-b1b95ba31c6b"
                  }
                ],
                "resources": [
                  "secrets"
                ]
              }
            ],
            "endpoint": "https://7F69405B2291B70E8757F49C968147D4.gr7.us-east-2.eks.amazonaws.com",
            "id": "cometeks",
            "identity": [
              {
                "oidc": [
                  {
                    "issuer": "https://oidc.eks.us-east-2.amazonaws.com/id/7F69405B2291B70E8757F49C968147D4"
                  }
                ]
              }
            ],
            "kubernetes_network_config": [
              {
                "ip_family": "ipv4",
                "service_ipv4_cidr": "172.20.0.0/16",
                "service_ipv6_cidr": ""
              }
            ],
            "name": "cometeks",
            "outpost_config": [],
            "platform_version": "eks.6",
            "role_arn": "arn:aws:iam::897196112581:role/cometeks-cluster-20230601160920863900000002",
            "status": "ACTIVE",
            "tags": {
              "Environment": "dev",
              "Terraform_Managed": "true"
            },
            "tags_all": {
              "Environment": "dev",
              "Terraform_Managed": "true"
            },
            "timeouts": {
              "create": null,
              "delete": null,
              "update": null
            },
            "version": "1.24",
            "vpc_config": [
              {
                "cluster_security_group_id": "sg-0d4a9d9ff27aba58e",
                "endpoint_private_access": true,
                "endpoint_public_access": true,
                "public_access_cidrs": [
                  "0.0.0.0/0"
                ],
                "security_group_ids": [
                  "sg-01dd85e5f473d570e"
                ],
                "subnet_ids": [
                  "subnet-06f355ebac66a76bd",
                  "subnet-08a9ce5fe47a37e1b",
                  "subnet-0f1ce6c69d0e4a8e0"
                ],
                "vpc_id": "vpc-06ec6c6c2de9ee2bb"
              }
            ]
          },
          "sensitive_attributes": [],
          "private": "eyJlMmJmYjczMC1lY2FhLTExZTYtOGY4OC0zNDM2M2JjN2M0YzAiOnsiY3JlYXRlIjoxODAwMDAwMDAwMDAwLCJkZWxldGUiOjkwMDAwMDAwMDAwMCwidXBkYXRlIjozNjAwMDAwMDAwMDAwfX0=",
          "dependencies": [
            "data.aws_availability_zones.available",
            "module.eks_deployment.module.eks.aws_cloudwatch_log_group.this",
            "module.eks_deployment.module.eks.aws_iam_policy.cni_ipv6_policy",
            "module.eks_deployment.module.eks.aws_iam_role.this",
            "module.eks_deployment.module.eks.aws_iam_role_policy_attachment.this",
            "module.eks_deployment.module.eks.aws_security_group.cluster",
            "module.eks_deployment.module.eks.aws_security_group.node",
            "module.eks_deployment.module.eks.aws_security_group_rule.cluster",
            "module.eks_deployment.module.eks.aws_security_group_rule.node",
            "module.eks_deployment.module.eks.data.aws_caller_identity.current",
            "module.eks_deployment.module.eks.data.aws_iam_policy_document.assume_role_policy",
            "module.eks_deployment.module.eks.data.aws_iam_policy_document.cni_ipv6_policy",
            "module.eks_deployment.module.eks.data.aws_iam_session_context.current",
            "module.eks_deployment.module.eks.data.aws_partition.current",
            "module.eks_deployment.module.eks.module.kms.aws_kms_external_key.this",
            "module.eks_deployment.module.eks.module.kms.aws_kms_key.this",
            "module.eks_deployment.module.eks.module.kms.data.aws_caller_identity.current",
            "module.eks_deployment.module.eks.module.kms.data.aws_iam_policy_document.this",
            "module.eks_deployment.module.eks.module.kms.data.aws_partition.current",
            "module.vpc.aws_subnet.private",
            "module.vpc.aws_vpc.this",
            "module.vpc.aws_vpc_ipv4_cidr_block_association.this"
          ],
          "create_before_destroy": true
        }
      ]
    },
    {
      "module": "module.eks_deployment[0].module.eks",
      "mode": "managed",
      "type": "aws_iam_openid_connect_provider",
      "name": "oidc_provider",
      "provider": "provider[\"registry.terraform.io/hashicorp/aws\"]",
      "instances": [
        {
          "index_key": 0,
          "schema_version": 0,
          "attributes": {
            "arn": "arn:aws:iam::897196112581:oidc-provider/oidc.eks.us-east-2.amazonaws.com/id/7F69405B2291B70E8757F49C968147D4",
            "client_id_list": [
              "sts.amazonaws.com"
            ],
            "id": "arn:aws:iam::897196112581:oidc-provider/oidc.eks.us-east-2.amazonaws.com/id/7F69405B2291B70E8757F49C968147D4",
            "tags": {
              "Environment": "dev",
              "Name": "cometeks-eks-irsa",
              "Terraform_Managed": "true"
            },
            "tags_all": {
              "Environment": "dev",
              "Name": "cometeks-eks-irsa",
              "Terraform_Managed": "true"
            },
            "thumbprint_list": [
              "9e99a48a9960b14926bb7f3b02e22da2b0ab7280",
              "06b25927c42a721631c1efd9431e648fa62e1e39",
              "414a2060b738c635cc7fc243e052615592830c53",
              "50879ea7f7c29dd615269e559fb061b46bdd3dbe"
            ],
            "url": "oidc.eks.us-east-2.amazonaws.com/id/7F69405B2291B70E8757F49C968147D4"
          },
          "sensitive_attributes": [],
          "private": "bnVsbA==",
          "dependencies": [
            "data.aws_availability_zones.available",
            "module.eks_deployment.module.eks.aws_cloudwatch_log_group.this",
            "module.eks_deployment.module.eks.aws_eks_cluster.this",
            "module.eks_deployment.module.eks.aws_iam_policy.cni_ipv6_policy",
            "module.eks_deployment.module.eks.aws_iam_role.this",
            "module.eks_deployment.module.eks.aws_iam_role_policy_attachment.this",
            "module.eks_deployment.module.eks.aws_security_group.cluster",
            "module.eks_deployment.module.eks.aws_security_group.node",
            "module.eks_deployment.module.eks.aws_security_group_rule.cluster",
            "module.eks_deployment.module.eks.aws_security_group_rule.node",
            "module.eks_deployment.module.eks.data.aws_caller_identity.current",
            "module.eks_deployment.module.eks.data.aws_iam_policy_document.assume_role_policy",
            "module.eks_deployment.module.eks.data.aws_iam_policy_document.cni_ipv6_policy",
            "module.eks_deployment.module.eks.data.aws_iam_session_context.current",
            "module.eks_deployment.module.eks.data.aws_partition.current",
            "module.eks_deployment.module.eks.data.tls_certificate.this",
            "module.eks_deployment.module.eks.module.kms.aws_kms_external_key.this",
            "module.eks_deployment.module.eks.module.kms.aws_kms_key.this",
            "module.eks_deployment.module.eks.module.kms.data.aws_caller_identity.current",
            "module.eks_deployment.module.eks.module.kms.data.aws_iam_policy_document.this",
            "module.eks_deployment.module.eks.module.kms.data.aws_partition.current",
            "module.vpc.aws_subnet.private",
            "module.vpc.aws_vpc.this",
            "module.vpc.aws_vpc_ipv4_cidr_block_association.this"
          ]
        }
      ]
    },
    {
      "module": "module.eks_deployment[0].module.eks",
      "mode": "managed",
      "type": "aws_iam_policy",
      "name": "cluster_encryption",
      "provider": "provider[\"registry.terraform.io/hashicorp/aws\"]",
      "instances": [
        {
          "index_key": 0,
          "schema_version": 0,
          "attributes": {
            "arn": "arn:aws:iam::897196112581:policy/cometeks-cluster-ClusterEncryption2023060116094488100000000c",
            "description": "Cluster encryption policy to allow cluster role to utilize CMK provided",
            "id": "arn:aws:iam::897196112581:policy/cometeks-cluster-ClusterEncryption2023060116094488100000000c",
            "name": "cometeks-cluster-ClusterEncryption2023060116094488100000000c",
            "name_prefix": "cometeks-cluster-ClusterEncryption",
            "path": "/",
            "policy": "{\"Statement\":[{\"Action\":[\"kms:Encrypt\",\"kms:Decrypt\",\"kms:ListGrants\",\"kms:DescribeKey\"],\"Effect\":\"Allow\",\"Resource\":\"arn:aws:kms:us-east-2:897196112581:key/811170c2-3eea-4e4c-8e1a-b1b95ba31c6b\"}],\"Version\":\"2012-10-17\"}",
            "policy_id": "ANPA5BZIOHLCQARK6Z2GU",
            "tags": {
              "Environment": "dev",
              "Terraform_Managed": "true"
            },
            "tags_all": {
              "Environment": "dev",
              "Terraform_Managed": "true"
            }
          },
          "sensitive_attributes": [],
          "private": "bnVsbA==",
          "dependencies": [
            "module.eks_deployment.module.eks.aws_iam_role.this",
            "module.eks_deployment.module.eks.data.aws_caller_identity.current",
            "module.eks_deployment.module.eks.data.aws_iam_policy_document.assume_role_policy",
            "module.eks_deployment.module.eks.data.aws_iam_session_context.current",
            "module.eks_deployment.module.eks.data.aws_partition.current",
            "module.eks_deployment.module.eks.module.kms.aws_kms_external_key.this",
            "module.eks_deployment.module.eks.module.kms.aws_kms_key.this",
            "module.eks_deployment.module.eks.module.kms.data.aws_caller_identity.current",
            "module.eks_deployment.module.eks.module.kms.data.aws_iam_policy_document.this",
            "module.eks_deployment.module.eks.module.kms.data.aws_partition.current"
          ]
        }
      ]
    },
    {
      "module": "module.eks_deployment[0].module.eks",
      "mode": "managed",
      "type": "aws_iam_role",
      "name": "this",
      "provider": "provider[\"registry.terraform.io/hashicorp/aws\"]",
      "instances": [
        {
          "index_key": 0,
          "schema_version": 0,
          "attributes": {
            "arn": "arn:aws:iam::897196112581:role/cometeks-cluster-20230601160920863900000002",
            "assume_role_policy": "{\"Statement\":[{\"Action\":\"sts:AssumeRole\",\"Effect\":\"Allow\",\"Principal\":{\"Service\":\"eks.amazonaws.com\"},\"Sid\":\"EKSClusterAssumeRole\"}],\"Version\":\"2012-10-17\"}",
            "create_date": "2023-06-01T16:09:21Z",
            "description": "",
            "force_detach_policies": true,
            "id": "cometeks-cluster-20230601160920863900000002",
            "inline_policy": [
              {
                "name": "cometeks-cluster",
                "policy": "{\"Version\":\"2012-10-17\",\"Statement\":[{\"Action\":[\"logs:CreateLogGroup\"],\"Effect\":\"Deny\",\"Resource\":\"*\"}]}"
              }
            ],
            "managed_policy_arns": [
              "arn:aws:iam::897196112581:policy/cometeks-cluster-ClusterEncryption2023060116094488100000000c",
              "arn:aws:iam::aws:policy/AmazonEKSClusterPolicy",
              "arn:aws:iam::aws:policy/AmazonEKSVPCResourceController"
            ],
            "max_session_duration": 3600,
            "name": "cometeks-cluster-20230601160920863900000002",
            "name_prefix": "cometeks-cluster-",
            "path": "/",
            "permissions_boundary": null,
            "role_last_used": [
              {
                "last_used_date": "2023-06-01T19:45:39Z",
                "region": "us-east-2"
              }
            ],
            "tags": {
              "Environment": "dev",
              "Terraform_Managed": "true"
            },
            "tags_all": {
              "Environment": "dev",
              "Terraform_Managed": "true"
            },
            "unique_id": "AROA5BZIOHLC3IZTAUCGV"
          },
          "sensitive_attributes": [],
          "private": "bnVsbA==",
          "dependencies": [
            "module.eks_deployment.module.eks.data.aws_iam_policy_document.assume_role_policy",
            "module.eks_deployment.module.eks.data.aws_partition.current"
          ],
          "create_before_destroy": true
        }
      ]
    },
    {
      "module": "module.eks_deployment[0].module.eks",
      "mode": "managed",
      "type": "aws_iam_role_policy_attachment",
      "name": "cluster_encryption",
      "provider": "provider[\"registry.terraform.io/hashicorp/aws\"]",
      "instances": [
        {
          "index_key": 0,
          "schema_version": 0,
          "attributes": {
            "id": "cometeks-cluster-20230601160920863900000002-2023060116094538100000000d",
            "policy_arn": "arn:aws:iam::897196112581:policy/cometeks-cluster-ClusterEncryption2023060116094488100000000c",
            "role": "cometeks-cluster-20230601160920863900000002"
          },
          "sensitive_attributes": [],
          "private": "bnVsbA==",
          "dependencies": [
            "module.eks_deployment.module.eks.aws_iam_policy.cluster_encryption",
            "module.eks_deployment.module.eks.aws_iam_role.this",
            "module.eks_deployment.module.eks.data.aws_caller_identity.current",
            "module.eks_deployment.module.eks.data.aws_iam_policy_document.assume_role_policy",
            "module.eks_deployment.module.eks.data.aws_iam_session_context.current",
            "module.eks_deployment.module.eks.data.aws_partition.current",
            "module.eks_deployment.module.eks.module.kms.aws_kms_external_key.this",
            "module.eks_deployment.module.eks.module.kms.aws_kms_key.this",
            "module.eks_deployment.module.eks.module.kms.data.aws_caller_identity.current",
            "module.eks_deployment.module.eks.module.kms.data.aws_iam_policy_document.this",
            "module.eks_deployment.module.eks.module.kms.data.aws_partition.current"
          ]
        }
      ]
    },
    {
      "module": "module.eks_deployment[0].module.eks",
      "mode": "managed",
      "type": "aws_iam_role_policy_attachment",
      "name": "this",
      "provider": "provider[\"registry.terraform.io/hashicorp/aws\"]",
      "instances": [
        {
          "index_key": "AmazonEKSClusterPolicy",
          "schema_version": 0,
          "attributes": {
            "id": "cometeks-cluster-20230601160920863900000002-20230601160922065700000008",
            "policy_arn": "arn:aws:iam::aws:policy/AmazonEKSClusterPolicy",
            "role": "cometeks-cluster-20230601160920863900000002"
          },
          "sensitive_attributes": [],
          "private": "bnVsbA==",
          "dependencies": [
            "module.eks_deployment.module.eks.aws_iam_role.this",
            "module.eks_deployment.module.eks.data.aws_iam_policy_document.assume_role_policy",
            "module.eks_deployment.module.eks.data.aws_partition.current"
          ],
          "create_before_destroy": true
        },
        {
          "index_key": "AmazonEKSVPCResourceController",
          "schema_version": 0,
          "attributes": {
            "id": "cometeks-cluster-20230601160920863900000002-20230601160922065500000007",
            "policy_arn": "arn:aws:iam::aws:policy/AmazonEKSVPCResourceController",
            "role": "cometeks-cluster-20230601160920863900000002"
          },
          "sensitive_attributes": [],
          "private": "bnVsbA==",
          "dependencies": [
            "module.eks_deployment.module.eks.aws_iam_role.this",
            "module.eks_deployment.module.eks.data.aws_iam_policy_document.assume_role_policy",
            "module.eks_deployment.module.eks.data.aws_partition.current"
          ],
          "create_before_destroy": true
        }
      ]
    },
    {
      "module": "module.eks_deployment[0].module.eks",
      "mode": "managed",
      "type": "aws_security_group",
      "name": "cluster",
      "provider": "provider[\"registry.terraform.io/hashicorp/aws\"]",
      "instances": [
        {
          "index_key": 0,
          "schema_version": 1,
          "attributes": {
            "arn": "arn:aws:ec2:us-east-2:897196112581:security-group/sg-01dd85e5f473d570e",
            "description": "EKS cluster security group",
            "egress": [],
            "id": "sg-01dd85e5f473d570e",
            "ingress": [
              {
                "cidr_blocks": [],
                "description": "Node groups to cluster API",
                "from_port": 443,
                "ipv6_cidr_blocks": [],
                "prefix_list_ids": [],
                "protocol": "tcp",
                "security_groups": [
                  "sg-0a57b4fe84279e33c"
                ],
                "self": false,
                "to_port": 443
              }
            ],
            "name": "cometeks-cluster-20230601160934042400000009",
            "name_prefix": "cometeks-cluster-",
            "owner_id": "897196112581",
            "revoke_rules_on_delete": false,
            "tags": {
              "Environment": "dev",
              "Name": "cometeks-cluster",
              "Terraform_Managed": "true"
            },
            "tags_all": {
              "Environment": "dev",
              "Name": "cometeks-cluster",
              "Terraform_Managed": "true"
            },
            "timeouts": null,
            "vpc_id": "vpc-06ec6c6c2de9ee2bb"
          },
          "sensitive_attributes": [],
          "private": "eyJlMmJmYjczMC1lY2FhLTExZTYtOGY4OC0zNDM2M2JjN2M0YzAiOnsiY3JlYXRlIjo2MDAwMDAwMDAwMDAsImRlbGV0ZSI6OTAwMDAwMDAwMDAwfSwic2NoZW1hX3ZlcnNpb24iOiIxIn0=",
          "dependencies": [
            "module.vpc.aws_vpc.this"
          ],
          "create_before_destroy": true
        }
      ]
    },
    {
      "module": "module.eks_deployment[0].module.eks",
      "mode": "managed",
      "type": "aws_security_group",
      "name": "node",
      "provider": "provider[\"registry.terraform.io/hashicorp/aws\"]",
      "instances": [
        {
          "index_key": 0,
          "schema_version": 1,
          "attributes": {
            "arn": "arn:aws:ec2:us-east-2:897196112581:security-group/sg-0a57b4fe84279e33c",
            "description": "EKS node shared security group",
            "egress": [
              {
                "cidr_blocks": [
                  "0.0.0.0/0"
                ],
                "description": "Allow all egress",
                "from_port": 0,
                "ipv6_cidr_blocks": [],
                "prefix_list_ids": [],
                "protocol": "-1",
                "security_groups": [],
                "self": false,
                "to_port": 0
              }
            ],
            "id": "sg-0a57b4fe84279e33c",
            "ingress": [
              {
                "cidr_blocks": [],
                "description": "Cluster API to node 4443/tcp webhook",
                "from_port": 4443,
                "ipv6_cidr_blocks": [],
                "prefix_list_ids": [],
                "protocol": "tcp",
                "security_groups": [
                  "sg-01dd85e5f473d570e"
                ],
                "self": false,
                "to_port": 4443
              },
              {
                "cidr_blocks": [],
                "description": "Cluster API to node 6443/tcp webhook",
                "from_port": 6443,
                "ipv6_cidr_blocks": [],
                "prefix_list_ids": [],
                "protocol": "tcp",
                "security_groups": [
                  "sg-01dd85e5f473d570e"
                ],
                "self": false,
                "to_port": 6443
              },
              {
                "cidr_blocks": [],
                "description": "Cluster API to node 8443/tcp webhook",
                "from_port": 8443,
                "ipv6_cidr_blocks": [],
                "prefix_list_ids": [],
                "protocol": "tcp",
                "security_groups": [
                  "sg-01dd85e5f473d570e"
                ],
                "self": false,
                "to_port": 8443
              },
              {
                "cidr_blocks": [],
                "description": "Cluster API to node 9443/tcp webhook",
                "from_port": 9443,
                "ipv6_cidr_blocks": [],
                "prefix_list_ids": [],
                "protocol": "tcp",
                "security_groups": [
                  "sg-01dd85e5f473d570e"
                ],
                "self": false,
                "to_port": 9443
              },
              {
                "cidr_blocks": [],
                "description": "Cluster API to node groups",
                "from_port": 443,
                "ipv6_cidr_blocks": [],
                "prefix_list_ids": [],
                "protocol": "tcp",
                "security_groups": [
                  "sg-01dd85e5f473d570e"
                ],
                "self": false,
                "to_port": 443
              },
              {
                "cidr_blocks": [],
                "description": "Cluster API to node kubelets",
                "from_port": 10250,
                "ipv6_cidr_blocks": [],
                "prefix_list_ids": [],
                "protocol": "tcp",
                "security_groups": [
                  "sg-01dd85e5f473d570e"
                ],
                "self": false,
                "to_port": 10250
              },
              {
                "cidr_blocks": [],
                "description": "Node to node CoreDNS UDP",
                "from_port": 53,
                "ipv6_cidr_blocks": [],
                "prefix_list_ids": [],
                "protocol": "udp",
                "security_groups": [],
                "self": true,
                "to_port": 53
              },
              {
                "cidr_blocks": [],
                "description": "Node to node CoreDNS",
                "from_port": 53,
                "ipv6_cidr_blocks": [],
                "prefix_list_ids": [],
                "protocol": "tcp",
                "security_groups": [],
                "self": true,
                "to_port": 53
              },
              {
                "cidr_blocks": [],
                "description": "Node to node ingress on ephemeral ports",
                "from_port": 1025,
                "ipv6_cidr_blocks": [],
                "prefix_list_ids": [],
                "protocol": "tcp",
                "security_groups": [],
                "self": true,
                "to_port": 65535
              }
            ],
            "name": "cometeks-node-2023060116093425260000000a",
            "name_prefix": "cometeks-node-",
            "owner_id": "897196112581",
            "revoke_rules_on_delete": false,
            "tags": {
              "Environment": "dev",
              "Name": "cometeks-node",
              "Terraform_Managed": "true",
              "kubernetes.io/cluster/cometeks": "owned"
            },
            "tags_all": {
              "Environment": "dev",
              "Name": "cometeks-node",
              "Terraform_Managed": "true",
              "kubernetes.io/cluster/cometeks": "owned"
            },
            "timeouts": null,
            "vpc_id": "vpc-06ec6c6c2de9ee2bb"
          },
          "sensitive_attributes": [],
          "private": "eyJlMmJmYjczMC1lY2FhLTExZTYtOGY4OC0zNDM2M2JjN2M0YzAiOnsiY3JlYXRlIjo2MDAwMDAwMDAwMDAsImRlbGV0ZSI6OTAwMDAwMDAwMDAwfSwic2NoZW1hX3ZlcnNpb24iOiIxIn0=",
          "dependencies": [
            "module.vpc.aws_vpc.this"
          ],
          "create_before_destroy": true
        }
      ]
    },
    {
      "module": "module.eks_deployment[0].module.eks",
      "mode": "managed",
      "type": "aws_security_group_rule",
      "name": "cluster",
      "provider": "provider[\"registry.terraform.io/hashicorp/aws\"]",
      "instances": [
        {
          "index_key": "ingress_nodes_443",
          "schema_version": 2,
          "attributes": {
            "cidr_blocks": null,
            "description": "Node groups to cluster API",
            "from_port": 443,
            "id": "sgrule-3676537896",
            "ipv6_cidr_blocks": null,
            "prefix_list_ids": null,
            "protocol": "tcp",
            "security_group_id": "sg-01dd85e5f473d570e",
            "security_group_rule_id": "sgr-0a1a634d36a7e139d",
            "self": false,
            "source_security_group_id": "sg-0a57b4fe84279e33c",
            "timeouts": null,
            "to_port": 443,
            "type": "ingress"
          },
          "sensitive_attributes": [],
          "private": "eyJlMmJmYjczMC1lY2FhLTExZTYtOGY4OC0zNDM2M2JjN2M0YzAiOnsiY3JlYXRlIjozMDAwMDAwMDAwMDB9LCJzY2hlbWFfdmVyc2lvbiI6IjIifQ==",
          "dependencies": [
            "module.eks_deployment.module.eks.aws_security_group.cluster",
            "module.eks_deployment.module.eks.aws_security_group.node",
            "module.vpc.aws_vpc.this"
          ],
          "create_before_destroy": true
        }
      ]
    },
    {
      "module": "module.eks_deployment[0].module.eks",
      "mode": "managed",
      "type": "aws_security_group_rule",
      "name": "node",
      "provider": "provider[\"registry.terraform.io/hashicorp/aws\"]",
      "instances": [
        {
          "index_key": "egress_all",
          "schema_version": 2,
          "attributes": {
            "cidr_blocks": [
              "0.0.0.0/0"
            ],
            "description": "Allow all egress",
            "from_port": 0,
            "id": "sgrule-1660654052",
            "ipv6_cidr_blocks": null,
            "prefix_list_ids": [],
            "protocol": "-1",
            "security_group_id": "sg-0a57b4fe84279e33c",
            "security_group_rule_id": "sgr-0b643fbc8b082c731",
            "self": false,
            "source_security_group_id": null,
            "timeouts": null,
            "to_port": 0,
            "type": "egress"
          },
          "sensitive_attributes": [],
          "private": "eyJlMmJmYjczMC1lY2FhLTExZTYtOGY4OC0zNDM2M2JjN2M0YzAiOnsiY3JlYXRlIjozMDAwMDAwMDAwMDB9LCJzY2hlbWFfdmVyc2lvbiI6IjIifQ==",
          "dependencies": [
            "module.eks_deployment.module.eks.aws_security_group.cluster",
            "module.eks_deployment.module.eks.aws_security_group.node",
            "module.vpc.aws_vpc.this"
          ],
          "create_before_destroy": true
        },
        {
          "index_key": "ingress_cluster_443",
          "schema_version": 2,
          "attributes": {
            "cidr_blocks": null,
            "description": "Cluster API to node groups",
            "from_port": 443,
            "id": "sgrule-2034340162",
            "ipv6_cidr_blocks": null,
            "prefix_list_ids": [],
            "protocol": "tcp",
            "security_group_id": "sg-0a57b4fe84279e33c",
            "security_group_rule_id": "sgr-05def712768544616",
            "self": false,
            "source_security_group_id": "sg-01dd85e5f473d570e",
            "timeouts": null,
            "to_port": 443,
            "type": "ingress"
          },
          "sensitive_attributes": [],
          "private": "eyJlMmJmYjczMC1lY2FhLTExZTYtOGY4OC0zNDM2M2JjN2M0YzAiOnsiY3JlYXRlIjozMDAwMDAwMDAwMDB9LCJzY2hlbWFfdmVyc2lvbiI6IjIifQ==",
          "dependencies": [
            "module.eks_deployment.module.eks.aws_security_group.cluster",
            "module.eks_deployment.module.eks.aws_security_group.node",
            "module.vpc.aws_vpc.this"
          ],
          "create_before_destroy": true
        },
        {
          "index_key": "ingress_cluster_4443_webhook",
          "schema_version": 2,
          "attributes": {
            "cidr_blocks": null,
            "description": "Cluster API to node 4443/tcp webhook",
            "from_port": 4443,
            "id": "sgrule-3286074324",
            "ipv6_cidr_blocks": null,
            "prefix_list_ids": [],
            "protocol": "tcp",
            "security_group_id": "sg-0a57b4fe84279e33c",
            "security_group_rule_id": "sgr-0461bba5350921548",
            "self": false,
            "source_security_group_id": "sg-01dd85e5f473d570e",
            "timeouts": null,
            "to_port": 4443,
            "type": "ingress"
          },
          "sensitive_attributes": [],
          "private": "eyJlMmJmYjczMC1lY2FhLTExZTYtOGY4OC0zNDM2M2JjN2M0YzAiOnsiY3JlYXRlIjozMDAwMDAwMDAwMDB9LCJzY2hlbWFfdmVyc2lvbiI6IjIifQ==",
          "dependencies": [
            "module.eks_deployment.module.eks.aws_security_group.cluster",
            "module.eks_deployment.module.eks.aws_security_group.node",
            "module.vpc.aws_vpc.this"
          ],
          "create_before_destroy": true
        },
        {
          "index_key": "ingress_cluster_6443_webhook",
          "schema_version": 2,
          "attributes": {
            "cidr_blocks": null,
            "description": "Cluster API to node 6443/tcp webhook",
            "from_port": 6443,
            "id": "sgrule-178250818",
            "ipv6_cidr_blocks": null,
            "prefix_list_ids": [],
            "protocol": "tcp",
            "security_group_id": "sg-0a57b4fe84279e33c",
            "security_group_rule_id": "sgr-07d5cd992f45277e8",
            "self": false,
            "source_security_group_id": "sg-01dd85e5f473d570e",
            "timeouts": null,
            "to_port": 6443,
            "type": "ingress"
          },
          "sensitive_attributes": [],
          "private": "eyJlMmJmYjczMC1lY2FhLTExZTYtOGY4OC0zNDM2M2JjN2M0YzAiOnsiY3JlYXRlIjozMDAwMDAwMDAwMDB9LCJzY2hlbWFfdmVyc2lvbiI6IjIifQ==",
          "dependencies": [
            "module.eks_deployment.module.eks.aws_security_group.cluster",
            "module.eks_deployment.module.eks.aws_security_group.node",
            "module.vpc.aws_vpc.this"
          ],
          "create_before_destroy": true
        },
        {
          "index_key": "ingress_cluster_8443_webhook",
          "schema_version": 2,
          "attributes": {
            "cidr_blocks": null,
            "description": "Cluster API to node 8443/tcp webhook",
            "from_port": 8443,
            "id": "sgrule-432265315",
            "ipv6_cidr_blocks": null,
            "prefix_list_ids": [],
            "protocol": "tcp",
            "security_group_id": "sg-0a57b4fe84279e33c",
            "security_group_rule_id": "sgr-0a2d182570181d0dc",
            "self": false,
            "source_security_group_id": "sg-01dd85e5f473d570e",
            "timeouts": null,
            "to_port": 8443,
            "type": "ingress"
          },
          "sensitive_attributes": [],
          "private": "eyJlMmJmYjczMC1lY2FhLTExZTYtOGY4OC0zNDM2M2JjN2M0YzAiOnsiY3JlYXRlIjozMDAwMDAwMDAwMDB9LCJzY2hlbWFfdmVyc2lvbiI6IjIifQ==",
          "dependencies": [
            "module.eks_deployment.module.eks.aws_security_group.cluster",
            "module.eks_deployment.module.eks.aws_security_group.node",
            "module.vpc.aws_vpc.this"
          ],
          "create_before_destroy": true
        },
        {
          "index_key": "ingress_cluster_9443_webhook",
          "schema_version": 2,
          "attributes": {
            "cidr_blocks": null,
            "description": "Cluster API to node 9443/tcp webhook",
            "from_port": 9443,
            "id": "sgrule-2103634856",
            "ipv6_cidr_blocks": null,
            "prefix_list_ids": [],
            "protocol": "tcp",
            "security_group_id": "sg-0a57b4fe84279e33c",
            "security_group_rule_id": "sgr-05e0b84bdebbff3c3",
            "self": false,
            "source_security_group_id": "sg-01dd85e5f473d570e",
            "timeouts": null,
            "to_port": 9443,
            "type": "ingress"
          },
          "sensitive_attributes": [],
          "private": "eyJlMmJmYjczMC1lY2FhLTExZTYtOGY4OC0zNDM2M2JjN2M0YzAiOnsiY3JlYXRlIjozMDAwMDAwMDAwMDB9LCJzY2hlbWFfdmVyc2lvbiI6IjIifQ==",
          "dependencies": [
            "module.eks_deployment.module.eks.aws_security_group.cluster",
            "module.eks_deployment.module.eks.aws_security_group.node",
            "module.vpc.aws_vpc.this"
          ],
          "create_before_destroy": true
        },
        {
          "index_key": "ingress_cluster_kubelet",
          "schema_version": 2,
          "attributes": {
            "cidr_blocks": null,
            "description": "Cluster API to node kubelets",
            "from_port": 10250,
            "id": "sgrule-2887365138",
            "ipv6_cidr_blocks": null,
            "prefix_list_ids": [],
            "protocol": "tcp",
            "security_group_id": "sg-0a57b4fe84279e33c",
            "security_group_rule_id": "sgr-0357f1671d1bc48ea",
            "self": false,
            "source_security_group_id": "sg-01dd85e5f473d570e",
            "timeouts": null,
            "to_port": 10250,
            "type": "ingress"
          },
          "sensitive_attributes": [],
          "private": "eyJlMmJmYjczMC1lY2FhLTExZTYtOGY4OC0zNDM2M2JjN2M0YzAiOnsiY3JlYXRlIjozMDAwMDAwMDAwMDB9LCJzY2hlbWFfdmVyc2lvbiI6IjIifQ==",
          "dependencies": [
            "module.eks_deployment.module.eks.aws_security_group.cluster",
            "module.eks_deployment.module.eks.aws_security_group.node",
            "module.vpc.aws_vpc.this"
          ],
          "create_before_destroy": true
        },
        {
          "index_key": "ingress_nodes_ephemeral",
          "schema_version": 2,
          "attributes": {
            "cidr_blocks": null,
            "description": "Node to node ingress on ephemeral ports",
            "from_port": 1025,
            "id": "sgrule-2229382237",
            "ipv6_cidr_blocks": null,
            "prefix_list_ids": [],
            "protocol": "tcp",
            "security_group_id": "sg-0a57b4fe84279e33c",
            "security_group_rule_id": "sgr-0a9fac1d5aadc635a",
            "self": true,
            "source_security_group_id": null,
            "timeouts": null,
            "to_port": 65535,
            "type": "ingress"
          },
          "sensitive_attributes": [],
          "private": "eyJlMmJmYjczMC1lY2FhLTExZTYtOGY4OC0zNDM2M2JjN2M0YzAiOnsiY3JlYXRlIjozMDAwMDAwMDAwMDB9LCJzY2hlbWFfdmVyc2lvbiI6IjIifQ==",
          "dependencies": [
            "module.eks_deployment.module.eks.aws_security_group.cluster",
            "module.eks_deployment.module.eks.aws_security_group.node",
            "module.vpc.aws_vpc.this"
          ],
          "create_before_destroy": true
        },
        {
          "index_key": "ingress_self_coredns_tcp",
          "schema_version": 2,
          "attributes": {
            "cidr_blocks": null,
            "description": "Node to node CoreDNS",
            "from_port": 53,
            "id": "sgrule-2845492375",
            "ipv6_cidr_blocks": null,
            "prefix_list_ids": [],
            "protocol": "tcp",
            "security_group_id": "sg-0a57b4fe84279e33c",
            "security_group_rule_id": "sgr-0523c1c456b7bea76",
            "self": true,
            "source_security_group_id": null,
            "timeouts": null,
            "to_port": 53,
            "type": "ingress"
          },
          "sensitive_attributes": [],
          "private": "eyJlMmJmYjczMC1lY2FhLTExZTYtOGY4OC0zNDM2M2JjN2M0YzAiOnsiY3JlYXRlIjozMDAwMDAwMDAwMDB9LCJzY2hlbWFfdmVyc2lvbiI6IjIifQ==",
          "dependencies": [
            "module.eks_deployment.module.eks.aws_security_group.cluster",
            "module.eks_deployment.module.eks.aws_security_group.node",
            "module.vpc.aws_vpc.this"
          ],
          "create_before_destroy": true
        },
        {
          "index_key": "ingress_self_coredns_udp",
          "schema_version": 2,
          "attributes": {
            "cidr_blocks": null,
            "description": "Node to node CoreDNS UDP",
            "from_port": 53,
            "id": "sgrule-231040888",
            "ipv6_cidr_blocks": null,
            "prefix_list_ids": [],
            "protocol": "udp",
            "security_group_id": "sg-0a57b4fe84279e33c",
            "security_group_rule_id": "sgr-0be490a99200f90f6",
            "self": true,
            "source_security_group_id": null,
            "timeouts": null,
            "to_port": 53,
            "type": "ingress"
          },
          "sensitive_attributes": [],
          "private": "eyJlMmJmYjczMC1lY2FhLTExZTYtOGY4OC0zNDM2M2JjN2M0YzAiOnsiY3JlYXRlIjozMDAwMDAwMDAwMDB9LCJzY2hlbWFfdmVyc2lvbiI6IjIifQ==",
          "dependencies": [
            "module.eks_deployment.module.eks.aws_security_group.cluster",
            "module.eks_deployment.module.eks.aws_security_group.node",
            "module.vpc.aws_vpc.this"
          ],
          "create_before_destroy": true
        }
      ]
    },
    {
      "module": "module.eks_deployment[0].module.eks",
      "mode": "managed",
      "type": "kubernetes_config_map_v1_data",
      "name": "aws_auth",
      "provider": "provider[\"registry.terraform.io/hashicorp/kubernetes\"]",
      "instances": [
        {
          "index_key": 0,
          "schema_version": 0,
          "attributes": {
            "data": {
              "mapAccounts": "[]\n",
              "mapRoles": "- \"groups\":\n  - \"system:bootstrappers\"\n  - \"system:nodes\"\n  \"rolearn\": \"arn:aws:iam::897196112581:role/mng-eks-node-group-20230601160920862500000001\"\n  \"username\": \"system:node:{{EC2PrivateDNSName}}\"\n- \"groups\":\n  - \"system:masters\"\n  \"rolearn\": \"arn:aws:iam::897196112581:role/admin-cometeks\"\n  \"username\": \"admin-cometeks\"\n",
              "mapUsers": "[]\n"
            },
            "field_manager": "Terraform",
            "force": true,
            "id": "kube-system/aws-auth",
            "metadata": [
              {
                "name": "aws-auth",
                "namespace": "kube-system"
              }
            ]
          },
          "sensitive_attributes": [],
          "private": "bnVsbA==",
          "dependencies": [
            "data.aws_availability_zones.available",
            "data.aws_eks_cluster_auth.this",
            "module.eks_deployment.aws_iam_role.eks_admin",
            "module.eks_deployment.module.eks.aws_cloudwatch_log_group.this",
            "module.eks_deployment.module.eks.aws_eks_cluster.this",
            "module.eks_deployment.module.eks.aws_iam_policy.cni_ipv6_policy",
            "module.eks_deployment.module.eks.aws_iam_role.this",
            "module.eks_deployment.module.eks.aws_iam_role_policy_attachment.this",
            "module.eks_deployment.module.eks.aws_security_group.cluster",
            "module.eks_deployment.module.eks.aws_security_group.node",
            "module.eks_deployment.module.eks.aws_security_group_rule.cluster",
            "module.eks_deployment.module.eks.aws_security_group_rule.node",
            "module.eks_deployment.module.eks.data.aws_caller_identity.current",
            "module.eks_deployment.module.eks.data.aws_iam_policy_document.assume_role_policy",
            "module.eks_deployment.module.eks.data.aws_iam_policy_document.cni_ipv6_policy",
            "module.eks_deployment.module.eks.data.aws_iam_session_context.current",
            "module.eks_deployment.module.eks.data.aws_partition.current",
            "module.eks_deployment.module.eks.kubernetes_config_map.aws_auth",
            "module.eks_deployment.module.eks.module.eks_managed_node_group.aws_autoscaling_schedule.this",
            "module.eks_deployment.module.eks.module.eks_managed_node_group.aws_eks_node_group.this",
            "module.eks_deployment.module.eks.module.eks_managed_node_group.aws_iam_role.this",
            "module.eks_deployment.module.eks.module.eks_managed_node_group.aws_iam_role_policy_attachment.additional",
            "module.eks_deployment.module.eks.module.eks_managed_node_group.aws_iam_role_policy_attachment.this",
            "module.eks_deployment.module.eks.module.eks_managed_node_group.aws_launch_template.this",
            "module.eks_deployment.module.eks.module.eks_managed_node_group.data.aws_caller_identity.current",
            "module.eks_deployment.module.eks.module.eks_managed_node_group.data.aws_iam_policy_document.assume_role_policy",
            "module.eks_deployment.module.eks.module.eks_managed_node_group.data.aws_partition.current",
            "module.eks_deployment.module.eks.module.eks_managed_node_group.module.user_data.data.cloudinit_config.linux_eks_managed_node_group",
            "module.eks_deployment.module.eks.module.fargate_profile.aws_eks_fargate_profile.this",
            "module.eks_deployment.module.eks.module.fargate_profile.aws_iam_role.this",
            "module.eks_deployment.module.eks.module.fargate_profile.aws_iam_role_policy_attachment.additional",
            "module.eks_deployment.module.eks.module.fargate_profile.aws_iam_role_policy_attachment.this",
            "module.eks_deployment.module.eks.module.fargate_profile.data.aws_caller_identity.current",
            "module.eks_deployment.module.eks.module.fargate_profile.data.aws_iam_policy_document.assume_role_policy",
            "module.eks_deployment.module.eks.module.fargate_profile.data.aws_partition.current",
            "module.eks_deployment.module.eks.module.kms.aws_kms_external_key.this",
            "module.eks_deployment.module.eks.module.kms.aws_kms_key.this",
            "module.eks_deployment.module.eks.module.kms.data.aws_caller_identity.current",
            "module.eks_deployment.module.eks.module.kms.data.aws_iam_policy_document.this",
            "module.eks_deployment.module.eks.module.kms.data.aws_partition.current",
            "module.eks_deployment.module.eks.module.self_managed_node_group.aws_autoscaling_group.this",
            "module.eks_deployment.module.eks.module.self_managed_node_group.aws_autoscaling_schedule.this",
            "module.eks_deployment.module.eks.module.self_managed_node_group.aws_iam_instance_profile.this",
            "module.eks_deployment.module.eks.module.self_managed_node_group.aws_iam_role.this",
            "module.eks_deployment.module.eks.module.self_managed_node_group.aws_iam_role_policy_attachment.additional",
            "module.eks_deployment.module.eks.module.self_managed_node_group.aws_iam_role_policy_attachment.this",
            "module.eks_deployment.module.eks.module.self_managed_node_group.aws_launch_template.this",
            "module.eks_deployment.module.eks.module.self_managed_node_group.data.aws_ami.eks_default",
            "module.eks_deployment.module.eks.module.self_managed_node_group.data.aws_caller_identity.current",
            "module.eks_deployment.module.eks.module.self_managed_node_group.data.aws_iam_policy_document.assume_role_policy",
            "module.eks_deployment.module.eks.module.self_managed_node_group.data.aws_partition.current",
            "module.eks_deployment.module.eks.module.self_managed_node_group.module.user_data.data.cloudinit_config.linux_eks_managed_node_group",
            "module.eks_deployment.module.eks.time_sleep.this",
            "module.vpc.aws_subnet.private",
            "module.vpc.aws_vpc.this",
            "module.vpc.aws_vpc_ipv4_cidr_block_association.this"
          ]
        }
      ]
    },
    {
      "module": "module.eks_deployment[0].module.eks",
      "mode": "managed",
      "type": "time_sleep",
      "name": "this",
      "provider": "provider[\"registry.terraform.io/hashicorp/time\"]",
      "instances": [
        {
          "index_key": 0,
          "schema_version": 0,
          "attributes": {
            "create_duration": "30s",
            "destroy_duration": null,
            "id": "2023-06-01T16:18:36Z",
            "triggers": {
              "cluster_certificate_authority_data": "LS0tLS1CRUdJTiBDRVJUSUZJQ0FURS0tLS0tCk1JSUMvakNDQWVhZ0F3SUJBZ0lCQURBTkJna3Foa2lHOXcwQkFRc0ZBREFWTVJNd0VRWURWUVFERXdwcmRXSmwKY201bGRHVnpNQjRYRFRJek1EWXdNVEUyTVRRek5Gb1hEVE16TURVeU9URTJNVFF6TkZvd0ZURVRNQkVHQTFVRQpBeE1LYTNWaVpYSnVaWFJsY3pDQ0FTSXdEUVlKS29aSWh2Y05BUUVCQlFBRGdnRVBBRENDQVFvQ2dnRUJBT0ltCjE1d013R08rcWRKMVBPRGlJU1psYTVEcERwZXhQWXp4Y3hRSkMvaG9PRW40TUV1cWZtWGZrVTR0SHZKVTRyMkkKT28xTkJlMHhEOTliLzQ5ZnBnMjRTVnZmZG5uSC9TNnE1M2pVSTd5QkRTKzg5cXI5Ukd2ZXJMOVFna2pheTFVOQprdjdXQTM5TVkyWFdZS0JSTm9VVCtuejRlRmtzT3ErWUEyc3BzVzdPM3dhUlJsT3ZmTnN5WGpTcnNGVmlHbWorClVMN3dvVG03RTBsZ28rMVIzUmVjN05EcXJGVU56TTFGVHhyQlV2MmcrUHhISUo0d05nQ2VieUZxZTJGNkpQNEoKWWxQT3ZLUHFvWnNlVWNrMFlQWjl1K0lCdzBBVEJwbGI1R1VtWm5rT1RRdDJ0RjBGZHlwUmFEajVpdmlKUFNuNwpCcmEyakJrZ2F3SDRPclNEbzdjQ0F3RUFBYU5aTUZjd0RnWURWUjBQQVFIL0JBUURBZ0trTUE4R0ExVWRFd0VCCi93UUZNQU1CQWY4d0hRWURWUjBPQkJZRUZJWTBDVElTWUQxMWJzMzVKZEhXa0YvWWVTODJNQlVHQTFVZEVRUU8KTUF5Q0NtdDFZbVZ5Ym1WMFpYTXdEUVlKS29aSWh2Y05BUUVMQlFBRGdnRUJBTllvQkpwQzZ5c1htakQrejZYcApRZUFTZVVwakxQU3dLcXh0UFRQazF5TEI2R0N5N2JlNzZzZ1UrczRka1l2ZlRxVVVHWExINHU5ZjRNVmR1S01wCjcrVWZhckQyWU02dDhKUUVZUHNhbDB6ckhaaEV3QXdzOVFmRHpiRlAzSjVyV2FFS3BJZ0o4YWY3MTZtUmt6cVEKU0NYUFVEeE5GTHI1Myt2R3p3RVBBcGhDRXhtbEo3OEYzblp3MHBlZ0RraEtEdk5keExJWTk3cmZXYW14QzFnMQpJYk9SeGF2cU1USENKMGRIQUZsTDcxbDY3T0JkZi9zUUdZYytpZVBleS9pRTYvNUpmMEpUaGQySlo4UEtpNit1Ck55cXJNM2RKVEljMmQxVkZDWE80d1dOUlF0NjRoeGM1S1lMY2JISG01RXJEdzVaNTdPa3RIcXNyZ1l2VVhKcnMKQkJzPQotLS0tLUVORCBDRVJUSUZJQ0FURS0tLS0tCg==",
              "cluster_endpoint": "https://7F69405B2291B70E8757F49C968147D4.gr7.us-east-2.eks.amazonaws.com",
              "cluster_name": "cometeks",
              "cluster_version": "1.24"
            }
          },
          "sensitive_attributes": [],
          "dependencies": [
            "data.aws_availability_zones.available",
            "module.eks_deployment.module.eks.aws_cloudwatch_log_group.this",
            "module.eks_deployment.module.eks.aws_eks_cluster.this",
            "module.eks_deployment.module.eks.aws_iam_policy.cni_ipv6_policy",
            "module.eks_deployment.module.eks.aws_iam_role.this",
            "module.eks_deployment.module.eks.aws_iam_role_policy_attachment.this",
            "module.eks_deployment.module.eks.aws_security_group.cluster",
            "module.eks_deployment.module.eks.aws_security_group.node",
            "module.eks_deployment.module.eks.aws_security_group_rule.cluster",
            "module.eks_deployment.module.eks.aws_security_group_rule.node",
            "module.eks_deployment.module.eks.data.aws_caller_identity.current",
            "module.eks_deployment.module.eks.data.aws_iam_policy_document.assume_role_policy",
            "module.eks_deployment.module.eks.data.aws_iam_policy_document.cni_ipv6_policy",
            "module.eks_deployment.module.eks.data.aws_iam_session_context.current",
            "module.eks_deployment.module.eks.data.aws_partition.current",
            "module.eks_deployment.module.eks.module.kms.aws_kms_external_key.this",
            "module.eks_deployment.module.eks.module.kms.aws_kms_key.this",
            "module.eks_deployment.module.eks.module.kms.data.aws_caller_identity.current",
            "module.eks_deployment.module.eks.module.kms.data.aws_iam_policy_document.this",
            "module.eks_deployment.module.eks.module.kms.data.aws_partition.current",
            "module.vpc.aws_subnet.private",
            "module.vpc.aws_vpc.this",
            "module.vpc.aws_vpc_ipv4_cidr_block_association.this"
          ],
          "create_before_destroy": true
        }
      ]
    },
    {
      "module": "module.eks_deployment[0].module.eks.module.eks_managed_node_group[\"one\"]",
      "mode": "data",
      "type": "aws_caller_identity",
      "name": "current",
      "provider": "provider[\"registry.terraform.io/hashicorp/aws\"]",
      "instances": [
        {
          "schema_version": 0,
          "attributes": {
            "account_id": "897196112581",
            "arn": "arn:aws:iam::897196112581:user/martinb",
            "id": "897196112581",
            "user_id": "AIDA5BZIOHLCS23KDTNCL"
          },
          "sensitive_attributes": []
        }
      ]
    },
    {
      "module": "module.eks_deployment[0].module.eks.module.eks_managed_node_group[\"one\"]",
      "mode": "data",
      "type": "aws_iam_policy_document",
      "name": "assume_role_policy",
      "provider": "provider[\"registry.terraform.io/hashicorp/aws\"]",
      "instances": [
        {
          "index_key": 0,
          "schema_version": 0,
          "attributes": {
            "id": "2560088296",
            "json": "{\n  \"Version\": \"2012-10-17\",\n  \"Statement\": [\n    {\n      \"Sid\": \"EKSNodeAssumeRole\",\n      \"Effect\": \"Allow\",\n      \"Action\": \"sts:AssumeRole\",\n      \"Principal\": {\n        \"Service\": \"ec2.amazonaws.com\"\n      }\n    }\n  ]\n}",
            "override_json": null,
            "override_policy_documents": null,
            "policy_id": null,
            "source_json": null,
            "source_policy_documents": null,
            "statement": [
              {
                "actions": [
                  "sts:AssumeRole"
                ],
                "condition": [],
                "effect": "Allow",
                "not_actions": [],
                "not_principals": [],
                "not_resources": [],
                "principals": [
                  {
                    "identifiers": [
                      "ec2.amazonaws.com"
                    ],
                    "type": "Service"
                  }
                ],
                "resources": [],
                "sid": "EKSNodeAssumeRole"
              }
            ],
            "version": "2012-10-17"
          },
          "sensitive_attributes": []
        }
      ]
    },
    {
      "module": "module.eks_deployment[0].module.eks.module.eks_managed_node_group[\"one\"]",
      "mode": "data",
      "type": "aws_partition",
      "name": "current",
      "provider": "provider[\"registry.terraform.io/hashicorp/aws\"]",
      "instances": [
        {
          "schema_version": 0,
          "attributes": {
            "dns_suffix": "amazonaws.com",
            "id": "aws",
            "partition": "aws",
            "reverse_dns_prefix": "com.amazonaws"
          },
          "sensitive_attributes": []
        }
      ]
    },
    {
      "module": "module.eks_deployment[0].module.eks.module.eks_managed_node_group[\"one\"]",
      "mode": "managed",
      "type": "aws_eks_node_group",
      "name": "this",
      "provider": "provider[\"registry.terraform.io/hashicorp/aws\"]",
      "instances": [
        {
          "index_key": 0,
          "schema_version": 0,
          "attributes": {
            "ami_type": "AL2_x86_64",
            "arn": "arn:aws:eks:us-east-2:897196112581:nodegroup/cometeks/mng-20230601161836783800000015/80c43be0-7f67-5f84-b0f4-ffefb061b2b2",
            "capacity_type": "ON_DEMAND",
            "cluster_name": "cometeks",
            "disk_size": 0,
            "force_update_version": null,
            "id": "cometeks:mng-20230601161836783800000015",
            "instance_types": [
              "m5.4xlarge"
            ],
            "labels": {},
            "launch_template": [
              {
                "id": "lt-0a570f2a0cdffbee2",
                "name": "one-20230601161836519100000013",
                "version": "1"
              }
            ],
            "node_group_name": "mng-20230601161836783800000015",
            "node_group_name_prefix": "mng-",
            "node_role_arn": "arn:aws:iam::897196112581:role/mng-eks-node-group-20230601160920862500000001",
            "release_version": "1.24.13-20230526",
            "remote_access": [],
            "resources": [
              {
                "autoscaling_groups": [
                  {
                    "name": "eks-mng-20230601161836783800000015-80c43be0-7f67-5f84-b0f4-ffefb061b2b2"
                  }
                ],
                "remote_access_security_group_id": ""
              }
            ],
            "scaling_config": [
              {
                "desired_size": 3,
                "max_size": 6,
                "min_size": 3
              }
            ],
            "status": "ACTIVE",
            "subnet_ids": [
              "subnet-06f355ebac66a76bd",
              "subnet-08a9ce5fe47a37e1b",
              "subnet-0f1ce6c69d0e4a8e0"
            ],
            "tags": {
              "Environment": "dev",
              "Name": "mng",
              "Terraform_Managed": "true"
            },
            "tags_all": {
              "Environment": "dev",
              "Name": "mng",
              "Terraform_Managed": "true"
            },
            "taint": [],
            "timeouts": {
              "create": null,
              "delete": null,
              "update": null
            },
            "update_config": [
              {
                "max_unavailable": 0,
                "max_unavailable_percentage": 33
              }
            ],
            "version": "1.24"
          },
          "sensitive_attributes": [],
          "private": "eyJlMmJmYjczMC1lY2FhLTExZTYtOGY4OC0zNDM2M2JjN2M0YzAiOnsiY3JlYXRlIjozNjAwMDAwMDAwMDAwLCJkZWxldGUiOjM2MDAwMDAwMDAwMDAsInVwZGF0ZSI6MzYwMDAwMDAwMDAwMH19",
          "dependencies": [
            "data.aws_availability_zones.available",
            "module.eks_deployment.module.eks.aws_cloudwatch_log_group.this",
            "module.eks_deployment.module.eks.aws_eks_cluster.this",
            "module.eks_deployment.module.eks.aws_iam_policy.cni_ipv6_policy",
            "module.eks_deployment.module.eks.aws_iam_role.this",
            "module.eks_deployment.module.eks.aws_iam_role_policy_attachment.this",
            "module.eks_deployment.module.eks.aws_security_group.cluster",
            "module.eks_deployment.module.eks.aws_security_group.node",
            "module.eks_deployment.module.eks.aws_security_group_rule.cluster",
            "module.eks_deployment.module.eks.aws_security_group_rule.node",
            "module.eks_deployment.module.eks.data.aws_caller_identity.current",
            "module.eks_deployment.module.eks.data.aws_iam_policy_document.assume_role_policy",
            "module.eks_deployment.module.eks.data.aws_iam_policy_document.cni_ipv6_policy",
            "module.eks_deployment.module.eks.data.aws_iam_session_context.current",
            "module.eks_deployment.module.eks.data.aws_partition.current",
            "module.eks_deployment.module.eks.module.eks_managed_node_group.aws_iam_role.this",
            "module.eks_deployment.module.eks.module.eks_managed_node_group.aws_iam_role_policy_attachment.this",
            "module.eks_deployment.module.eks.module.eks_managed_node_group.aws_launch_template.this",
            "module.eks_deployment.module.eks.module.eks_managed_node_group.data.aws_caller_identity.current",
            "module.eks_deployment.module.eks.module.eks_managed_node_group.data.aws_iam_policy_document.assume_role_policy",
            "module.eks_deployment.module.eks.module.eks_managed_node_group.data.aws_partition.current",
            "module.eks_deployment.module.eks.module.eks_managed_node_group.module.user_data.data.cloudinit_config.linux_eks_managed_node_group",
            "module.eks_deployment.module.eks.module.kms.aws_kms_external_key.this",
            "module.eks_deployment.module.eks.module.kms.aws_kms_key.this",
            "module.eks_deployment.module.eks.module.kms.data.aws_caller_identity.current",
            "module.eks_deployment.module.eks.module.kms.data.aws_iam_policy_document.this",
            "module.eks_deployment.module.eks.module.kms.data.aws_partition.current",
            "module.eks_deployment.module.eks.time_sleep.this",
            "module.vpc.aws_subnet.private",
            "module.vpc.aws_vpc.this",
            "module.vpc.aws_vpc_ipv4_cidr_block_association.this"
          ],
          "create_before_destroy": true
        }
      ]
    },
    {
      "module": "module.eks_deployment[0].module.eks.module.eks_managed_node_group[\"one\"]",
      "mode": "managed",
      "type": "aws_iam_role",
      "name": "this",
      "provider": "provider[\"registry.terraform.io/hashicorp/aws\"]",
      "instances": [
        {
          "index_key": 0,
          "schema_version": 0,
          "attributes": {
            "arn": "arn:aws:iam::897196112581:role/mng-eks-node-group-20230601160920862500000001",
            "assume_role_policy": "{\"Statement\":[{\"Action\":\"sts:AssumeRole\",\"Effect\":\"Allow\",\"Principal\":{\"Service\":\"ec2.amazonaws.com\"},\"Sid\":\"EKSNodeAssumeRole\"}],\"Version\":\"2012-10-17\"}",
            "create_date": "2023-06-01T16:09:21Z",
            "description": "EKS managed node group IAM role",
            "force_detach_policies": true,
            "id": "mng-eks-node-group-20230601160920862500000001",
            "inline_policy": [],
            "managed_policy_arns": [
              "arn:aws:iam::aws:policy/AmazonEC2ContainerRegistryReadOnly",
              "arn:aws:iam::aws:policy/AmazonEKSWorkerNodePolicy",
              "arn:aws:iam::aws:policy/AmazonEKS_CNI_Policy"
            ],
            "max_session_duration": 3600,
            "name": "mng-eks-node-group-20230601160920862500000001",
            "name_prefix": "mng-eks-node-group-",
            "path": "/",
            "permissions_boundary": null,
            "role_last_used": [
              {
                "last_used_date": "2023-06-01T19:43:20Z",
                "region": "us-east-2"
              }
            ],
            "tags": {
              "Environment": "dev",
              "Terraform_Managed": "true"
            },
            "tags_all": {
              "Environment": "dev",
              "Terraform_Managed": "true"
            },
            "unique_id": "AROA5BZIOHLCQETF665S4"
          },
          "sensitive_attributes": [],
          "private": "bnVsbA==",
          "dependencies": [
            "module.eks_deployment.module.eks.module.eks_managed_node_group.data.aws_iam_policy_document.assume_role_policy",
            "module.eks_deployment.module.eks.module.eks_managed_node_group.data.aws_partition.current"
          ],
          "create_before_destroy": true
        }
      ]
    },
    {
      "module": "module.eks_deployment[0].module.eks.module.eks_managed_node_group[\"one\"]",
      "mode": "managed",
      "type": "aws_iam_role_policy_attachment",
      "name": "this",
      "provider": "provider[\"registry.terraform.io/hashicorp/aws\"]",
      "instances": [
        {
          "index_key": "arn:aws:iam::aws:policy/AmazonEC2ContainerRegistryReadOnly",
          "schema_version": 0,
          "attributes": {
            "id": "mng-eks-node-group-20230601160920862500000001-20230601160921652900000004",
            "policy_arn": "arn:aws:iam::aws:policy/AmazonEC2ContainerRegistryReadOnly",
            "role": "mng-eks-node-group-20230601160920862500000001"
          },
          "sensitive_attributes": [],
          "private": "bnVsbA==",
          "dependencies": [
            "module.eks_deployment.module.eks.module.eks_managed_node_group.aws_iam_role.this",
            "module.eks_deployment.module.eks.module.eks_managed_node_group.data.aws_caller_identity.current",
            "module.eks_deployment.module.eks.module.eks_managed_node_group.data.aws_iam_policy_document.assume_role_policy",
            "module.eks_deployment.module.eks.module.eks_managed_node_group.data.aws_partition.current"
          ],
          "create_before_destroy": true
        },
        {
          "index_key": "arn:aws:iam::aws:policy/AmazonEKSWorkerNodePolicy",
          "schema_version": 0,
          "attributes": {
            "id": "mng-eks-node-group-20230601160920862500000001-20230601160921679200000005",
            "policy_arn": "arn:aws:iam::aws:policy/AmazonEKSWorkerNodePolicy",
            "role": "mng-eks-node-group-20230601160920862500000001"
          },
          "sensitive_attributes": [],
          "private": "bnVsbA==",
          "dependencies": [
            "module.eks_deployment.module.eks.module.eks_managed_node_group.aws_iam_role.this",
            "module.eks_deployment.module.eks.module.eks_managed_node_group.data.aws_caller_identity.current",
            "module.eks_deployment.module.eks.module.eks_managed_node_group.data.aws_iam_policy_document.assume_role_policy",
            "module.eks_deployment.module.eks.module.eks_managed_node_group.data.aws_partition.current"
          ],
          "create_before_destroy": true
        },
        {
          "index_key": "arn:aws:iam::aws:policy/AmazonEKS_CNI_Policy",
          "schema_version": 0,
          "attributes": {
            "id": "mng-eks-node-group-20230601160920862500000001-20230601160921747900000006",
            "policy_arn": "arn:aws:iam::aws:policy/AmazonEKS_CNI_Policy",
            "role": "mng-eks-node-group-20230601160920862500000001"
          },
          "sensitive_attributes": [],
          "private": "bnVsbA==",
          "dependencies": [
            "module.eks_deployment.module.eks.module.eks_managed_node_group.aws_iam_role.this",
            "module.eks_deployment.module.eks.module.eks_managed_node_group.data.aws_caller_identity.current",
            "module.eks_deployment.module.eks.module.eks_managed_node_group.data.aws_iam_policy_document.assume_role_policy",
            "module.eks_deployment.module.eks.module.eks_managed_node_group.data.aws_partition.current"
          ],
          "create_before_destroy": true
        }
      ]
    },
    {
      "module": "module.eks_deployment[0].module.eks.module.eks_managed_node_group[\"one\"]",
      "mode": "managed",
      "type": "aws_launch_template",
      "name": "this",
      "provider": "provider[\"registry.terraform.io/hashicorp/aws\"]",
      "instances": [
        {
          "index_key": 0,
          "schema_version": 0,
          "attributes": {
            "arn": "arn:aws:ec2:us-east-2:897196112581:launch-template/lt-0a570f2a0cdffbee2",
            "block_device_mappings": [],
            "capacity_reservation_specification": [],
            "cpu_options": [],
            "credit_specification": [],
            "default_version": 1,
            "description": "Custom launch template for mng EKS managed node group",
            "disable_api_stop": false,
            "disable_api_termination": false,
            "ebs_optimized": "",
            "elastic_gpu_specifications": [],
            "elastic_inference_accelerator": [],
            "enclave_options": [],
            "hibernation_options": [],
            "iam_instance_profile": [],
            "id": "lt-0a570f2a0cdffbee2",
            "image_id": "",
            "instance_initiated_shutdown_behavior": "",
            "instance_market_options": [],
            "instance_requirements": [],
            "instance_type": "",
            "kernel_id": "",
            "key_name": "",
            "latest_version": 1,
            "license_specification": [],
            "maintenance_options": [],
            "metadata_options": [
              {
                "http_endpoint": "enabled",
                "http_protocol_ipv6": "disabled",
                "http_put_response_hop_limit": 2,
                "http_tokens": "required",
                "instance_metadata_tags": "disabled"
              }
            ],
            "monitoring": [
              {
                "enabled": true
              }
            ],
            "name": "one-20230601161836519100000013",
            "name_prefix": "one-",
            "network_interfaces": [],
            "placement": [],
            "private_dns_name_options": [],
            "ram_disk_id": "",
            "security_group_names": [],
            "tag_specifications": [
              {
                "resource_type": "instance",
                "tags": {
                  "Environment": "dev",
                  "Name": "mng",
                  "Terraform_Managed": "true"
                }
              },
              {
                "resource_type": "network-interface",
                "tags": {
                  "Environment": "dev",
                  "Name": "mng",
                  "Terraform_Managed": "true"
                }
              },
              {
                "resource_type": "volume",
                "tags": {
                  "Environment": "dev",
                  "Name": "mng",
                  "Terraform_Managed": "true"
                }
              }
            ],
            "tags": {
              "Environment": "dev",
              "Terraform_Managed": "true"
            },
            "tags_all": {
              "Environment": "dev",
              "Terraform_Managed": "true"
            },
            "update_default_version": true,
            "user_data": "",
            "vpc_security_group_ids": [
              "sg-0a57b4fe84279e33c"
            ]
          },
          "sensitive_attributes": [],
          "private": "bnVsbA==",
          "dependencies": [
            "data.aws_availability_zones.available",
            "module.eks_deployment.module.eks.aws_cloudwatch_log_group.this",
            "module.eks_deployment.module.eks.aws_eks_cluster.this",
            "module.eks_deployment.module.eks.aws_iam_policy.cni_ipv6_policy",
            "module.eks_deployment.module.eks.aws_iam_role.this",
            "module.eks_deployment.module.eks.aws_iam_role_policy_attachment.this",
            "module.eks_deployment.module.eks.aws_security_group.cluster",
            "module.eks_deployment.module.eks.aws_security_group.node",
            "module.eks_deployment.module.eks.aws_security_group_rule.cluster",
            "module.eks_deployment.module.eks.aws_security_group_rule.node",
            "module.eks_deployment.module.eks.data.aws_caller_identity.current",
            "module.eks_deployment.module.eks.data.aws_iam_policy_document.assume_role_policy",
            "module.eks_deployment.module.eks.data.aws_iam_policy_document.cni_ipv6_policy",
            "module.eks_deployment.module.eks.data.aws_iam_session_context.current",
            "module.eks_deployment.module.eks.data.aws_partition.current",
            "module.eks_deployment.module.eks.module.eks_managed_node_group.aws_iam_role.this",
            "module.eks_deployment.module.eks.module.eks_managed_node_group.aws_iam_role_policy_attachment.this",
            "module.eks_deployment.module.eks.module.eks_managed_node_group.data.aws_caller_identity.current",
            "module.eks_deployment.module.eks.module.eks_managed_node_group.data.aws_iam_policy_document.assume_role_policy",
            "module.eks_deployment.module.eks.module.eks_managed_node_group.data.aws_partition.current",
            "module.eks_deployment.module.eks.module.eks_managed_node_group.module.user_data.data.cloudinit_config.linux_eks_managed_node_group",
            "module.eks_deployment.module.eks.module.kms.aws_kms_external_key.this",
            "module.eks_deployment.module.eks.module.kms.aws_kms_key.this",
            "module.eks_deployment.module.eks.module.kms.data.aws_caller_identity.current",
            "module.eks_deployment.module.eks.module.kms.data.aws_iam_policy_document.this",
            "module.eks_deployment.module.eks.module.kms.data.aws_partition.current",
            "module.eks_deployment.module.eks.time_sleep.this",
            "module.vpc.aws_subnet.private",
            "module.vpc.aws_vpc.this",
            "module.vpc.aws_vpc_ipv4_cidr_block_association.this"
          ],
          "create_before_destroy": true
        }
      ]
    },
    {
      "module": "module.eks_deployment[0].module.eks.module.kms",
      "mode": "data",
      "type": "aws_caller_identity",
      "name": "current",
      "provider": "provider[\"registry.terraform.io/hashicorp/aws\"]",
      "instances": [
        {
          "schema_version": 0,
          "attributes": {
            "account_id": "897196112581",
            "arn": "arn:aws:iam::897196112581:user/martinb",
            "id": "897196112581",
            "user_id": "AIDA5BZIOHLCS23KDTNCL"
          },
          "sensitive_attributes": []
        }
      ]
    },
    {
      "module": "module.eks_deployment[0].module.eks.module.kms",
      "mode": "data",
      "type": "aws_iam_policy_document",
      "name": "this",
      "provider": "provider[\"registry.terraform.io/hashicorp/aws\"]",
      "instances": [
        {
          "index_key": 0,
          "schema_version": 0,
          "attributes": {
            "id": "3815259666",
            "json": "{\n  \"Version\": \"2012-10-17\",\n  \"Statement\": [\n    {\n      \"Sid\": \"KeyAdministration\",\n      \"Effect\": \"Allow\",\n      \"Action\": [\n        \"kms:Update*\",\n        \"kms:UntagResource\",\n        \"kms:TagResource\",\n        \"kms:ScheduleKeyDeletion\",\n        \"kms:Revoke*\",\n        \"kms:Put*\",\n        \"kms:List*\",\n        \"kms:Get*\",\n        \"kms:Enable*\",\n        \"kms:Disable*\",\n        \"kms:Describe*\",\n        \"kms:Delete*\",\n        \"kms:Create*\",\n        \"kms:CancelKeyDeletion\"\n      ],\n      \"Resource\": \"*\",\n      \"Principal\": {\n        \"AWS\": \"arn:aws:iam::897196112581:user/martinb\"\n      }\n    },\n    {\n      \"Sid\": \"KeyUsage\",\n      \"Effect\": \"Allow\",\n      \"Action\": [\n        \"kms:ReEncrypt*\",\n        \"kms:GenerateDataKey*\",\n        \"kms:Encrypt\",\n        \"kms:DescribeKey\",\n        \"kms:Decrypt\"\n      ],\n      \"Resource\": \"*\",\n      \"Principal\": {\n        \"AWS\": \"arn:aws:iam::897196112581:role/cometeks-cluster-20230601160920863900000002\"\n      }\n    }\n  ]\n}",
            "override_json": null,
            "override_policy_documents": null,
            "policy_id": null,
            "source_json": null,
            "source_policy_documents": null,
            "statement": [
              {
                "actions": [
                  "kms:CancelKeyDeletion",
                  "kms:Create*",
                  "kms:Delete*",
                  "kms:Describe*",
                  "kms:Disable*",
                  "kms:Enable*",
                  "kms:Get*",
                  "kms:List*",
                  "kms:Put*",
                  "kms:Revoke*",
                  "kms:ScheduleKeyDeletion",
                  "kms:TagResource",
                  "kms:UntagResource",
                  "kms:Update*"
                ],
                "condition": [],
                "effect": "Allow",
                "not_actions": [],
                "not_principals": [],
                "not_resources": [],
                "principals": [
                  {
                    "identifiers": [
                      "arn:aws:iam::897196112581:user/martinb"
                    ],
                    "type": "AWS"
                  }
                ],
                "resources": [
                  "*"
                ],
                "sid": "KeyAdministration"
              },
              {
                "actions": [
                  "kms:Decrypt",
                  "kms:DescribeKey",
                  "kms:Encrypt",
                  "kms:GenerateDataKey*",
                  "kms:ReEncrypt*"
                ],
                "condition": [],
                "effect": "Allow",
                "not_actions": [],
                "not_principals": [],
                "not_resources": [],
                "principals": [
                  {
                    "identifiers": [
                      "arn:aws:iam::897196112581:role/cometeks-cluster-20230601160920863900000002"
                    ],
                    "type": "AWS"
                  }
                ],
                "resources": [
                  "*"
                ],
                "sid": "KeyUsage"
              }
            ],
            "version": "2012-10-17"
          },
          "sensitive_attributes": []
        }
      ]
    },
    {
      "module": "module.eks_deployment[0].module.eks.module.kms",
      "mode": "data",
      "type": "aws_partition",
      "name": "current",
      "provider": "provider[\"registry.terraform.io/hashicorp/aws\"]",
      "instances": [
        {
          "schema_version": 0,
          "attributes": {
            "dns_suffix": "amazonaws.com",
            "id": "aws",
            "partition": "aws",
            "reverse_dns_prefix": "com.amazonaws"
          },
          "sensitive_attributes": []
        }
      ]
    },
    {
      "module": "module.eks_deployment[0].module.eks.module.kms",
      "mode": "managed",
      "type": "aws_kms_alias",
      "name": "this",
      "provider": "provider[\"registry.terraform.io/hashicorp/aws\"]",
      "instances": [
        {
          "index_key": "cluster",
          "schema_version": 0,
          "attributes": {
            "arn": "arn:aws:kms:us-east-2:897196112581:alias/eks/cometeks",
            "id": "alias/eks/cometeks",
            "name": "alias/eks/cometeks",
            "name_prefix": "",
            "target_key_arn": "arn:aws:kms:us-east-2:897196112581:key/811170c2-3eea-4e4c-8e1a-b1b95ba31c6b",
            "target_key_id": "811170c2-3eea-4e4c-8e1a-b1b95ba31c6b"
          },
          "sensitive_attributes": [],
          "private": "bnVsbA==",
          "dependencies": [
            "module.eks_deployment.module.eks.aws_iam_role.this",
            "module.eks_deployment.module.eks.data.aws_caller_identity.current",
            "module.eks_deployment.module.eks.data.aws_iam_policy_document.assume_role_policy",
            "module.eks_deployment.module.eks.data.aws_iam_session_context.current",
            "module.eks_deployment.module.eks.data.aws_partition.current",
            "module.eks_deployment.module.eks.module.kms.aws_kms_external_key.this",
            "module.eks_deployment.module.eks.module.kms.aws_kms_key.this",
            "module.eks_deployment.module.eks.module.kms.data.aws_caller_identity.current",
            "module.eks_deployment.module.eks.module.kms.data.aws_iam_policy_document.this",
            "module.eks_deployment.module.eks.module.kms.data.aws_partition.current"
          ]
        }
      ]
    },
    {
      "module": "module.eks_deployment[0].module.eks.module.kms",
      "mode": "managed",
      "type": "aws_kms_key",
      "name": "this",
      "provider": "provider[\"registry.terraform.io/hashicorp/aws\"]",
      "instances": [
        {
          "index_key": 0,
          "schema_version": 0,
          "attributes": {
            "arn": "arn:aws:kms:us-east-2:897196112581:key/811170c2-3eea-4e4c-8e1a-b1b95ba31c6b",
            "bypass_policy_lockout_safety_check": false,
            "custom_key_store_id": "",
            "customer_master_key_spec": "SYMMETRIC_DEFAULT",
            "deletion_window_in_days": null,
            "description": "cometeks cluster encryption key",
            "enable_key_rotation": true,
            "id": "811170c2-3eea-4e4c-8e1a-b1b95ba31c6b",
            "is_enabled": true,
            "key_id": "811170c2-3eea-4e4c-8e1a-b1b95ba31c6b",
            "key_usage": "ENCRYPT_DECRYPT",
            "multi_region": false,
            "policy": "{\"Statement\":[{\"Action\":[\"kms:Update*\",\"kms:UntagResource\",\"kms:TagResource\",\"kms:ScheduleKeyDeletion\",\"kms:Revoke*\",\"kms:Put*\",\"kms:List*\",\"kms:Get*\",\"kms:Enable*\",\"kms:Disable*\",\"kms:Describe*\",\"kms:Delete*\",\"kms:Create*\",\"kms:CancelKeyDeletion\"],\"Effect\":\"Allow\",\"Principal\":{\"AWS\":\"arn:aws:iam::897196112581:user/martinb\"},\"Resource\":\"*\",\"Sid\":\"KeyAdministration\"},{\"Action\":[\"kms:ReEncrypt*\",\"kms:GenerateDataKey*\",\"kms:Encrypt\",\"kms:DescribeKey\",\"kms:Decrypt\"],\"Effect\":\"Allow\",\"Principal\":{\"AWS\":\"arn:aws:iam::897196112581:role/cometeks-cluster-20230601160920863900000002\"},\"Resource\":\"*\",\"Sid\":\"KeyUsage\"}],\"Version\":\"2012-10-17\"}",
            "tags": {
              "Environment": "dev",
              "Terraform_Managed": "true"
            },
            "tags_all": {
              "Environment": "dev",
              "Terraform_Managed": "true"
            }
          },
          "sensitive_attributes": [],
          "private": "bnVsbA==",
          "dependencies": [
            "module.eks_deployment.module.eks.aws_iam_role.this",
            "module.eks_deployment.module.eks.data.aws_caller_identity.current",
            "module.eks_deployment.module.eks.data.aws_iam_policy_document.assume_role_policy",
            "module.eks_deployment.module.eks.data.aws_iam_session_context.current",
            "module.eks_deployment.module.eks.data.aws_partition.current",
            "module.eks_deployment.module.eks.module.kms.data.aws_caller_identity.current",
            "module.eks_deployment.module.eks.module.kms.data.aws_iam_policy_document.this",
            "module.eks_deployment.module.eks.module.kms.data.aws_partition.current"
          ],
          "create_before_destroy": true
        }
      ]
    },
    {
      "module": "module.eks_deployment[0].module.eks_blueprints_kubernetes_addons",
      "mode": "data",
      "type": "aws_caller_identity",
      "name": "current",
      "provider": "provider[\"registry.terraform.io/hashicorp/aws\"]",
      "instances": [
        {
          "schema_version": 0,
          "attributes": {
            "account_id": "897196112581",
            "arn": "arn:aws:iam::897196112581:user/martinb",
            "id": "897196112581",
            "user_id": "AIDA5BZIOHLCS23KDTNCL"
          },
          "sensitive_attributes": []
        }
      ]
    },
    {
      "module": "module.eks_deployment[0].module.eks_blueprints_kubernetes_addons",
      "mode": "data",
      "type": "aws_eks_cluster",
      "name": "eks_cluster",
      "provider": "provider[\"registry.terraform.io/hashicorp/aws\"]",
      "instances": [
        {
          "schema_version": 0,
          "attributes": {
            "arn": "arn:aws:eks:us-east-2:897196112581:cluster/cometeks",
            "certificate_authority": [
              {
                "data": "LS0tLS1CRUdJTiBDRVJUSUZJQ0FURS0tLS0tCk1JSUMvakNDQWVhZ0F3SUJBZ0lCQURBTkJna3Foa2lHOXcwQkFRc0ZBREFWTVJNd0VRWURWUVFERXdwcmRXSmwKY201bGRHVnpNQjRYRFRJek1EWXdNVEUyTVRRek5Gb1hEVE16TURVeU9URTJNVFF6TkZvd0ZURVRNQkVHQTFVRQpBeE1LYTNWaVpYSnVaWFJsY3pDQ0FTSXdEUVlKS29aSWh2Y05BUUVCQlFBRGdnRVBBRENDQVFvQ2dnRUJBT0ltCjE1d013R08rcWRKMVBPRGlJU1psYTVEcERwZXhQWXp4Y3hRSkMvaG9PRW40TUV1cWZtWGZrVTR0SHZKVTRyMkkKT28xTkJlMHhEOTliLzQ5ZnBnMjRTVnZmZG5uSC9TNnE1M2pVSTd5QkRTKzg5cXI5Ukd2ZXJMOVFna2pheTFVOQprdjdXQTM5TVkyWFdZS0JSTm9VVCtuejRlRmtzT3ErWUEyc3BzVzdPM3dhUlJsT3ZmTnN5WGpTcnNGVmlHbWorClVMN3dvVG03RTBsZ28rMVIzUmVjN05EcXJGVU56TTFGVHhyQlV2MmcrUHhISUo0d05nQ2VieUZxZTJGNkpQNEoKWWxQT3ZLUHFvWnNlVWNrMFlQWjl1K0lCdzBBVEJwbGI1R1VtWm5rT1RRdDJ0RjBGZHlwUmFEajVpdmlKUFNuNwpCcmEyakJrZ2F3SDRPclNEbzdjQ0F3RUFBYU5aTUZjd0RnWURWUjBQQVFIL0JBUURBZ0trTUE4R0ExVWRFd0VCCi93UUZNQU1CQWY4d0hRWURWUjBPQkJZRUZJWTBDVElTWUQxMWJzMzVKZEhXa0YvWWVTODJNQlVHQTFVZEVRUU8KTUF5Q0NtdDFZbVZ5Ym1WMFpYTXdEUVlKS29aSWh2Y05BUUVMQlFBRGdnRUJBTllvQkpwQzZ5c1htakQrejZYcApRZUFTZVVwakxQU3dLcXh0UFRQazF5TEI2R0N5N2JlNzZzZ1UrczRka1l2ZlRxVVVHWExINHU5ZjRNVmR1S01wCjcrVWZhckQyWU02dDhKUUVZUHNhbDB6ckhaaEV3QXdzOVFmRHpiRlAzSjVyV2FFS3BJZ0o4YWY3MTZtUmt6cVEKU0NYUFVEeE5GTHI1Myt2R3p3RVBBcGhDRXhtbEo3OEYzblp3MHBlZ0RraEtEdk5keExJWTk3cmZXYW14QzFnMQpJYk9SeGF2cU1USENKMGRIQUZsTDcxbDY3T0JkZi9zUUdZYytpZVBleS9pRTYvNUpmMEpUaGQySlo4UEtpNit1Ck55cXJNM2RKVEljMmQxVkZDWE80d1dOUlF0NjRoeGM1S1lMY2JISG01RXJEdzVaNTdPa3RIcXNyZ1l2VVhKcnMKQkJzPQotLS0tLUVORCBDRVJUSUZJQ0FURS0tLS0tCg=="
              }
            ],
            "cluster_id": null,
            "created_at": "2023-06-01 16:09:46.298 +0000 UTC",
            "enabled_cluster_log_types": [
              "api",
              "audit",
              "authenticator"
            ],
            "endpoint": "https://7F69405B2291B70E8757F49C968147D4.gr7.us-east-2.eks.amazonaws.com",
            "id": "cometeks",
            "identity": [
              {
                "oidc": [
                  {
                    "issuer": "https://oidc.eks.us-east-2.amazonaws.com/id/7F69405B2291B70E8757F49C968147D4"
                  }
                ]
              }
            ],
            "kubernetes_network_config": [
              {
                "ip_family": "ipv4",
                "service_ipv4_cidr": "172.20.0.0/16",
                "service_ipv6_cidr": ""
              }
            ],
            "name": "cometeks",
            "outpost_config": [],
            "platform_version": "eks.6",
            "role_arn": "arn:aws:iam::897196112581:role/cometeks-cluster-20230601160920863900000002",
            "status": "ACTIVE",
            "tags": {
              "Environment": "dev",
              "Terraform_Managed": "true"
            },
            "version": "1.24",
            "vpc_config": [
              {
                "cluster_security_group_id": "sg-0d4a9d9ff27aba58e",
                "endpoint_private_access": true,
                "endpoint_public_access": true,
                "public_access_cidrs": [
                  "0.0.0.0/0"
                ],
                "security_group_ids": [
                  "sg-01dd85e5f473d570e"
                ],
                "subnet_ids": [
                  "subnet-06f355ebac66a76bd",
                  "subnet-08a9ce5fe47a37e1b",
                  "subnet-0f1ce6c69d0e4a8e0"
                ],
                "vpc_id": "vpc-06ec6c6c2de9ee2bb"
              }
            ]
          },
          "sensitive_attributes": []
        }
      ]
    },
    {
      "module": "module.eks_deployment[0].module.eks_blueprints_kubernetes_addons",
      "mode": "data",
      "type": "aws_partition",
      "name": "current",
      "provider": "provider[\"registry.terraform.io/hashicorp/aws\"]",
      "instances": [
        {
          "schema_version": 0,
          "attributes": {
            "dns_suffix": "amazonaws.com",
            "id": "aws",
            "partition": "aws",
            "reverse_dns_prefix": "com.amazonaws"
          },
          "sensitive_attributes": []
        }
      ]
    },
    {
      "module": "module.eks_deployment[0].module.eks_blueprints_kubernetes_addons",
      "mode": "data",
      "type": "aws_region",
      "name": "current",
      "provider": "provider[\"registry.terraform.io/hashicorp/aws\"]",
      "instances": [
        {
          "schema_version": 0,
          "attributes": {
            "description": "US East (Ohio)",
            "endpoint": "ec2.us-east-2.amazonaws.com",
            "id": "us-east-2",
            "name": "us-east-2"
          },
          "sensitive_attributes": []
        }
      ]
    },
    {
      "module": "module.eks_deployment[0].module.eks_blueprints_kubernetes_addons",
      "mode": "managed",
      "type": "time_sleep",
      "name": "dataplane",
      "provider": "provider[\"registry.terraform.io/hashicorp/time\"]",
      "instances": [
        {
          "schema_version": 0,
          "attributes": {
            "create_duration": "10s",
            "destroy_duration": null,
            "id": "2023-06-01T16:18:16Z",
            "triggers": {
              "data_plane_wait_arn": "",
              "eks_cluster_id": "cometeks"
            }
          },
          "sensitive_attributes": [],
          "dependencies": [
            "data.aws_availability_zones.available",
            "module.eks_deployment.module.eks.aws_cloudwatch_log_group.this",
            "module.eks_deployment.module.eks.aws_eks_cluster.this",
            "module.eks_deployment.module.eks.aws_iam_policy.cni_ipv6_policy",
            "module.eks_deployment.module.eks.aws_iam_role.this",
            "module.eks_deployment.module.eks.aws_iam_role_policy_attachment.this",
            "module.eks_deployment.module.eks.aws_security_group.cluster",
            "module.eks_deployment.module.eks.aws_security_group.node",
            "module.eks_deployment.module.eks.aws_security_group_rule.cluster",
            "module.eks_deployment.module.eks.aws_security_group_rule.node",
            "module.eks_deployment.module.eks.data.aws_caller_identity.current",
            "module.eks_deployment.module.eks.data.aws_iam_policy_document.assume_role_policy",
            "module.eks_deployment.module.eks.data.aws_iam_policy_document.cni_ipv6_policy",
            "module.eks_deployment.module.eks.data.aws_iam_session_context.current",
            "module.eks_deployment.module.eks.data.aws_partition.current",
            "module.eks_deployment.module.eks.module.kms.aws_kms_external_key.this",
            "module.eks_deployment.module.eks.module.kms.aws_kms_key.this",
            "module.eks_deployment.module.eks.module.kms.data.aws_caller_identity.current",
            "module.eks_deployment.module.eks.module.kms.data.aws_iam_policy_document.this",
            "module.eks_deployment.module.eks.module.kms.data.aws_partition.current",
            "module.vpc.aws_subnet.private",
            "module.vpc.aws_vpc.this",
            "module.vpc.aws_vpc_ipv4_cidr_block_association.this"
          ]
        }
      ]
    },
    {
      "module": "module.eks_deployment[0].module.eks_blueprints_kubernetes_addons.module.aws_cloudwatch_metrics[0].module.helm_addon",
      "mode": "managed",
      "type": "helm_release",
      "name": "addon",
      "provider": "provider[\"registry.terraform.io/hashicorp/helm\"]",
      "instances": [
        {
          "index_key": 0,
          "schema_version": 1,
          "attributes": {
            "atomic": false,
            "chart": "aws-cloudwatch-metrics",
            "cleanup_on_fail": false,
            "create_namespace": false,
            "dependency_update": false,
            "description": "aws-cloudwatch-metrics Helm Chart deployment configuration",
            "devel": null,
            "disable_crd_hooks": false,
            "disable_openapi_validation": false,
            "disable_webhooks": false,
            "force_update": false,
            "id": "aws-cloudwatch-metrics",
            "keyring": "",
            "lint": false,
            "manifest": null,
            "max_history": 0,
            "metadata": [
              {
                "app_version": "1.247350",
                "chart": "aws-cloudwatch-metrics",
                "name": "aws-cloudwatch-metrics",
                "namespace": "amazon-cloudwatch",
                "revision": 1,
                "values": "{\"clusterName\":\"cometeks\",\"serviceAccount\":{\"create\":false,\"name\":\"cloudwatch-agent\"}}",
                "version": "0.0.7"
              }
            ],
            "name": "aws-cloudwatch-metrics",
            "namespace": "amazon-cloudwatch",
            "pass_credentials": false,
            "postrender": [
              {
                "args": [],
                "binary_path": ""
              }
            ],
            "recreate_pods": false,
            "render_subchart_notes": true,
            "replace": false,
            "repository": "https://aws.github.io/eks-charts",
            "repository_ca_file": null,
            "repository_cert_file": "",
            "repository_key_file": "",
            "repository_password": "",
            "repository_username": "",
            "reset_values": false,
            "reuse_values": false,
            "set": [
              {
                "name": "serviceAccount.create",
                "type": "",
                "value": "false"
              },
              {
                "name": "serviceAccount.name",
                "type": "",
                "value": "cloudwatch-agent"
              }
            ],
            "set_list": [],
            "set_sensitive": [],
            "skip_crds": false,
            "status": "deployed",
            "timeout": 1200,
            "values": [
              "clusterName: cometeks\n"
            ],
            "verify": false,
            "version": "0.0.7",
            "wait": true,
            "wait_for_jobs": false
          },
          "sensitive_attributes": [],
          "private": "eyJzY2hlbWFfdmVyc2lvbiI6IjEifQ==",
          "dependencies": [
            "data.aws_availability_zones.available",
            "data.aws_eks_cluster_auth.this",
            "module.eks_deployment.module.eks.aws_cloudwatch_log_group.this",
            "module.eks_deployment.module.eks.aws_eks_cluster.this",
            "module.eks_deployment.module.eks.aws_iam_policy.cni_ipv6_policy",
            "module.eks_deployment.module.eks.aws_iam_role.this",
            "module.eks_deployment.module.eks.aws_iam_role_policy_attachment.this",
            "module.eks_deployment.module.eks.aws_security_group.cluster",
            "module.eks_deployment.module.eks.aws_security_group.node",
            "module.eks_deployment.module.eks.aws_security_group_rule.cluster",
            "module.eks_deployment.module.eks.aws_security_group_rule.node",
            "module.eks_deployment.module.eks.data.aws_caller_identity.current",
            "module.eks_deployment.module.eks.data.aws_iam_policy_document.assume_role_policy",
            "module.eks_deployment.module.eks.data.aws_iam_policy_document.cni_ipv6_policy",
            "module.eks_deployment.module.eks.data.aws_iam_session_context.current",
            "module.eks_deployment.module.eks.data.aws_partition.current",
            "module.eks_deployment.module.eks.module.kms.aws_kms_external_key.this",
            "module.eks_deployment.module.eks.module.kms.aws_kms_key.this",
            "module.eks_deployment.module.eks.module.kms.data.aws_caller_identity.current",
            "module.eks_deployment.module.eks.module.kms.data.aws_iam_policy_document.this",
            "module.eks_deployment.module.eks.module.kms.data.aws_partition.current",
            "module.eks_deployment.module.eks_blueprints_kubernetes_addons.data.aws_caller_identity.current",
            "module.eks_deployment.module.eks_blueprints_kubernetes_addons.data.aws_eks_cluster.eks_cluster",
            "module.eks_deployment.module.eks_blueprints_kubernetes_addons.data.aws_partition.current",
            "module.eks_deployment.module.eks_blueprints_kubernetes_addons.data.aws_region.current",
            "module.eks_deployment.module.eks_blueprints_kubernetes_addons.module.aws_cloudwatch_metrics.module.helm_addon.module.irsa.aws_iam_role.irsa",
            "module.eks_deployment.module.eks_blueprints_kubernetes_addons.module.aws_cloudwatch_metrics.module.helm_addon.module.irsa.aws_iam_role_policy_attachment.irsa",
            "module.eks_deployment.module.eks_blueprints_kubernetes_addons.module.aws_cloudwatch_metrics.module.helm_addon.module.irsa.kubernetes_namespace_v1.irsa",
            "module.eks_deployment.module.eks_blueprints_kubernetes_addons.module.aws_cloudwatch_metrics.module.helm_addon.module.irsa.kubernetes_secret_v1.irsa",
            "module.eks_deployment.module.eks_blueprints_kubernetes_addons.module.aws_cloudwatch_metrics.module.helm_addon.module.irsa.kubernetes_service_account_v1.irsa",
            "module.eks_deployment.module.eks_blueprints_kubernetes_addons.time_sleep.dataplane",
            "module.vpc.aws_subnet.private",
            "module.vpc.aws_vpc.this",
            "module.vpc.aws_vpc_ipv4_cidr_block_association.this"
          ]
        }
      ]
    },
    {
      "module": "module.eks_deployment[0].module.eks_blueprints_kubernetes_addons.module.aws_cloudwatch_metrics[0].module.helm_addon.module.irsa[0]",
      "mode": "managed",
      "type": "aws_iam_role",
      "name": "irsa",
      "provider": "provider[\"registry.terraform.io/hashicorp/aws\"]",
      "instances": [
        {
          "index_key": 0,
          "schema_version": 0,
          "attributes": {
            "arn": "arn:aws:iam::897196112581:role/cometeks-cloudwatch-agent-irsa",
            "assume_role_policy": "{\"Statement\":[{\"Action\":\"sts:AssumeRoleWithWebIdentity\",\"Condition\":{\"StringLike\":{\"oidc.eks.us-east-2.amazonaws.com/id/7F69405B2291B70E8757F49C968147D4:aud\":\"sts.amazonaws.com\",\"oidc.eks.us-east-2.amazonaws.com/id/7F69405B2291B70E8757F49C968147D4:sub\":\"system:serviceaccount:amazon-cloudwatch:cloudwatch-agent\"}},\"Effect\":\"Allow\",\"Principal\":{\"Federated\":\"arn:aws:iam::897196112581:oidc-provider/oidc.eks.us-east-2.amazonaws.com/id/7F69405B2291B70E8757F49C968147D4\"}}],\"Version\":\"2012-10-17\"}",
            "create_date": "2023-06-01T16:18:16Z",
            "description": "AWS IAM Role for the Kubernetes service account cloudwatch-agent.",
            "force_detach_policies": true,
            "id": "cometeks-cloudwatch-agent-irsa",
            "inline_policy": [],
            "managed_policy_arns": [
              "arn:aws:iam::aws:policy/CloudWatchAgentServerPolicy"
            ],
            "max_session_duration": 3600,
            "name": "cometeks-cloudwatch-agent-irsa",
            "name_prefix": "",
            "path": "/",
            "permissions_boundary": "",
            "role_last_used": [
              {
                "last_used_date": "2023-06-01T19:46:30Z",
                "region": "us-east-2"
              }
            ],
            "tags": {
              "Environment": "dev",
              "Terraform_Managed": "true"
            },
            "tags_all": {
              "Environment": "dev",
              "Terraform_Managed": "true"
            },
            "unique_id": "AROA5BZIOHLC3ZUW6NBSW"
          },
          "sensitive_attributes": [],
          "private": "bnVsbA==",
          "dependencies": [
            "data.aws_availability_zones.available",
            "module.eks_deployment.module.eks.aws_cloudwatch_log_group.this",
            "module.eks_deployment.module.eks.aws_eks_cluster.this",
            "module.eks_deployment.module.eks.aws_iam_policy.cni_ipv6_policy",
            "module.eks_deployment.module.eks.aws_iam_role.this",
            "module.eks_deployment.module.eks.aws_iam_role_policy_attachment.this",
            "module.eks_deployment.module.eks.aws_security_group.cluster",
            "module.eks_deployment.module.eks.aws_security_group.node",
            "module.eks_deployment.module.eks.aws_security_group_rule.cluster",
            "module.eks_deployment.module.eks.aws_security_group_rule.node",
            "module.eks_deployment.module.eks.data.aws_caller_identity.current",
            "module.eks_deployment.module.eks.data.aws_iam_policy_document.assume_role_policy",
            "module.eks_deployment.module.eks.data.aws_iam_policy_document.cni_ipv6_policy",
            "module.eks_deployment.module.eks.data.aws_iam_session_context.current",
            "module.eks_deployment.module.eks.data.aws_partition.current",
            "module.eks_deployment.module.eks.module.kms.aws_kms_external_key.this",
            "module.eks_deployment.module.eks.module.kms.aws_kms_key.this",
            "module.eks_deployment.module.eks.module.kms.data.aws_caller_identity.current",
            "module.eks_deployment.module.eks.module.kms.data.aws_iam_policy_document.this",
            "module.eks_deployment.module.eks.module.kms.data.aws_partition.current",
            "module.eks_deployment.module.eks_blueprints_kubernetes_addons.data.aws_caller_identity.current",
            "module.eks_deployment.module.eks_blueprints_kubernetes_addons.data.aws_eks_cluster.eks_cluster",
            "module.eks_deployment.module.eks_blueprints_kubernetes_addons.data.aws_partition.current",
            "module.eks_deployment.module.eks_blueprints_kubernetes_addons.data.aws_region.current",
            "module.eks_deployment.module.eks_blueprints_kubernetes_addons.time_sleep.dataplane",
            "module.vpc.aws_subnet.private",
            "module.vpc.aws_vpc.this",
            "module.vpc.aws_vpc_ipv4_cidr_block_association.this"
          ]
        }
      ]
    },
    {
      "module": "module.eks_deployment[0].module.eks_blueprints_kubernetes_addons.module.aws_cloudwatch_metrics[0].module.helm_addon.module.irsa[0]",
      "mode": "managed",
      "type": "aws_iam_role_policy_attachment",
      "name": "irsa",
      "provider": "provider[\"registry.terraform.io/hashicorp/aws\"]",
      "instances": [
        {
          "index_key": 0,
          "schema_version": 0,
          "attributes": {
            "id": "cometeks-cloudwatch-agent-irsa-20230601161817148300000010",
            "policy_arn": "arn:aws:iam::aws:policy/CloudWatchAgentServerPolicy",
            "role": "cometeks-cloudwatch-agent-irsa"
          },
          "sensitive_attributes": [],
          "private": "bnVsbA==",
          "dependencies": [
            "data.aws_availability_zones.available",
            "module.eks_deployment.module.eks.aws_cloudwatch_log_group.this",
            "module.eks_deployment.module.eks.aws_eks_cluster.this",
            "module.eks_deployment.module.eks.aws_iam_policy.cni_ipv6_policy",
            "module.eks_deployment.module.eks.aws_iam_role.this",
            "module.eks_deployment.module.eks.aws_iam_role_policy_attachment.this",
            "module.eks_deployment.module.eks.aws_security_group.cluster",
            "module.eks_deployment.module.eks.aws_security_group.node",
            "module.eks_deployment.module.eks.aws_security_group_rule.cluster",
            "module.eks_deployment.module.eks.aws_security_group_rule.node",
            "module.eks_deployment.module.eks.data.aws_caller_identity.current",
            "module.eks_deployment.module.eks.data.aws_iam_policy_document.assume_role_policy",
            "module.eks_deployment.module.eks.data.aws_iam_policy_document.cni_ipv6_policy",
            "module.eks_deployment.module.eks.data.aws_iam_session_context.current",
            "module.eks_deployment.module.eks.data.aws_partition.current",
            "module.eks_deployment.module.eks.module.kms.aws_kms_external_key.this",
            "module.eks_deployment.module.eks.module.kms.aws_kms_key.this",
            "module.eks_deployment.module.eks.module.kms.data.aws_caller_identity.current",
            "module.eks_deployment.module.eks.module.kms.data.aws_iam_policy_document.this",
            "module.eks_deployment.module.eks.module.kms.data.aws_partition.current",
            "module.eks_deployment.module.eks_blueprints_kubernetes_addons.data.aws_caller_identity.current",
            "module.eks_deployment.module.eks_blueprints_kubernetes_addons.data.aws_eks_cluster.eks_cluster",
            "module.eks_deployment.module.eks_blueprints_kubernetes_addons.data.aws_partition.current",
            "module.eks_deployment.module.eks_blueprints_kubernetes_addons.data.aws_region.current",
            "module.eks_deployment.module.eks_blueprints_kubernetes_addons.module.aws_cloudwatch_metrics.module.helm_addon.module.irsa.aws_iam_role.irsa",
            "module.eks_deployment.module.eks_blueprints_kubernetes_addons.time_sleep.dataplane",
            "module.vpc.aws_subnet.private",
            "module.vpc.aws_vpc.this",
            "module.vpc.aws_vpc_ipv4_cidr_block_association.this"
          ]
        }
      ]
    },
    {
      "module": "module.eks_deployment[0].module.eks_blueprints_kubernetes_addons.module.aws_cloudwatch_metrics[0].module.helm_addon.module.irsa[0]",
      "mode": "managed",
      "type": "kubernetes_namespace_v1",
      "name": "irsa",
      "provider": "provider[\"registry.terraform.io/hashicorp/kubernetes\"]",
      "instances": [
        {
          "index_key": 0,
          "schema_version": 0,
          "attributes": {
            "id": "amazon-cloudwatch",
            "metadata": [
              {
                "annotations": {},
                "generate_name": "",
                "generation": 0,
                "labels": {},
                "name": "amazon-cloudwatch",
                "resource_version": "3585",
                "uid": "3edb885c-b18c-494f-b199-ef37567a058a"
              }
            ],
            "timeouts": {
              "delete": "15m"
            }
          },
          "sensitive_attributes": [],
          "private": "eyJlMmJmYjczMC1lY2FhLTExZTYtOGY4OC0zNDM2M2JjN2M0YzAiOnsiZGVsZXRlIjo5MDAwMDAwMDAwMDB9fQ==",
          "dependencies": [
            "data.aws_availability_zones.available",
            "data.aws_eks_cluster_auth.this",
            "module.eks_deployment.module.eks.aws_cloudwatch_log_group.this",
            "module.eks_deployment.module.eks.aws_eks_cluster.this",
            "module.eks_deployment.module.eks.aws_iam_policy.cni_ipv6_policy",
            "module.eks_deployment.module.eks.aws_iam_role.this",
            "module.eks_deployment.module.eks.aws_iam_role_policy_attachment.this",
            "module.eks_deployment.module.eks.aws_security_group.cluster",
            "module.eks_deployment.module.eks.aws_security_group.node",
            "module.eks_deployment.module.eks.aws_security_group_rule.cluster",
            "module.eks_deployment.module.eks.aws_security_group_rule.node",
            "module.eks_deployment.module.eks.data.aws_caller_identity.current",
            "module.eks_deployment.module.eks.data.aws_iam_policy_document.assume_role_policy",
            "module.eks_deployment.module.eks.data.aws_iam_policy_document.cni_ipv6_policy",
            "module.eks_deployment.module.eks.data.aws_iam_session_context.current",
            "module.eks_deployment.module.eks.data.aws_partition.current",
            "module.eks_deployment.module.eks.module.kms.aws_kms_external_key.this",
            "module.eks_deployment.module.eks.module.kms.aws_kms_key.this",
            "module.eks_deployment.module.eks.module.kms.data.aws_caller_identity.current",
            "module.eks_deployment.module.eks.module.kms.data.aws_iam_policy_document.this",
            "module.eks_deployment.module.eks.module.kms.data.aws_partition.current",
            "module.eks_deployment.module.eks_blueprints_kubernetes_addons.data.aws_caller_identity.current",
            "module.eks_deployment.module.eks_blueprints_kubernetes_addons.data.aws_eks_cluster.eks_cluster",
            "module.eks_deployment.module.eks_blueprints_kubernetes_addons.data.aws_partition.current",
            "module.eks_deployment.module.eks_blueprints_kubernetes_addons.data.aws_region.current",
            "module.eks_deployment.module.eks_blueprints_kubernetes_addons.time_sleep.dataplane",
            "module.vpc.aws_subnet.private",
            "module.vpc.aws_vpc.this",
            "module.vpc.aws_vpc_ipv4_cidr_block_association.this"
          ]
        }
      ]
    },
    {
      "module": "module.eks_deployment[0].module.eks_blueprints_kubernetes_addons.module.aws_cloudwatch_metrics[0].module.helm_addon.module.irsa[0]",
      "mode": "managed",
      "type": "kubernetes_service_account_v1",
      "name": "irsa",
      "provider": "provider[\"registry.terraform.io/hashicorp/kubernetes\"]",
      "instances": [
        {
          "index_key": 0,
          "schema_version": 0,
          "attributes": {
            "automount_service_account_token": true,
            "default_secret_name": "",
            "id": "amazon-cloudwatch/cloudwatch-agent",
            "image_pull_secret": [],
            "metadata": [
              {
                "annotations": {
                  "eks.amazonaws.com/role-arn": "arn:aws:iam::897196112581:role/cometeks-cloudwatch-agent-irsa"
                },
                "generate_name": "",
                "generation": 0,
                "labels": {},
                "name": "cloudwatch-agent",
                "namespace": "amazon-cloudwatch",
                "resource_version": "3593",
                "uid": "f432d10c-52e7-4d96-9f0e-d1818898f468"
              }
            ],
            "secret": [],
            "timeouts": null
          },
          "sensitive_attributes": [],
          "private": "eyJlMmJmYjczMC1lY2FhLTExZTYtOGY4OC0zNDM2M2JjN2M0YzAiOnsiY3JlYXRlIjozMDAwMDAwMDAwMH19",
          "dependencies": [
            "data.aws_availability_zones.available",
            "data.aws_eks_cluster_auth.this",
            "module.eks_deployment.module.eks.aws_cloudwatch_log_group.this",
            "module.eks_deployment.module.eks.aws_eks_cluster.this",
            "module.eks_deployment.module.eks.aws_iam_policy.cni_ipv6_policy",
            "module.eks_deployment.module.eks.aws_iam_role.this",
            "module.eks_deployment.module.eks.aws_iam_role_policy_attachment.this",
            "module.eks_deployment.module.eks.aws_security_group.cluster",
            "module.eks_deployment.module.eks.aws_security_group.node",
            "module.eks_deployment.module.eks.aws_security_group_rule.cluster",
            "module.eks_deployment.module.eks.aws_security_group_rule.node",
            "module.eks_deployment.module.eks.data.aws_caller_identity.current",
            "module.eks_deployment.module.eks.data.aws_iam_policy_document.assume_role_policy",
            "module.eks_deployment.module.eks.data.aws_iam_policy_document.cni_ipv6_policy",
            "module.eks_deployment.module.eks.data.aws_iam_session_context.current",
            "module.eks_deployment.module.eks.data.aws_partition.current",
            "module.eks_deployment.module.eks.module.kms.aws_kms_external_key.this",
            "module.eks_deployment.module.eks.module.kms.aws_kms_key.this",
            "module.eks_deployment.module.eks.module.kms.data.aws_caller_identity.current",
            "module.eks_deployment.module.eks.module.kms.data.aws_iam_policy_document.this",
            "module.eks_deployment.module.eks.module.kms.data.aws_partition.current",
            "module.eks_deployment.module.eks_blueprints_kubernetes_addons.data.aws_caller_identity.current",
            "module.eks_deployment.module.eks_blueprints_kubernetes_addons.data.aws_eks_cluster.eks_cluster",
            "module.eks_deployment.module.eks_blueprints_kubernetes_addons.data.aws_partition.current",
            "module.eks_deployment.module.eks_blueprints_kubernetes_addons.data.aws_region.current",
            "module.eks_deployment.module.eks_blueprints_kubernetes_addons.module.aws_cloudwatch_metrics.module.helm_addon.module.irsa.aws_iam_role.irsa",
            "module.eks_deployment.module.eks_blueprints_kubernetes_addons.module.aws_cloudwatch_metrics.module.helm_addon.module.irsa.kubernetes_namespace_v1.irsa",
            "module.eks_deployment.module.eks_blueprints_kubernetes_addons.time_sleep.dataplane",
            "module.vpc.aws_subnet.private",
            "module.vpc.aws_vpc.this",
            "module.vpc.aws_vpc_ipv4_cidr_block_association.this"
          ]
        }
      ]
    },
    {
      "module": "module.eks_deployment[0].module.eks_blueprints_kubernetes_addons.module.aws_load_balancer_controller[0]",
      "mode": "data",
      "type": "aws_iam_policy_document",
      "name": "aws_lb",
      "provider": "provider[\"registry.terraform.io/hashicorp/aws\"]",
      "instances": [
        {
          "schema_version": 0,
          "attributes": {
            "id": "2633998141",
            "json": "{\n  \"Version\": \"2012-10-17\",\n  \"Statement\": [\n    {\n      \"Sid\": \"\",\n      \"Effect\": \"Allow\",\n      \"Action\": \"iam:CreateServiceLinkedRole\",\n      \"Resource\": \"*\",\n      \"Condition\": {\n        \"StringEquals\": {\n          \"iam:AWSServiceName\": \"elasticloadbalancing.amazonaws.com\"\n        }\n      }\n    },\n    {\n      \"Sid\": \"\",\n      \"Effect\": \"Allow\",\n      \"Action\": [\n        \"elasticloadbalancing:DescribeTargetHealth\",\n        \"elasticloadbalancing:DescribeTargetGroups\",\n        \"elasticloadbalancing:DescribeTargetGroupAttributes\",\n        \"elasticloadbalancing:DescribeTags\",\n        \"elasticloadbalancing:DescribeSSLPolicies\",\n        \"elasticloadbalancing:DescribeRules\",\n        \"elasticloadbalancing:DescribeLoadBalancers\",\n        \"elasticloadbalancing:DescribeLoadBalancerAttributes\",\n        \"elasticloadbalancing:DescribeListeners\",\n        \"elasticloadbalancing:DescribeListenerCertificates\",\n        \"ec2:GetCoipPoolUsage\",\n        \"ec2:DescribeVpcs\",\n        \"ec2:DescribeVpcPeeringConnections\",\n        \"ec2:DescribeTags\",\n        \"ec2:DescribeSubnets\",\n        \"ec2:DescribeSecurityGroups\",\n        \"ec2:DescribeNetworkInterfaces\",\n        \"ec2:DescribeInternetGateways\",\n        \"ec2:DescribeInstances\",\n        \"ec2:DescribeCoipPools\",\n        \"ec2:DescribeAvailabilityZones\",\n        \"ec2:DescribeAddresses\",\n        \"ec2:DescribeAccountAttributes\"\n      ],\n      \"Resource\": \"*\"\n    },\n    {\n      \"Sid\": \"\",\n      \"Effect\": \"Allow\",\n      \"Action\": [\n        \"wafv2:GetWebACLForResource\",\n        \"wafv2:GetWebACL\",\n        \"wafv2:DisassociateWebACL\",\n        \"wafv2:AssociateWebACL\",\n        \"waf-regional:GetWebACLForResource\",\n        \"waf-regional:GetWebACL\",\n        \"waf-regional:DisassociateWebACL\",\n        \"waf-regional:AssociateWebACL\",\n        \"shield:GetSubscriptionState\",\n        \"shield:DescribeProtection\",\n        \"shield:DeleteProtection\",\n        \"shield:CreateProtection\",\n        \"iam:ListServerCertificates\",\n        \"iam:GetServerCertificate\",\n        \"cognito-idp:DescribeUserPoolClient\",\n        \"acm:ListCertificates\",\n        \"acm:DescribeCertificate\"\n      ],\n      \"Resource\": \"*\"\n    },\n    {\n      \"Sid\": \"\",\n      \"Effect\": \"Allow\",\n      \"Action\": [\n        \"ec2:RevokeSecurityGroupIngress\",\n        \"ec2:AuthorizeSecurityGroupIngress\"\n      ],\n      \"Resource\": \"*\"\n    },\n    {\n      \"Sid\": \"\",\n      \"Effect\": \"Allow\",\n      \"Action\": \"ec2:CreateSecurityGroup\",\n      \"Resource\": \"*\"\n    },\n    {\n      \"Sid\": \"\",\n      \"Effect\": \"Allow\",\n      \"Action\": \"ec2:CreateTags\",\n      \"Resource\": \"arn:aws:ec2:*:*:security-group/*\",\n      \"Condition\": {\n        \"Null\": {\n          \"aws:RequestTag/elbv2.k8s.aws/cluster\": \"false\"\n        },\n        \"StringEquals\": {\n          \"ec2:CreateAction\": \"CreateSecurityGroup\"\n        }\n      }\n    },\n    {\n      \"Sid\": \"\",\n      \"Effect\": \"Allow\",\n      \"Action\": [\n        \"ec2:DeleteTags\",\n        \"ec2:CreateTags\"\n      ],\n      \"Resource\": \"arn:aws:ec2:*:*:security-group/*\",\n      \"Condition\": {\n        \"Null\": {\n          \"aws:ResourceTag/ingress.k8s.aws/cluster\": \"false\"\n        }\n      }\n    },\n    {\n      \"Sid\": \"\",\n      \"Effect\": \"Allow\",\n      \"Action\": [\n        \"elasticloadbalancing:RemoveTags\",\n        \"elasticloadbalancing:DeleteTargetGroup\",\n        \"elasticloadbalancing:AddTags\"\n      ],\n      \"Resource\": [\n        \"arn:aws:elasticloadbalancing:*:*:targetgroup/*/*\",\n        \"arn:aws:elasticloadbalancing:*:*:loadbalancer/net/*/*\",\n        \"arn:aws:elasticloadbalancing:*:*:loadbalancer/app/*/*\"\n      ],\n      \"Condition\": {\n        \"Null\": {\n          \"aws:ResourceTag/ingress.k8s.aws/cluster\": \"false\"\n        }\n      }\n    },\n    {\n      \"Sid\": \"\",\n      \"Effect\": \"Allow\",\n      \"Action\": [\n        \"ec2:DeleteTags\",\n        \"ec2:CreateTags\"\n      ],\n      \"Resource\": \"arn:aws:ec2:*:*:security-group/*\",\n      \"Condition\": {\n        \"Null\": {\n          \"aws:RequestTag/elbv2.k8s.aws/cluster\": \"true\",\n          \"aws:ResourceTag/elbv2.k8s.aws/cluster\": \"false\"\n        }\n      }\n    },\n    {\n      \"Sid\": \"\",\n      \"Effect\": \"Allow\",\n      \"Action\": [\n        \"ec2:RevokeSecurityGroupIngress\",\n        \"ec2:DeleteSecurityGroup\",\n        \"ec2:AuthorizeSecurityGroupIngress\"\n      ],\n      \"Resource\": \"*\",\n      \"Condition\": {\n        \"Null\": {\n          \"aws:ResourceTag/elbv2.k8s.aws/cluster\": \"false\"\n        }\n      }\n    },\n    {\n      \"Sid\": \"\",\n      \"Effect\": \"Allow\",\n      \"Action\": [\n        \"elasticloadbalancing:CreateTargetGroup\",\n        \"elasticloadbalancing:CreateLoadBalancer\"\n      ],\n      \"Resource\": \"*\",\n      \"Condition\": {\n        \"Null\": {\n          \"aws:RequestTag/elbv2.k8s.aws/cluster\": \"false\"\n        }\n      }\n    },\n    {\n      \"Sid\": \"\",\n      \"Effect\": \"Allow\",\n      \"Action\": [\n        \"elasticloadbalancing:DeleteRule\",\n        \"elasticloadbalancing:DeleteListener\",\n        \"elasticloadbalancing:CreateRule\",\n        \"elasticloadbalancing:CreateListener\"\n      ],\n      \"Resource\": \"*\"\n    },\n    {\n      \"Sid\": \"\",\n      \"Effect\": \"Allow\",\n      \"Action\": [\n        \"elasticloadbalancing:RemoveTags\",\n        \"elasticloadbalancing:AddTags\"\n      ],\n      \"Resource\": [\n        \"arn:aws:elasticloadbalancing:*:*:targetgroup/*/*\",\n        \"arn:aws:elasticloadbalancing:*:*:loadbalancer/net/*/*\",\n        \"arn:aws:elasticloadbalancing:*:*:loadbalancer/app/*/*\"\n      ],\n      \"Condition\": {\n        \"Null\": {\n          \"aws:RequestTag/elbv2.k8s.aws/cluster\": \"true\",\n          \"aws:ResourceTag/elbv2.k8s.aws/cluster\": \"false\"\n        }\n      }\n    },\n    {\n      \"Sid\": \"\",\n      \"Effect\": \"Allow\",\n      \"Action\": [\n        \"elasticloadbalancing:RemoveTags\",\n        \"elasticloadbalancing:AddTags\"\n      ],\n      \"Resource\": [\n        \"arn:aws:elasticloadbalancing:*:*:listener/net/*/*/*\",\n        \"arn:aws:elasticloadbalancing:*:*:listener/app/*/*/*\",\n        \"arn:aws:elasticloadbalancing:*:*:listener-rule/net/*/*/*\",\n        \"arn:aws:elasticloadbalancing:*:*:listener-rule/app/*/*/*\"\n      ]\n    },\n    {\n      \"Sid\": \"\",\n      \"Effect\": \"Allow\",\n      \"Action\": [\n        \"elasticloadbalancing:SetSubnets\",\n        \"elasticloadbalancing:SetSecurityGroups\",\n        \"elasticloadbalancing:SetIpAddressType\",\n        \"elasticloadbalancing:ModifyTargetGroupAttributes\",\n        \"elasticloadbalancing:ModifyTargetGroup\",\n        \"elasticloadbalancing:ModifyLoadBalancerAttributes\",\n        \"elasticloadbalancing:DeleteTargetGroup\",\n        \"elasticloadbalancing:DeleteLoadBalancer\"\n      ],\n      \"Resource\": \"*\",\n      \"Condition\": {\n        \"Null\": {\n          \"aws:ResourceTag/elbv2.k8s.aws/cluster\": \"false\"\n        }\n      }\n    },\n    {\n      \"Sid\": \"\",\n      \"Effect\": \"Allow\",\n      \"Action\": [\n        \"elasticloadbalancing:RegisterTargets\",\n        \"elasticloadbalancing:DeregisterTargets\"\n      ],\n      \"Resource\": \"arn:aws:elasticloadbalancing:*:*:targetgroup/*/*\"\n    },\n    {\n      \"Sid\": \"\",\n      \"Effect\": \"Allow\",\n      \"Action\": [\n        \"elasticloadbalancing:SetWebAcl\",\n        \"elasticloadbalancing:RemoveListenerCertificates\",\n        \"elasticloadbalancing:ModifyRule\",\n        \"elasticloadbalancing:ModifyListener\",\n        \"elasticloadbalancing:AddListenerCertificates\"\n      ],\n      \"Resource\": \"*\"\n    }\n  ]\n}",
            "override_json": null,
            "override_policy_documents": null,
            "policy_id": null,
            "source_json": null,
            "source_policy_documents": null,
            "statement": [
              {
                "actions": [
                  "iam:CreateServiceLinkedRole"
                ],
                "condition": [
                  {
                    "test": "StringEquals",
                    "values": [
                      "elasticloadbalancing.amazonaws.com"
                    ],
                    "variable": "iam:AWSServiceName"
                  }
                ],
                "effect": "Allow",
                "not_actions": [],
                "not_principals": [],
                "not_resources": [],
                "principals": [],
                "resources": [
                  "*"
                ],
                "sid": ""
              },
              {
                "actions": [
                  "ec2:DescribeAccountAttributes",
                  "ec2:DescribeAddresses",
                  "ec2:DescribeAvailabilityZones",
                  "ec2:DescribeCoipPools",
                  "ec2:DescribeInstances",
                  "ec2:DescribeInternetGateways",
                  "ec2:DescribeNetworkInterfaces",
                  "ec2:DescribeSecurityGroups",
                  "ec2:DescribeSubnets",
                  "ec2:DescribeTags",
                  "ec2:DescribeVpcPeeringConnections",
                  "ec2:DescribeVpcs",
                  "ec2:GetCoipPoolUsage",
                  "elasticloadbalancing:DescribeListenerCertificates",
                  "elasticloadbalancing:DescribeListeners",
                  "elasticloadbalancing:DescribeLoadBalancerAttributes",
                  "elasticloadbalancing:DescribeLoadBalancers",
                  "elasticloadbalancing:DescribeRules",
                  "elasticloadbalancing:DescribeSSLPolicies",
                  "elasticloadbalancing:DescribeTags",
                  "elasticloadbalancing:DescribeTargetGroupAttributes",
                  "elasticloadbalancing:DescribeTargetGroups",
                  "elasticloadbalancing:DescribeTargetHealth"
                ],
                "condition": [],
                "effect": "Allow",
                "not_actions": [],
                "not_principals": [],
                "not_resources": [],
                "principals": [],
                "resources": [
                  "*"
                ],
                "sid": ""
              },
              {
                "actions": [
                  "acm:DescribeCertificate",
                  "acm:ListCertificates",
                  "cognito-idp:DescribeUserPoolClient",
                  "iam:GetServerCertificate",
                  "iam:ListServerCertificates",
                  "shield:CreateProtection",
                  "shield:DeleteProtection",
                  "shield:DescribeProtection",
                  "shield:GetSubscriptionState",
                  "waf-regional:AssociateWebACL",
                  "waf-regional:DisassociateWebACL",
                  "waf-regional:GetWebACL",
                  "waf-regional:GetWebACLForResource",
                  "wafv2:AssociateWebACL",
                  "wafv2:DisassociateWebACL",
                  "wafv2:GetWebACL",
                  "wafv2:GetWebACLForResource"
                ],
                "condition": [],
                "effect": "Allow",
                "not_actions": [],
                "not_principals": [],
                "not_resources": [],
                "principals": [],
                "resources": [
                  "*"
                ],
                "sid": ""
              },
              {
                "actions": [
                  "ec2:AuthorizeSecurityGroupIngress",
                  "ec2:RevokeSecurityGroupIngress"
                ],
                "condition": [],
                "effect": "Allow",
                "not_actions": [],
                "not_principals": [],
                "not_resources": [],
                "principals": [],
                "resources": [
                  "*"
                ],
                "sid": ""
              },
              {
                "actions": [
                  "ec2:CreateSecurityGroup"
                ],
                "condition": [],
                "effect": "Allow",
                "not_actions": [],
                "not_principals": [],
                "not_resources": [],
                "principals": [],
                "resources": [
                  "*"
                ],
                "sid": ""
              },
              {
                "actions": [
                  "ec2:CreateTags"
                ],
                "condition": [
                  {
                    "test": "Null",
                    "values": [
                      "false"
                    ],
                    "variable": "aws:RequestTag/elbv2.k8s.aws/cluster"
                  },
                  {
                    "test": "StringEquals",
                    "values": [
                      "CreateSecurityGroup"
                    ],
                    "variable": "ec2:CreateAction"
                  }
                ],
                "effect": "Allow",
                "not_actions": [],
                "not_principals": [],
                "not_resources": [],
                "principals": [],
                "resources": [
                  "arn:aws:ec2:*:*:security-group/*"
                ],
                "sid": ""
              },
              {
                "actions": [
                  "ec2:CreateTags",
                  "ec2:DeleteTags"
                ],
                "condition": [
                  {
                    "test": "Null",
                    "values": [
                      "false"
                    ],
                    "variable": "aws:ResourceTag/ingress.k8s.aws/cluster"
                  }
                ],
                "effect": "Allow",
                "not_actions": [],
                "not_principals": [],
                "not_resources": [],
                "principals": [],
                "resources": [
                  "arn:aws:ec2:*:*:security-group/*"
                ],
                "sid": ""
              },
              {
                "actions": [
                  "elasticloadbalancing:AddTags",
                  "elasticloadbalancing:DeleteTargetGroup",
                  "elasticloadbalancing:RemoveTags"
                ],
                "condition": [
                  {
                    "test": "Null",
                    "values": [
                      "false"
                    ],
                    "variable": "aws:ResourceTag/ingress.k8s.aws/cluster"
                  }
                ],
                "effect": "Allow",
                "not_actions": [],
                "not_principals": [],
                "not_resources": [],
                "principals": [],
                "resources": [
                  "arn:aws:elasticloadbalancing:*:*:loadbalancer/app/*/*",
                  "arn:aws:elasticloadbalancing:*:*:loadbalancer/net/*/*",
                  "arn:aws:elasticloadbalancing:*:*:targetgroup/*/*"
                ],
                "sid": ""
              },
              {
                "actions": [
                  "ec2:CreateTags",
                  "ec2:DeleteTags"
                ],
                "condition": [
                  {
                    "test": "Null",
                    "values": [
                      "false"
                    ],
                    "variable": "aws:ResourceTag/elbv2.k8s.aws/cluster"
                  },
                  {
                    "test": "Null",
                    "values": [
                      "true"
                    ],
                    "variable": "aws:RequestTag/elbv2.k8s.aws/cluster"
                  }
                ],
                "effect": "Allow",
                "not_actions": [],
                "not_principals": [],
                "not_resources": [],
                "principals": [],
                "resources": [
                  "arn:aws:ec2:*:*:security-group/*"
                ],
                "sid": ""
              },
              {
                "actions": [
                  "ec2:AuthorizeSecurityGroupIngress",
                  "ec2:DeleteSecurityGroup",
                  "ec2:RevokeSecurityGroupIngress"
                ],
                "condition": [
                  {
                    "test": "Null",
                    "values": [
                      "false"
                    ],
                    "variable": "aws:ResourceTag/elbv2.k8s.aws/cluster"
                  }
                ],
                "effect": "Allow",
                "not_actions": [],
                "not_principals": [],
                "not_resources": [],
                "principals": [],
                "resources": [
                  "*"
                ],
                "sid": ""
              },
              {
                "actions": [
                  "elasticloadbalancing:CreateLoadBalancer",
                  "elasticloadbalancing:CreateTargetGroup"
                ],
                "condition": [
                  {
                    "test": "Null",
                    "values": [
                      "false"
                    ],
                    "variable": "aws:RequestTag/elbv2.k8s.aws/cluster"
                  }
                ],
                "effect": "Allow",
                "not_actions": [],
                "not_principals": [],
                "not_resources": [],
                "principals": [],
                "resources": [
                  "*"
                ],
                "sid": ""
              },
              {
                "actions": [
                  "elasticloadbalancing:CreateListener",
                  "elasticloadbalancing:CreateRule",
                  "elasticloadbalancing:DeleteListener",
                  "elasticloadbalancing:DeleteRule"
                ],
                "condition": [],
                "effect": "Allow",
                "not_actions": [],
                "not_principals": [],
                "not_resources": [],
                "principals": [],
                "resources": [
                  "*"
                ],
                "sid": ""
              },
              {
                "actions": [
                  "elasticloadbalancing:AddTags",
                  "elasticloadbalancing:RemoveTags"
                ],
                "condition": [
                  {
                    "test": "Null",
                    "values": [
                      "false"
                    ],
                    "variable": "aws:ResourceTag/elbv2.k8s.aws/cluster"
                  },
                  {
                    "test": "Null",
                    "values": [
                      "true"
                    ],
                    "variable": "aws:RequestTag/elbv2.k8s.aws/cluster"
                  }
                ],
                "effect": "Allow",
                "not_actions": [],
                "not_principals": [],
                "not_resources": [],
                "principals": [],
                "resources": [
                  "arn:aws:elasticloadbalancing:*:*:loadbalancer/app/*/*",
                  "arn:aws:elasticloadbalancing:*:*:loadbalancer/net/*/*",
                  "arn:aws:elasticloadbalancing:*:*:targetgroup/*/*"
                ],
                "sid": ""
              },
              {
                "actions": [
                  "elasticloadbalancing:AddTags",
                  "elasticloadbalancing:RemoveTags"
                ],
                "condition": [],
                "effect": "Allow",
                "not_actions": [],
                "not_principals": [],
                "not_resources": [],
                "principals": [],
                "resources": [
                  "arn:aws:elasticloadbalancing:*:*:listener-rule/app/*/*/*",
                  "arn:aws:elasticloadbalancing:*:*:listener-rule/net/*/*/*",
                  "arn:aws:elasticloadbalancing:*:*:listener/app/*/*/*",
                  "arn:aws:elasticloadbalancing:*:*:listener/net/*/*/*"
                ],
                "sid": ""
              },
              {
                "actions": [
                  "elasticloadbalancing:DeleteLoadBalancer",
                  "elasticloadbalancing:DeleteTargetGroup",
                  "elasticloadbalancing:ModifyLoadBalancerAttributes",
                  "elasticloadbalancing:ModifyTargetGroup",
                  "elasticloadbalancing:ModifyTargetGroupAttributes",
                  "elasticloadbalancing:SetIpAddressType",
                  "elasticloadbalancing:SetSecurityGroups",
                  "elasticloadbalancing:SetSubnets"
                ],
                "condition": [
                  {
                    "test": "Null",
                    "values": [
                      "false"
                    ],
                    "variable": "aws:ResourceTag/elbv2.k8s.aws/cluster"
                  }
                ],
                "effect": "Allow",
                "not_actions": [],
                "not_principals": [],
                "not_resources": [],
                "principals": [],
                "resources": [
                  "*"
                ],
                "sid": ""
              },
              {
                "actions": [
                  "elasticloadbalancing:DeregisterTargets",
                  "elasticloadbalancing:RegisterTargets"
                ],
                "condition": [],
                "effect": "Allow",
                "not_actions": [],
                "not_principals": [],
                "not_resources": [],
                "principals": [],
                "resources": [
                  "arn:aws:elasticloadbalancing:*:*:targetgroup/*/*"
                ],
                "sid": ""
              },
              {
                "actions": [
                  "elasticloadbalancing:AddListenerCertificates",
                  "elasticloadbalancing:ModifyListener",
                  "elasticloadbalancing:ModifyRule",
                  "elasticloadbalancing:RemoveListenerCertificates",
                  "elasticloadbalancing:SetWebAcl"
                ],
                "condition": [],
                "effect": "Allow",
                "not_actions": [],
                "not_principals": [],
                "not_resources": [],
                "principals": [],
                "resources": [
                  "*"
                ],
                "sid": ""
              }
            ],
            "version": "2012-10-17"
          },
          "sensitive_attributes": []
        }
      ]
    },
    {
      "module": "module.eks_deployment[0].module.eks_blueprints_kubernetes_addons.module.aws_load_balancer_controller[0]",
      "mode": "managed",
      "type": "aws_iam_policy",
      "name": "aws_load_balancer_controller",
      "provider": "provider[\"registry.terraform.io/hashicorp/aws\"]",
      "instances": [
        {
          "schema_version": 0,
          "attributes": {
            "arn": "arn:aws:iam::897196112581:policy/cometeks-lb-irsa",
            "description": "Allows lb controller to manage ALB and NLB",
            "id": "arn:aws:iam::897196112581:policy/cometeks-lb-irsa",
            "name": "cometeks-lb-irsa",
            "name_prefix": "",
            "path": "/",
            "policy": "{\"Statement\":[{\"Action\":\"iam:CreateServiceLinkedRole\",\"Condition\":{\"StringEquals\":{\"iam:AWSServiceName\":\"elasticloadbalancing.amazonaws.com\"}},\"Effect\":\"Allow\",\"Resource\":\"*\",\"Sid\":\"\"},{\"Action\":[\"elasticloadbalancing:DescribeTargetHealth\",\"elasticloadbalancing:DescribeTargetGroups\",\"elasticloadbalancing:DescribeTargetGroupAttributes\",\"elasticloadbalancing:DescribeTags\",\"elasticloadbalancing:DescribeSSLPolicies\",\"elasticloadbalancing:DescribeRules\",\"elasticloadbalancing:DescribeLoadBalancers\",\"elasticloadbalancing:DescribeLoadBalancerAttributes\",\"elasticloadbalancing:DescribeListeners\",\"elasticloadbalancing:DescribeListenerCertificates\",\"ec2:GetCoipPoolUsage\",\"ec2:DescribeVpcs\",\"ec2:DescribeVpcPeeringConnections\",\"ec2:DescribeTags\",\"ec2:DescribeSubnets\",\"ec2:DescribeSecurityGroups\",\"ec2:DescribeNetworkInterfaces\",\"ec2:DescribeInternetGateways\",\"ec2:DescribeInstances\",\"ec2:DescribeCoipPools\",\"ec2:DescribeAvailabilityZones\",\"ec2:DescribeAddresses\",\"ec2:DescribeAccountAttributes\"],\"Effect\":\"Allow\",\"Resource\":\"*\",\"Sid\":\"\"},{\"Action\":[\"wafv2:GetWebACLForResource\",\"wafv2:GetWebACL\",\"wafv2:DisassociateWebACL\",\"wafv2:AssociateWebACL\",\"waf-regional:GetWebACLForResource\",\"waf-regional:GetWebACL\",\"waf-regional:DisassociateWebACL\",\"waf-regional:AssociateWebACL\",\"shield:GetSubscriptionState\",\"shield:DescribeProtection\",\"shield:DeleteProtection\",\"shield:CreateProtection\",\"iam:ListServerCertificates\",\"iam:GetServerCertificate\",\"cognito-idp:DescribeUserPoolClient\",\"acm:ListCertificates\",\"acm:DescribeCertificate\"],\"Effect\":\"Allow\",\"Resource\":\"*\",\"Sid\":\"\"},{\"Action\":[\"ec2:RevokeSecurityGroupIngress\",\"ec2:AuthorizeSecurityGroupIngress\"],\"Effect\":\"Allow\",\"Resource\":\"*\",\"Sid\":\"\"},{\"Action\":\"ec2:CreateSecurityGroup\",\"Effect\":\"Allow\",\"Resource\":\"*\",\"Sid\":\"\"},{\"Action\":\"ec2:CreateTags\",\"Condition\":{\"Null\":{\"aws:RequestTag/elbv2.k8s.aws/cluster\":\"false\"},\"StringEquals\":{\"ec2:CreateAction\":\"CreateSecurityGroup\"}},\"Effect\":\"Allow\",\"Resource\":\"arn:aws:ec2:*:*:security-group/*\",\"Sid\":\"\"},{\"Action\":[\"ec2:DeleteTags\",\"ec2:CreateTags\"],\"Condition\":{\"Null\":{\"aws:ResourceTag/ingress.k8s.aws/cluster\":\"false\"}},\"Effect\":\"Allow\",\"Resource\":\"arn:aws:ec2:*:*:security-group/*\",\"Sid\":\"\"},{\"Action\":[\"elasticloadbalancing:RemoveTags\",\"elasticloadbalancing:DeleteTargetGroup\",\"elasticloadbalancing:AddTags\"],\"Condition\":{\"Null\":{\"aws:ResourceTag/ingress.k8s.aws/cluster\":\"false\"}},\"Effect\":\"Allow\",\"Resource\":[\"arn:aws:elasticloadbalancing:*:*:targetgroup/*/*\",\"arn:aws:elasticloadbalancing:*:*:loadbalancer/net/*/*\",\"arn:aws:elasticloadbalancing:*:*:loadbalancer/app/*/*\"],\"Sid\":\"\"},{\"Action\":[\"ec2:DeleteTags\",\"ec2:CreateTags\"],\"Condition\":{\"Null\":{\"aws:RequestTag/elbv2.k8s.aws/cluster\":\"true\",\"aws:ResourceTag/elbv2.k8s.aws/cluster\":\"false\"}},\"Effect\":\"Allow\",\"Resource\":\"arn:aws:ec2:*:*:security-group/*\",\"Sid\":\"\"},{\"Action\":[\"ec2:RevokeSecurityGroupIngress\",\"ec2:DeleteSecurityGroup\",\"ec2:AuthorizeSecurityGroupIngress\"],\"Condition\":{\"Null\":{\"aws:ResourceTag/elbv2.k8s.aws/cluster\":\"false\"}},\"Effect\":\"Allow\",\"Resource\":\"*\",\"Sid\":\"\"},{\"Action\":[\"elasticloadbalancing:CreateTargetGroup\",\"elasticloadbalancing:CreateLoadBalancer\"],\"Condition\":{\"Null\":{\"aws:RequestTag/elbv2.k8s.aws/cluster\":\"false\"}},\"Effect\":\"Allow\",\"Resource\":\"*\",\"Sid\":\"\"},{\"Action\":[\"elasticloadbalancing:DeleteRule\",\"elasticloadbalancing:DeleteListener\",\"elasticloadbalancing:CreateRule\",\"elasticloadbalancing:CreateListener\"],\"Effect\":\"Allow\",\"Resource\":\"*\",\"Sid\":\"\"},{\"Action\":[\"elasticloadbalancing:RemoveTags\",\"elasticloadbalancing:AddTags\"],\"Condition\":{\"Null\":{\"aws:RequestTag/elbv2.k8s.aws/cluster\":\"true\",\"aws:ResourceTag/elbv2.k8s.aws/cluster\":\"false\"}},\"Effect\":\"Allow\",\"Resource\":[\"arn:aws:elasticloadbalancing:*:*:targetgroup/*/*\",\"arn:aws:elasticloadbalancing:*:*:loadbalancer/net/*/*\",\"arn:aws:elasticloadbalancing:*:*:loadbalancer/app/*/*\"],\"Sid\":\"\"},{\"Action\":[\"elasticloadbalancing:RemoveTags\",\"elasticloadbalancing:AddTags\"],\"Effect\":\"Allow\",\"Resource\":[\"arn:aws:elasticloadbalancing:*:*:listener/net/*/*/*\",\"arn:aws:elasticloadbalancing:*:*:listener/app/*/*/*\",\"arn:aws:elasticloadbalancing:*:*:listener-rule/net/*/*/*\",\"arn:aws:elasticloadbalancing:*:*:listener-rule/app/*/*/*\"],\"Sid\":\"\"},{\"Action\":[\"elasticloadbalancing:SetSubnets\",\"elasticloadbalancing:SetSecurityGroups\",\"elasticloadbalancing:SetIpAddressType\",\"elasticloadbalancing:ModifyTargetGroupAttributes\",\"elasticloadbalancing:ModifyTargetGroup\",\"elasticloadbalancing:ModifyLoadBalancerAttributes\",\"elasticloadbalancing:DeleteTargetGroup\",\"elasticloadbalancing:DeleteLoadBalancer\"],\"Condition\":{\"Null\":{\"aws:ResourceTag/elbv2.k8s.aws/cluster\":\"false\"}},\"Effect\":\"Allow\",\"Resource\":\"*\",\"Sid\":\"\"},{\"Action\":[\"elasticloadbalancing:RegisterTargets\",\"elasticloadbalancing:DeregisterTargets\"],\"Effect\":\"Allow\",\"Resource\":\"arn:aws:elasticloadbalancing:*:*:targetgroup/*/*\",\"Sid\":\"\"},{\"Action\":[\"elasticloadbalancing:SetWebAcl\",\"elasticloadbalancing:RemoveListenerCertificates\",\"elasticloadbalancing:ModifyRule\",\"elasticloadbalancing:ModifyListener\",\"elasticloadbalancing:AddListenerCertificates\"],\"Effect\":\"Allow\",\"Resource\":\"*\",\"Sid\":\"\"}],\"Version\":\"2012-10-17\"}",
            "policy_id": "ANPA5BZIOHLC2K3UKJQDA",
            "tags": {
              "Environment": "dev",
              "Terraform_Managed": "true"
            },
            "tags_all": {
              "Environment": "dev",
              "Terraform_Managed": "true"
            }
          },
          "sensitive_attributes": [],
          "private": "bnVsbA==",
          "dependencies": [
            "data.aws_availability_zones.available",
            "module.eks_deployment.module.eks.aws_cloudwatch_log_group.this",
            "module.eks_deployment.module.eks.aws_eks_cluster.this",
            "module.eks_deployment.module.eks.aws_iam_policy.cni_ipv6_policy",
            "module.eks_deployment.module.eks.aws_iam_role.this",
            "module.eks_deployment.module.eks.aws_iam_role_policy_attachment.this",
            "module.eks_deployment.module.eks.aws_security_group.cluster",
            "module.eks_deployment.module.eks.aws_security_group.node",
            "module.eks_deployment.module.eks.aws_security_group_rule.cluster",
            "module.eks_deployment.module.eks.aws_security_group_rule.node",
            "module.eks_deployment.module.eks.data.aws_caller_identity.current",
            "module.eks_deployment.module.eks.data.aws_iam_policy_document.assume_role_policy",
            "module.eks_deployment.module.eks.data.aws_iam_policy_document.cni_ipv6_policy",
            "module.eks_deployment.module.eks.data.aws_iam_session_context.current",
            "module.eks_deployment.module.eks.data.aws_partition.current",
            "module.eks_deployment.module.eks.module.kms.aws_kms_external_key.this",
            "module.eks_deployment.module.eks.module.kms.aws_kms_key.this",
            "module.eks_deployment.module.eks.module.kms.data.aws_caller_identity.current",
            "module.eks_deployment.module.eks.module.kms.data.aws_iam_policy_document.this",
            "module.eks_deployment.module.eks.module.kms.data.aws_partition.current",
            "module.eks_deployment.module.eks_blueprints_kubernetes_addons.data.aws_caller_identity.current",
            "module.eks_deployment.module.eks_blueprints_kubernetes_addons.data.aws_eks_cluster.eks_cluster",
            "module.eks_deployment.module.eks_blueprints_kubernetes_addons.data.aws_partition.current",
            "module.eks_deployment.module.eks_blueprints_kubernetes_addons.data.aws_region.current",
            "module.eks_deployment.module.eks_blueprints_kubernetes_addons.module.aws_load_balancer_controller.data.aws_iam_policy_document.aws_lb",
            "module.eks_deployment.module.eks_blueprints_kubernetes_addons.time_sleep.dataplane",
            "module.vpc.aws_subnet.private",
            "module.vpc.aws_vpc.this",
            "module.vpc.aws_vpc_ipv4_cidr_block_association.this"
          ]
        }
      ]
    },
    {
      "module": "module.eks_deployment[0].module.eks_blueprints_kubernetes_addons.module.aws_load_balancer_controller[0].module.helm_addon",
      "mode": "managed",
      "type": "helm_release",
      "name": "addon",
      "provider": "provider[\"registry.terraform.io/hashicorp/helm\"]",
      "instances": [
        {
          "index_key": 0,
          "schema_version": 1,
          "attributes": {
            "atomic": false,
            "chart": "aws-load-balancer-controller",
            "cleanup_on_fail": false,
            "create_namespace": false,
            "dependency_update": false,
            "description": "aws-load-balancer-controller Helm Chart for ingress resources",
            "devel": null,
            "disable_crd_hooks": false,
            "disable_openapi_validation": false,
            "disable_webhooks": false,
            "force_update": false,
            "id": "aws-load-balancer-controller",
            "keyring": "",
            "lint": false,
            "manifest": null,
            "max_history": 0,
            "metadata": [
              {
                "app_version": "v2.4.4",
                "chart": "aws-load-balancer-controller",
                "name": "aws-load-balancer-controller",
                "namespace": "kube-system",
                "revision": 1,
                "values": "{\"clusterName\":\"cometeks\",\"image\":{\"repository\":\"602401143452.dkr.ecr.us-east-2.amazonaws.com/amazon/aws-load-balancer-controller\"},\"region\":\"us-east-2\",\"serviceAccount\":{\"create\":false,\"name\":\"aws-load-balancer-controller-sa\"}}",
                "version": "1.4.5"
              }
            ],
            "name": "aws-load-balancer-controller",
            "namespace": "kube-system",
            "pass_credentials": false,
            "postrender": [
              {
                "args": [],
                "binary_path": ""
              }
            ],
            "recreate_pods": false,
            "render_subchart_notes": true,
            "replace": false,
            "repository": "https://aws.github.io/eks-charts",
            "repository_ca_file": null,
            "repository_cert_file": "",
            "repository_key_file": "",
            "repository_password": "",
            "repository_username": "",
            "reset_values": false,
            "reuse_values": false,
            "set": [
              {
                "name": "serviceAccount.create",
                "type": "",
                "value": "false"
              },
              {
                "name": "serviceAccount.name",
                "type": "",
                "value": "aws-load-balancer-controller-sa"
              }
            ],
            "set_list": [],
            "set_sensitive": [],
            "skip_crds": false,
            "status": "deployed",
            "timeout": 1200,
            "values": [
              "clusterName: cometeks\nregion: us-east-2\nimage:\n  repository: 602401143452.dkr.ecr.us-east-2.amazonaws.com/amazon/aws-load-balancer-controller\n"
            ],
            "verify": false,
            "version": "1.4.5",
            "wait": true,
            "wait_for_jobs": false
          },
          "sensitive_attributes": [],
          "private": "eyJzY2hlbWFfdmVyc2lvbiI6IjEifQ==",
          "dependencies": [
            "data.aws_availability_zones.available",
            "data.aws_eks_cluster_auth.this",
            "module.eks_deployment.module.eks.aws_cloudwatch_log_group.this",
            "module.eks_deployment.module.eks.aws_eks_cluster.this",
            "module.eks_deployment.module.eks.aws_iam_policy.cni_ipv6_policy",
            "module.eks_deployment.module.eks.aws_iam_role.this",
            "module.eks_deployment.module.eks.aws_iam_role_policy_attachment.this",
            "module.eks_deployment.module.eks.aws_security_group.cluster",
            "module.eks_deployment.module.eks.aws_security_group.node",
            "module.eks_deployment.module.eks.aws_security_group_rule.cluster",
            "module.eks_deployment.module.eks.aws_security_group_rule.node",
            "module.eks_deployment.module.eks.data.aws_caller_identity.current",
            "module.eks_deployment.module.eks.data.aws_iam_policy_document.assume_role_policy",
            "module.eks_deployment.module.eks.data.aws_iam_policy_document.cni_ipv6_policy",
            "module.eks_deployment.module.eks.data.aws_iam_session_context.current",
            "module.eks_deployment.module.eks.data.aws_partition.current",
            "module.eks_deployment.module.eks.module.kms.aws_kms_external_key.this",
            "module.eks_deployment.module.eks.module.kms.aws_kms_key.this",
            "module.eks_deployment.module.eks.module.kms.data.aws_caller_identity.current",
            "module.eks_deployment.module.eks.module.kms.data.aws_iam_policy_document.this",
            "module.eks_deployment.module.eks.module.kms.data.aws_partition.current",
            "module.eks_deployment.module.eks_blueprints_kubernetes_addons.data.aws_caller_identity.current",
            "module.eks_deployment.module.eks_blueprints_kubernetes_addons.data.aws_eks_cluster.eks_cluster",
            "module.eks_deployment.module.eks_blueprints_kubernetes_addons.data.aws_partition.current",
            "module.eks_deployment.module.eks_blueprints_kubernetes_addons.data.aws_region.current",
            "module.eks_deployment.module.eks_blueprints_kubernetes_addons.module.aws_load_balancer_controller.aws_iam_policy.aws_load_balancer_controller",
            "module.eks_deployment.module.eks_blueprints_kubernetes_addons.module.aws_load_balancer_controller.data.aws_iam_policy_document.aws_lb",
            "module.eks_deployment.module.eks_blueprints_kubernetes_addons.module.aws_load_balancer_controller.module.helm_addon.module.irsa.aws_iam_role.irsa",
            "module.eks_deployment.module.eks_blueprints_kubernetes_addons.module.aws_load_balancer_controller.module.helm_addon.module.irsa.aws_iam_role_policy_attachment.irsa",
            "module.eks_deployment.module.eks_blueprints_kubernetes_addons.module.aws_load_balancer_controller.module.helm_addon.module.irsa.kubernetes_namespace_v1.irsa",
            "module.eks_deployment.module.eks_blueprints_kubernetes_addons.module.aws_load_balancer_controller.module.helm_addon.module.irsa.kubernetes_secret_v1.irsa",
            "module.eks_deployment.module.eks_blueprints_kubernetes_addons.module.aws_load_balancer_controller.module.helm_addon.module.irsa.kubernetes_service_account_v1.irsa",
            "module.eks_deployment.module.eks_blueprints_kubernetes_addons.time_sleep.dataplane",
            "module.vpc.aws_subnet.private",
            "module.vpc.aws_vpc.this",
            "module.vpc.aws_vpc_ipv4_cidr_block_association.this"
          ]
        }
      ]
    },
    {
      "module": "module.eks_deployment[0].module.eks_blueprints_kubernetes_addons.module.aws_load_balancer_controller[0].module.helm_addon.module.irsa[0]",
      "mode": "managed",
      "type": "aws_iam_role",
      "name": "irsa",
      "provider": "provider[\"registry.terraform.io/hashicorp/aws\"]",
      "instances": [
        {
          "index_key": 0,
          "schema_version": 0,
          "attributes": {
            "arn": "arn:aws:iam::897196112581:role/cometeks-aws-load-balancer-controller-sa-irsa",
            "assume_role_policy": "{\"Statement\":[{\"Action\":\"sts:AssumeRoleWithWebIdentity\",\"Condition\":{\"StringLike\":{\"oidc.eks.us-east-2.amazonaws.com/id/7F69405B2291B70E8757F49C968147D4:aud\":\"sts.amazonaws.com\",\"oidc.eks.us-east-2.amazonaws.com/id/7F69405B2291B70E8757F49C968147D4:sub\":\"system:serviceaccount:kube-system:aws-load-balancer-controller-sa\"}},\"Effect\":\"Allow\",\"Principal\":{\"Federated\":\"arn:aws:iam::897196112581:oidc-provider/oidc.eks.us-east-2.amazonaws.com/id/7F69405B2291B70E8757F49C968147D4\"}}],\"Version\":\"2012-10-17\"}",
            "create_date": "2023-06-01T16:18:17Z",
            "description": "AWS IAM Role for the Kubernetes service account aws-load-balancer-controller-sa.",
            "force_detach_policies": true,
            "id": "cometeks-aws-load-balancer-controller-sa-irsa",
            "inline_policy": [],
            "managed_policy_arns": [
              "arn:aws:iam::897196112581:policy/cometeks-lb-irsa"
            ],
            "max_session_duration": 3600,
            "name": "cometeks-aws-load-balancer-controller-sa-irsa",
            "name_prefix": "",
            "path": "/",
            "permissions_boundary": "",
            "role_last_used": [
              {
                "last_used_date": "",
                "region": ""
              }
            ],
            "tags": {
              "Environment": "dev",
              "Terraform_Managed": "true"
            },
            "tags_all": {
              "Environment": "dev",
              "Terraform_Managed": "true"
            },
            "unique_id": "AROA5BZIOHLCVUWV7XUTQ"
          },
          "sensitive_attributes": [],
          "private": "bnVsbA==",
          "dependencies": [
            "data.aws_availability_zones.available",
            "module.eks_deployment.module.eks.aws_cloudwatch_log_group.this",
            "module.eks_deployment.module.eks.aws_eks_cluster.this",
            "module.eks_deployment.module.eks.aws_iam_policy.cni_ipv6_policy",
            "module.eks_deployment.module.eks.aws_iam_role.this",
            "module.eks_deployment.module.eks.aws_iam_role_policy_attachment.this",
            "module.eks_deployment.module.eks.aws_security_group.cluster",
            "module.eks_deployment.module.eks.aws_security_group.node",
            "module.eks_deployment.module.eks.aws_security_group_rule.cluster",
            "module.eks_deployment.module.eks.aws_security_group_rule.node",
            "module.eks_deployment.module.eks.data.aws_caller_identity.current",
            "module.eks_deployment.module.eks.data.aws_iam_policy_document.assume_role_policy",
            "module.eks_deployment.module.eks.data.aws_iam_policy_document.cni_ipv6_policy",
            "module.eks_deployment.module.eks.data.aws_iam_session_context.current",
            "module.eks_deployment.module.eks.data.aws_partition.current",
            "module.eks_deployment.module.eks.module.kms.aws_kms_external_key.this",
            "module.eks_deployment.module.eks.module.kms.aws_kms_key.this",
            "module.eks_deployment.module.eks.module.kms.data.aws_caller_identity.current",
            "module.eks_deployment.module.eks.module.kms.data.aws_iam_policy_document.this",
            "module.eks_deployment.module.eks.module.kms.data.aws_partition.current",
            "module.eks_deployment.module.eks_blueprints_kubernetes_addons.data.aws_caller_identity.current",
            "module.eks_deployment.module.eks_blueprints_kubernetes_addons.data.aws_eks_cluster.eks_cluster",
            "module.eks_deployment.module.eks_blueprints_kubernetes_addons.data.aws_partition.current",
            "module.eks_deployment.module.eks_blueprints_kubernetes_addons.data.aws_region.current",
            "module.eks_deployment.module.eks_blueprints_kubernetes_addons.module.aws_load_balancer_controller.aws_iam_policy.aws_load_balancer_controller",
            "module.eks_deployment.module.eks_blueprints_kubernetes_addons.module.aws_load_balancer_controller.data.aws_iam_policy_document.aws_lb",
            "module.eks_deployment.module.eks_blueprints_kubernetes_addons.time_sleep.dataplane",
            "module.vpc.aws_subnet.private",
            "module.vpc.aws_vpc.this",
            "module.vpc.aws_vpc_ipv4_cidr_block_association.this"
          ]
        }
      ]
    },
    {
      "module": "module.eks_deployment[0].module.eks_blueprints_kubernetes_addons.module.aws_load_balancer_controller[0].module.helm_addon.module.irsa[0]",
      "mode": "managed",
      "type": "aws_iam_role_policy_attachment",
      "name": "irsa",
      "provider": "provider[\"registry.terraform.io/hashicorp/aws\"]",
      "instances": [
        {
          "index_key": 0,
          "schema_version": 0,
          "attributes": {
            "id": "cometeks-aws-load-balancer-controller-sa-irsa-20230601161817513700000012",
            "policy_arn": "arn:aws:iam::897196112581:policy/cometeks-lb-irsa",
            "role": "cometeks-aws-load-balancer-controller-sa-irsa"
          },
          "sensitive_attributes": [],
          "private": "bnVsbA==",
          "dependencies": [
            "data.aws_availability_zones.available",
            "module.eks_deployment.module.eks.aws_cloudwatch_log_group.this",
            "module.eks_deployment.module.eks.aws_eks_cluster.this",
            "module.eks_deployment.module.eks.aws_iam_policy.cni_ipv6_policy",
            "module.eks_deployment.module.eks.aws_iam_role.this",
            "module.eks_deployment.module.eks.aws_iam_role_policy_attachment.this",
            "module.eks_deployment.module.eks.aws_security_group.cluster",
            "module.eks_deployment.module.eks.aws_security_group.node",
            "module.eks_deployment.module.eks.aws_security_group_rule.cluster",
            "module.eks_deployment.module.eks.aws_security_group_rule.node",
            "module.eks_deployment.module.eks.data.aws_caller_identity.current",
            "module.eks_deployment.module.eks.data.aws_iam_policy_document.assume_role_policy",
            "module.eks_deployment.module.eks.data.aws_iam_policy_document.cni_ipv6_policy",
            "module.eks_deployment.module.eks.data.aws_iam_session_context.current",
            "module.eks_deployment.module.eks.data.aws_partition.current",
            "module.eks_deployment.module.eks.module.kms.aws_kms_external_key.this",
            "module.eks_deployment.module.eks.module.kms.aws_kms_key.this",
            "module.eks_deployment.module.eks.module.kms.data.aws_caller_identity.current",
            "module.eks_deployment.module.eks.module.kms.data.aws_iam_policy_document.this",
            "module.eks_deployment.module.eks.module.kms.data.aws_partition.current",
            "module.eks_deployment.module.eks_blueprints_kubernetes_addons.data.aws_caller_identity.current",
            "module.eks_deployment.module.eks_blueprints_kubernetes_addons.data.aws_eks_cluster.eks_cluster",
            "module.eks_deployment.module.eks_blueprints_kubernetes_addons.data.aws_partition.current",
            "module.eks_deployment.module.eks_blueprints_kubernetes_addons.data.aws_region.current",
            "module.eks_deployment.module.eks_blueprints_kubernetes_addons.module.aws_load_balancer_controller.aws_iam_policy.aws_load_balancer_controller",
            "module.eks_deployment.module.eks_blueprints_kubernetes_addons.module.aws_load_balancer_controller.data.aws_iam_policy_document.aws_lb",
            "module.eks_deployment.module.eks_blueprints_kubernetes_addons.module.aws_load_balancer_controller.module.helm_addon.module.irsa.aws_iam_role.irsa",
            "module.eks_deployment.module.eks_blueprints_kubernetes_addons.time_sleep.dataplane",
            "module.vpc.aws_subnet.private",
            "module.vpc.aws_vpc.this",
            "module.vpc.aws_vpc_ipv4_cidr_block_association.this"
          ]
        }
      ]
    },
    {
      "module": "module.eks_deployment[0].module.eks_blueprints_kubernetes_addons.module.aws_load_balancer_controller[0].module.helm_addon.module.irsa[0]",
      "mode": "managed",
      "type": "kubernetes_service_account_v1",
      "name": "irsa",
      "provider": "provider[\"registry.terraform.io/hashicorp/kubernetes\"]",
      "instances": [
        {
          "index_key": 0,
          "schema_version": 0,
          "attributes": {
            "automount_service_account_token": true,
            "default_secret_name": "",
            "id": "kube-system/aws-load-balancer-controller-sa",
            "image_pull_secret": [],
            "metadata": [
              {
                "annotations": {
                  "eks.amazonaws.com/role-arn": "arn:aws:iam::897196112581:role/cometeks-aws-load-balancer-controller-sa-irsa"
                },
                "generate_name": "",
                "generation": 0,
                "labels": {},
                "name": "aws-load-balancer-controller-sa",
                "namespace": "kube-system",
                "resource_version": "3583",
                "uid": "d6e571e6-1f82-4389-81d5-1cc96f5b7f48"
              }
            ],
            "secret": [],
            "timeouts": null
          },
          "sensitive_attributes": [],
          "private": "eyJlMmJmYjczMC1lY2FhLTExZTYtOGY4OC0zNDM2M2JjN2M0YzAiOnsiY3JlYXRlIjozMDAwMDAwMDAwMH19",
          "dependencies": [
            "data.aws_availability_zones.available",
            "data.aws_eks_cluster_auth.this",
            "module.eks_deployment.module.eks.aws_cloudwatch_log_group.this",
            "module.eks_deployment.module.eks.aws_eks_cluster.this",
            "module.eks_deployment.module.eks.aws_iam_policy.cni_ipv6_policy",
            "module.eks_deployment.module.eks.aws_iam_role.this",
            "module.eks_deployment.module.eks.aws_iam_role_policy_attachment.this",
            "module.eks_deployment.module.eks.aws_security_group.cluster",
            "module.eks_deployment.module.eks.aws_security_group.node",
            "module.eks_deployment.module.eks.aws_security_group_rule.cluster",
            "module.eks_deployment.module.eks.aws_security_group_rule.node",
            "module.eks_deployment.module.eks.data.aws_caller_identity.current",
            "module.eks_deployment.module.eks.data.aws_iam_policy_document.assume_role_policy",
            "module.eks_deployment.module.eks.data.aws_iam_policy_document.cni_ipv6_policy",
            "module.eks_deployment.module.eks.data.aws_iam_session_context.current",
            "module.eks_deployment.module.eks.data.aws_partition.current",
            "module.eks_deployment.module.eks.module.kms.aws_kms_external_key.this",
            "module.eks_deployment.module.eks.module.kms.aws_kms_key.this",
            "module.eks_deployment.module.eks.module.kms.data.aws_caller_identity.current",
            "module.eks_deployment.module.eks.module.kms.data.aws_iam_policy_document.this",
            "module.eks_deployment.module.eks.module.kms.data.aws_partition.current",
            "module.eks_deployment.module.eks_blueprints_kubernetes_addons.data.aws_caller_identity.current",
            "module.eks_deployment.module.eks_blueprints_kubernetes_addons.data.aws_eks_cluster.eks_cluster",
            "module.eks_deployment.module.eks_blueprints_kubernetes_addons.data.aws_partition.current",
            "module.eks_deployment.module.eks_blueprints_kubernetes_addons.data.aws_region.current",
            "module.eks_deployment.module.eks_blueprints_kubernetes_addons.module.aws_load_balancer_controller.aws_iam_policy.aws_load_balancer_controller",
            "module.eks_deployment.module.eks_blueprints_kubernetes_addons.module.aws_load_balancer_controller.data.aws_iam_policy_document.aws_lb",
            "module.eks_deployment.module.eks_blueprints_kubernetes_addons.module.aws_load_balancer_controller.module.helm_addon.module.irsa.aws_iam_role.irsa",
            "module.eks_deployment.module.eks_blueprints_kubernetes_addons.module.aws_load_balancer_controller.module.helm_addon.module.irsa.kubernetes_namespace_v1.irsa",
            "module.eks_deployment.module.eks_blueprints_kubernetes_addons.time_sleep.dataplane",
            "module.vpc.aws_subnet.private",
            "module.vpc.aws_vpc.this",
            "module.vpc.aws_vpc_ipv4_cidr_block_association.this"
          ]
        }
      ]
    },
    {
      "module": "module.eks_deployment[0].module.eks_blueprints_kubernetes_addons.module.cert_manager[0]",
      "mode": "data",
      "type": "aws_iam_policy_document",
      "name": "cert_manager_iam_policy_document",
      "provider": "provider[\"registry.terraform.io/hashicorp/aws\"]",
      "instances": [
        {
          "schema_version": 0,
          "attributes": {
            "id": "2873133587",
            "json": "{\n  \"Version\": \"2012-10-17\",\n  \"Statement\": [\n    {\n      \"Sid\": \"\",\n      \"Effect\": \"Allow\",\n      \"Action\": \"route53:GetChange\",\n      \"Resource\": \"arn:aws:route53:::change/*\"\n    },\n    {\n      \"Sid\": \"\",\n      \"Effect\": \"Allow\",\n      \"Action\": \"route53:ListHostedZonesByName\",\n      \"Resource\": \"*\"\n    }\n  ]\n}",
            "override_json": null,
            "override_policy_documents": null,
            "policy_id": null,
            "source_json": null,
            "source_policy_documents": null,
            "statement": [
              {
                "actions": [
                  "route53:GetChange"
                ],
                "condition": [],
                "effect": "Allow",
                "not_actions": [],
                "not_principals": [],
                "not_resources": [],
                "principals": [],
                "resources": [
                  "arn:aws:route53:::change/*"
                ],
                "sid": ""
              },
              {
                "actions": [
                  "route53:ListHostedZonesByName"
                ],
                "condition": [],
                "effect": "Allow",
                "not_actions": [],
                "not_principals": [],
                "not_resources": [],
                "principals": [],
                "resources": [
                  "*"
                ],
                "sid": ""
              }
            ],
            "version": "2012-10-17"
          },
          "sensitive_attributes": []
        }
      ]
    },
    {
      "module": "module.eks_deployment[0].module.eks_blueprints_kubernetes_addons.module.cert_manager[0]",
      "mode": "managed",
      "type": "aws_iam_policy",
      "name": "cert_manager",
      "provider": "provider[\"registry.terraform.io/hashicorp/aws\"]",
      "instances": [
        {
          "schema_version": 0,
          "attributes": {
            "arn": "arn:aws:iam::897196112581:policy/cometeks-cert-manager-irsa",
            "description": "cert-manager IAM policy.",
            "id": "arn:aws:iam::897196112581:policy/cometeks-cert-manager-irsa",
            "name": "cometeks-cert-manager-irsa",
            "name_prefix": "",
            "path": "/",
            "policy": "{\"Statement\":[{\"Action\":\"route53:GetChange\",\"Effect\":\"Allow\",\"Resource\":\"arn:aws:route53:::change/*\",\"Sid\":\"\"},{\"Action\":\"route53:ListHostedZonesByName\",\"Effect\":\"Allow\",\"Resource\":\"*\",\"Sid\":\"\"}],\"Version\":\"2012-10-17\"}",
            "policy_id": "ANPA5BZIOHLCXUADEPHZL",
            "tags": {
              "Environment": "dev",
              "Terraform_Managed": "true"
            },
            "tags_all": {
              "Environment": "dev",
              "Terraform_Managed": "true"
            }
          },
          "sensitive_attributes": [],
          "private": "bnVsbA==",
          "dependencies": [
            "data.aws_availability_zones.available",
            "module.eks_deployment.module.eks.aws_cloudwatch_log_group.this",
            "module.eks_deployment.module.eks.aws_eks_cluster.this",
            "module.eks_deployment.module.eks.aws_iam_policy.cni_ipv6_policy",
            "module.eks_deployment.module.eks.aws_iam_role.this",
            "module.eks_deployment.module.eks.aws_iam_role_policy_attachment.this",
            "module.eks_deployment.module.eks.aws_security_group.cluster",
            "module.eks_deployment.module.eks.aws_security_group.node",
            "module.eks_deployment.module.eks.aws_security_group_rule.cluster",
            "module.eks_deployment.module.eks.aws_security_group_rule.node",
            "module.eks_deployment.module.eks.data.aws_caller_identity.current",
            "module.eks_deployment.module.eks.data.aws_iam_policy_document.assume_role_policy",
            "module.eks_deployment.module.eks.data.aws_iam_policy_document.cni_ipv6_policy",
            "module.eks_deployment.module.eks.data.aws_iam_session_context.current",
            "module.eks_deployment.module.eks.data.aws_partition.current",
            "module.eks_deployment.module.eks.module.kms.aws_kms_external_key.this",
            "module.eks_deployment.module.eks.module.kms.aws_kms_key.this",
            "module.eks_deployment.module.eks.module.kms.data.aws_caller_identity.current",
            "module.eks_deployment.module.eks.module.kms.data.aws_iam_policy_document.this",
            "module.eks_deployment.module.eks.module.kms.data.aws_partition.current",
            "module.eks_deployment.module.eks_blueprints_kubernetes_addons.data.aws_caller_identity.current",
            "module.eks_deployment.module.eks_blueprints_kubernetes_addons.data.aws_eks_cluster.eks_cluster",
            "module.eks_deployment.module.eks_blueprints_kubernetes_addons.data.aws_partition.current",
            "module.eks_deployment.module.eks_blueprints_kubernetes_addons.data.aws_region.current",
            "module.eks_deployment.module.eks_blueprints_kubernetes_addons.module.cert_manager.data.aws_iam_policy_document.cert_manager_iam_policy_document",
            "module.eks_deployment.module.eks_blueprints_kubernetes_addons.module.cert_manager.data.aws_route53_zone.selected",
            "module.eks_deployment.module.eks_blueprints_kubernetes_addons.time_sleep.dataplane",
            "module.vpc.aws_subnet.private",
            "module.vpc.aws_vpc.this",
            "module.vpc.aws_vpc_ipv4_cidr_block_association.this"
          ]
        }
      ]
    },
    {
      "module": "module.eks_deployment[0].module.eks_blueprints_kubernetes_addons.module.cert_manager[0]",
      "mode": "managed",
      "type": "helm_release",
      "name": "cert_manager_ca",
      "provider": "provider[\"registry.terraform.io/hashicorp/helm\"]",
      "instances": [
        {
          "index_key": 0,
          "schema_version": 1,
          "attributes": {
            "atomic": false,
            "chart": ".terraform/modules/eks_deployment.eks_blueprints_kubernetes_addons/modules/kubernetes-addons/cert-manager/cert-manager-ca",
            "cleanup_on_fail": false,
            "create_namespace": false,
            "dependency_update": false,
            "description": null,
            "devel": null,
            "disable_crd_hooks": false,
            "disable_openapi_validation": false,
            "disable_webhooks": false,
            "force_update": false,
            "id": "cert-manager-ca",
            "keyring": null,
            "lint": false,
            "manifest": null,
            "max_history": 0,
            "metadata": [
              {
                "app_version": "v0.1.0",
                "chart": "cert-manager-ca",
                "name": "cert-manager-ca",
                "namespace": "cert-manager",
                "revision": 1,
                "values": "{}",
                "version": "0.2.0"
              }
            ],
            "name": "cert-manager-ca",
            "namespace": "cert-manager",
            "pass_credentials": false,
            "postrender": [],
            "recreate_pods": false,
            "render_subchart_notes": true,
            "replace": false,
            "repository": null,
            "repository_ca_file": null,
            "repository_cert_file": null,
            "repository_key_file": null,
            "repository_password": null,
            "repository_username": null,
            "reset_values": false,
            "reuse_values": false,
            "set": [],
            "set_list": [],
            "set_sensitive": [],
            "skip_crds": false,
            "status": "deployed",
            "timeout": 300,
            "values": null,
            "verify": false,
            "version": "0.2.0",
            "wait": true,
            "wait_for_jobs": false
          },
          "sensitive_attributes": [],
          "private": "eyJzY2hlbWFfdmVyc2lvbiI6IjEifQ==",
          "dependencies": [
            "data.aws_availability_zones.available",
            "data.aws_eks_cluster_auth.this",
            "module.eks_deployment.module.eks.aws_cloudwatch_log_group.this",
            "module.eks_deployment.module.eks.aws_eks_cluster.this",
            "module.eks_deployment.module.eks.aws_iam_policy.cni_ipv6_policy",
            "module.eks_deployment.module.eks.aws_iam_role.this",
            "module.eks_deployment.module.eks.aws_iam_role_policy_attachment.this",
            "module.eks_deployment.module.eks.aws_security_group.cluster",
            "module.eks_deployment.module.eks.aws_security_group.node",
            "module.eks_deployment.module.eks.aws_security_group_rule.cluster",
            "module.eks_deployment.module.eks.aws_security_group_rule.node",
            "module.eks_deployment.module.eks.data.aws_caller_identity.current",
            "module.eks_deployment.module.eks.data.aws_iam_policy_document.assume_role_policy",
            "module.eks_deployment.module.eks.data.aws_iam_policy_document.cni_ipv6_policy",
            "module.eks_deployment.module.eks.data.aws_iam_session_context.current",
            "module.eks_deployment.module.eks.data.aws_partition.current",
            "module.eks_deployment.module.eks.module.kms.aws_kms_external_key.this",
            "module.eks_deployment.module.eks.module.kms.aws_kms_key.this",
            "module.eks_deployment.module.eks.module.kms.data.aws_caller_identity.current",
            "module.eks_deployment.module.eks.module.kms.data.aws_iam_policy_document.this",
            "module.eks_deployment.module.eks.module.kms.data.aws_partition.current",
            "module.eks_deployment.module.eks_blueprints_kubernetes_addons.data.aws_caller_identity.current",
            "module.eks_deployment.module.eks_blueprints_kubernetes_addons.data.aws_eks_cluster.eks_cluster",
            "module.eks_deployment.module.eks_blueprints_kubernetes_addons.data.aws_partition.current",
            "module.eks_deployment.module.eks_blueprints_kubernetes_addons.data.aws_region.current",
            "module.eks_deployment.module.eks_blueprints_kubernetes_addons.module.cert_manager.aws_iam_policy.cert_manager",
            "module.eks_deployment.module.eks_blueprints_kubernetes_addons.module.cert_manager.data.aws_iam_policy_document.cert_manager_iam_policy_document",
            "module.eks_deployment.module.eks_blueprints_kubernetes_addons.module.cert_manager.data.aws_route53_zone.selected",
            "module.eks_deployment.module.eks_blueprints_kubernetes_addons.module.cert_manager.module.helm_addon.helm_release.addon",
            "module.eks_deployment.module.eks_blueprints_kubernetes_addons.module.cert_manager.module.helm_addon.module.irsa.aws_iam_role.irsa",
            "module.eks_deployment.module.eks_blueprints_kubernetes_addons.module.cert_manager.module.helm_addon.module.irsa.aws_iam_role_policy_attachment.irsa",
            "module.eks_deployment.module.eks_blueprints_kubernetes_addons.module.cert_manager.module.helm_addon.module.irsa.kubernetes_namespace_v1.irsa",
            "module.eks_deployment.module.eks_blueprints_kubernetes_addons.module.cert_manager.module.helm_addon.module.irsa.kubernetes_secret_v1.irsa",
            "module.eks_deployment.module.eks_blueprints_kubernetes_addons.module.cert_manager.module.helm_addon.module.irsa.kubernetes_service_account_v1.irsa",
            "module.eks_deployment.module.eks_blueprints_kubernetes_addons.time_sleep.dataplane",
            "module.vpc.aws_subnet.private",
            "module.vpc.aws_vpc.this",
            "module.vpc.aws_vpc_ipv4_cidr_block_association.this"
          ]
        }
      ]
    },
    {
      "module": "module.eks_deployment[0].module.eks_blueprints_kubernetes_addons.module.cert_manager[0]",
      "mode": "managed",
      "type": "helm_release",
      "name": "cert_manager_letsencrypt",
      "provider": "provider[\"registry.terraform.io/hashicorp/helm\"]",
      "instances": [
        {
          "index_key": 0,
          "schema_version": 1,
          "attributes": {
            "atomic": false,
            "chart": ".terraform/modules/eks_deployment.eks_blueprints_kubernetes_addons/modules/kubernetes-addons/cert-manager/cert-manager-letsencrypt",
            "cleanup_on_fail": false,
            "create_namespace": false,
            "dependency_update": false,
            "description": null,
            "devel": null,
            "disable_crd_hooks": false,
            "disable_openapi_validation": false,
            "disable_webhooks": false,
            "force_update": false,
            "id": "cert-manager-letsencrypt",
            "keyring": null,
            "lint": false,
            "manifest": null,
            "max_history": 0,
            "metadata": [
              {
                "app_version": "v0.1.0",
                "chart": "cert-manager-letsencrypt",
                "name": "cert-manager-letsencrypt",
                "namespace": "cert-manager",
                "revision": 1,
                "values": "{\"dnsZones\":[\"\"],\"email\":\"\"}",
                "version": "0.1.0"
              }
            ],
            "name": "cert-manager-letsencrypt",
            "namespace": "cert-manager",
            "pass_credentials": false,
            "postrender": [],
            "recreate_pods": false,
            "render_subchart_notes": true,
            "replace": false,
            "repository": null,
            "repository_ca_file": null,
            "repository_cert_file": null,
            "repository_key_file": null,
            "repository_password": null,
            "repository_username": null,
            "reset_values": false,
            "reuse_values": false,
            "set": [
              {
                "name": "dnsZones",
                "type": "string",
                "value": "{}"
              },
              {
                "name": "email",
                "type": "string",
                "value": ""
              }
            ],
            "set_list": [],
            "set_sensitive": [],
            "skip_crds": false,
            "status": "deployed",
            "timeout": 300,
            "values": null,
            "verify": false,
            "version": "0.1.0",
            "wait": true,
            "wait_for_jobs": false
          },
          "sensitive_attributes": [],
          "private": "eyJzY2hlbWFfdmVyc2lvbiI6IjEifQ==",
          "dependencies": [
            "data.aws_availability_zones.available",
            "data.aws_eks_cluster_auth.this",
            "module.eks_deployment.module.eks.aws_cloudwatch_log_group.this",
            "module.eks_deployment.module.eks.aws_eks_cluster.this",
            "module.eks_deployment.module.eks.aws_iam_policy.cni_ipv6_policy",
            "module.eks_deployment.module.eks.aws_iam_role.this",
            "module.eks_deployment.module.eks.aws_iam_role_policy_attachment.this",
            "module.eks_deployment.module.eks.aws_security_group.cluster",
            "module.eks_deployment.module.eks.aws_security_group.node",
            "module.eks_deployment.module.eks.aws_security_group_rule.cluster",
            "module.eks_deployment.module.eks.aws_security_group_rule.node",
            "module.eks_deployment.module.eks.data.aws_caller_identity.current",
            "module.eks_deployment.module.eks.data.aws_iam_policy_document.assume_role_policy",
            "module.eks_deployment.module.eks.data.aws_iam_policy_document.cni_ipv6_policy",
            "module.eks_deployment.module.eks.data.aws_iam_session_context.current",
            "module.eks_deployment.module.eks.data.aws_partition.current",
            "module.eks_deployment.module.eks.module.kms.aws_kms_external_key.this",
            "module.eks_deployment.module.eks.module.kms.aws_kms_key.this",
            "module.eks_deployment.module.eks.module.kms.data.aws_caller_identity.current",
            "module.eks_deployment.module.eks.module.kms.data.aws_iam_policy_document.this",
            "module.eks_deployment.module.eks.module.kms.data.aws_partition.current",
            "module.eks_deployment.module.eks_blueprints_kubernetes_addons.data.aws_caller_identity.current",
            "module.eks_deployment.module.eks_blueprints_kubernetes_addons.data.aws_eks_cluster.eks_cluster",
            "module.eks_deployment.module.eks_blueprints_kubernetes_addons.data.aws_partition.current",
            "module.eks_deployment.module.eks_blueprints_kubernetes_addons.data.aws_region.current",
            "module.eks_deployment.module.eks_blueprints_kubernetes_addons.module.cert_manager.aws_iam_policy.cert_manager",
            "module.eks_deployment.module.eks_blueprints_kubernetes_addons.module.cert_manager.data.aws_iam_policy_document.cert_manager_iam_policy_document",
            "module.eks_deployment.module.eks_blueprints_kubernetes_addons.module.cert_manager.data.aws_route53_zone.selected",
            "module.eks_deployment.module.eks_blueprints_kubernetes_addons.module.cert_manager.module.helm_addon.helm_release.addon",
            "module.eks_deployment.module.eks_blueprints_kubernetes_addons.module.cert_manager.module.helm_addon.module.irsa.aws_iam_role.irsa",
            "module.eks_deployment.module.eks_blueprints_kubernetes_addons.module.cert_manager.module.helm_addon.module.irsa.aws_iam_role_policy_attachment.irsa",
            "module.eks_deployment.module.eks_blueprints_kubernetes_addons.module.cert_manager.module.helm_addon.module.irsa.kubernetes_namespace_v1.irsa",
            "module.eks_deployment.module.eks_blueprints_kubernetes_addons.module.cert_manager.module.helm_addon.module.irsa.kubernetes_secret_v1.irsa",
            "module.eks_deployment.module.eks_blueprints_kubernetes_addons.module.cert_manager.module.helm_addon.module.irsa.kubernetes_service_account_v1.irsa",
            "module.eks_deployment.module.eks_blueprints_kubernetes_addons.time_sleep.dataplane",
            "module.vpc.aws_subnet.private",
            "module.vpc.aws_vpc.this",
            "module.vpc.aws_vpc_ipv4_cidr_block_association.this"
          ]
        }
      ]
    },
    {
      "module": "module.eks_deployment[0].module.eks_blueprints_kubernetes_addons.module.cert_manager[0].module.helm_addon",
      "mode": "managed",
      "type": "helm_release",
      "name": "addon",
      "provider": "provider[\"registry.terraform.io/hashicorp/helm\"]",
      "instances": [
        {
          "index_key": 0,
          "schema_version": 1,
          "attributes": {
            "atomic": false,
            "chart": "cert-manager",
            "cleanup_on_fail": false,
            "create_namespace": false,
            "dependency_update": false,
            "description": "Cert Manager Add-on",
            "devel": null,
            "disable_crd_hooks": false,
            "disable_openapi_validation": false,
            "disable_webhooks": false,
            "force_update": false,
            "id": "cert-manager",
            "keyring": "",
            "lint": false,
            "manifest": null,
            "max_history": 0,
            "metadata": [
              {
                "app_version": "v1.10.0",
                "chart": "cert-manager",
                "name": "cert-manager",
                "namespace": "cert-manager",
                "revision": 1,
                "values": "{\"extraArgs\":[\"--enable-certificate-owner-ref=true\"],\"installCRDs\":true,\"serviceAccount\":{\"create\":false,\"name\":\"cert-manager\"}}",
                "version": "v1.10.0"
              }
            ],
            "name": "cert-manager",
            "namespace": "cert-manager",
            "pass_credentials": false,
            "postrender": [
              {
                "args": [],
                "binary_path": ""
              }
            ],
            "recreate_pods": false,
            "render_subchart_notes": true,
            "replace": false,
            "repository": "https://charts.jetstack.io",
            "repository_ca_file": null,
            "repository_cert_file": "",
            "repository_key_file": "",
            "repository_password": "",
            "repository_username": "",
            "reset_values": false,
            "reuse_values": false,
            "set": [
              {
                "name": "serviceAccount.create",
                "type": "",
                "value": "false"
              },
              {
                "name": "serviceAccount.name",
                "type": "",
                "value": "cert-manager"
              }
            ],
            "set_list": [],
            "set_sensitive": [],
            "skip_crds": false,
            "status": "deployed",
            "timeout": 1200,
            "values": [
              "extraArgs:\n  - --enable-certificate-owner-ref=true\n\ninstallCRDs: true\n"
            ],
            "verify": false,
            "version": "v1.10.0",
            "wait": true,
            "wait_for_jobs": false
          },
          "sensitive_attributes": [],
          "private": "eyJzY2hlbWFfdmVyc2lvbiI6IjEifQ==",
          "dependencies": [
            "data.aws_availability_zones.available",
            "data.aws_eks_cluster_auth.this",
            "module.eks_deployment.module.eks.aws_cloudwatch_log_group.this",
            "module.eks_deployment.module.eks.aws_eks_cluster.this",
            "module.eks_deployment.module.eks.aws_iam_policy.cni_ipv6_policy",
            "module.eks_deployment.module.eks.aws_iam_role.this",
            "module.eks_deployment.module.eks.aws_iam_role_policy_attachment.this",
            "module.eks_deployment.module.eks.aws_security_group.cluster",
            "module.eks_deployment.module.eks.aws_security_group.node",
            "module.eks_deployment.module.eks.aws_security_group_rule.cluster",
            "module.eks_deployment.module.eks.aws_security_group_rule.node",
            "module.eks_deployment.module.eks.data.aws_caller_identity.current",
            "module.eks_deployment.module.eks.data.aws_iam_policy_document.assume_role_policy",
            "module.eks_deployment.module.eks.data.aws_iam_policy_document.cni_ipv6_policy",
            "module.eks_deployment.module.eks.data.aws_iam_session_context.current",
            "module.eks_deployment.module.eks.data.aws_partition.current",
            "module.eks_deployment.module.eks.module.kms.aws_kms_external_key.this",
            "module.eks_deployment.module.eks.module.kms.aws_kms_key.this",
            "module.eks_deployment.module.eks.module.kms.data.aws_caller_identity.current",
            "module.eks_deployment.module.eks.module.kms.data.aws_iam_policy_document.this",
            "module.eks_deployment.module.eks.module.kms.data.aws_partition.current",
            "module.eks_deployment.module.eks_blueprints_kubernetes_addons.data.aws_caller_identity.current",
            "module.eks_deployment.module.eks_blueprints_kubernetes_addons.data.aws_eks_cluster.eks_cluster",
            "module.eks_deployment.module.eks_blueprints_kubernetes_addons.data.aws_partition.current",
            "module.eks_deployment.module.eks_blueprints_kubernetes_addons.data.aws_region.current",
            "module.eks_deployment.module.eks_blueprints_kubernetes_addons.module.cert_manager.aws_iam_policy.cert_manager",
            "module.eks_deployment.module.eks_blueprints_kubernetes_addons.module.cert_manager.data.aws_iam_policy_document.cert_manager_iam_policy_document",
            "module.eks_deployment.module.eks_blueprints_kubernetes_addons.module.cert_manager.data.aws_route53_zone.selected",
            "module.eks_deployment.module.eks_blueprints_kubernetes_addons.module.cert_manager.module.helm_addon.module.irsa.aws_iam_role.irsa",
            "module.eks_deployment.module.eks_blueprints_kubernetes_addons.module.cert_manager.module.helm_addon.module.irsa.aws_iam_role_policy_attachment.irsa",
            "module.eks_deployment.module.eks_blueprints_kubernetes_addons.module.cert_manager.module.helm_addon.module.irsa.kubernetes_namespace_v1.irsa",
            "module.eks_deployment.module.eks_blueprints_kubernetes_addons.module.cert_manager.module.helm_addon.module.irsa.kubernetes_secret_v1.irsa",
            "module.eks_deployment.module.eks_blueprints_kubernetes_addons.module.cert_manager.module.helm_addon.module.irsa.kubernetes_service_account_v1.irsa",
            "module.eks_deployment.module.eks_blueprints_kubernetes_addons.time_sleep.dataplane",
            "module.vpc.aws_subnet.private",
            "module.vpc.aws_vpc.this",
            "module.vpc.aws_vpc_ipv4_cidr_block_association.this"
          ]
        }
      ]
    },
    {
      "module": "module.eks_deployment[0].module.eks_blueprints_kubernetes_addons.module.cert_manager[0].module.helm_addon.module.irsa[0]",
      "mode": "managed",
      "type": "aws_iam_role",
      "name": "irsa",
      "provider": "provider[\"registry.terraform.io/hashicorp/aws\"]",
      "instances": [
        {
          "index_key": 0,
          "schema_version": 0,
          "attributes": {
            "arn": "arn:aws:iam::897196112581:role/cometeks-cert-manager-irsa",
            "assume_role_policy": "{\"Statement\":[{\"Action\":\"sts:AssumeRoleWithWebIdentity\",\"Condition\":{\"StringLike\":{\"oidc.eks.us-east-2.amazonaws.com/id/7F69405B2291B70E8757F49C968147D4:aud\":\"sts.amazonaws.com\",\"oidc.eks.us-east-2.amazonaws.com/id/7F69405B2291B70E8757F49C968147D4:sub\":\"system:serviceaccount:cert-manager:cert-manager\"}},\"Effect\":\"Allow\",\"Principal\":{\"Federated\":\"arn:aws:iam::897196112581:oidc-provider/oidc.eks.us-east-2.amazonaws.com/id/7F69405B2291B70E8757F49C968147D4\"}}],\"Version\":\"2012-10-17\"}",
            "create_date": "2023-06-01T16:18:16Z",
            "description": "AWS IAM Role for the Kubernetes service account cert-manager.",
            "force_detach_policies": true,
            "id": "cometeks-cert-manager-irsa",
            "inline_policy": [],
            "managed_policy_arns": [
              "arn:aws:iam::897196112581:policy/cometeks-cert-manager-irsa"
            ],
            "max_session_duration": 3600,
            "name": "cometeks-cert-manager-irsa",
            "name_prefix": "",
            "path": "/",
            "permissions_boundary": "",
            "role_last_used": [
              {
                "last_used_date": "",
                "region": ""
              }
            ],
            "tags": {
              "Environment": "dev",
              "Terraform_Managed": "true"
            },
            "tags_all": {
              "Environment": "dev",
              "Terraform_Managed": "true"
            },
            "unique_id": "AROA5BZIOHLCSX54WXTN2"
          },
          "sensitive_attributes": [],
          "private": "bnVsbA==",
          "dependencies": [
            "data.aws_availability_zones.available",
            "module.eks_deployment.module.eks.aws_cloudwatch_log_group.this",
            "module.eks_deployment.module.eks.aws_eks_cluster.this",
            "module.eks_deployment.module.eks.aws_iam_policy.cni_ipv6_policy",
            "module.eks_deployment.module.eks.aws_iam_role.this",
            "module.eks_deployment.module.eks.aws_iam_role_policy_attachment.this",
            "module.eks_deployment.module.eks.aws_security_group.cluster",
            "module.eks_deployment.module.eks.aws_security_group.node",
            "module.eks_deployment.module.eks.aws_security_group_rule.cluster",
            "module.eks_deployment.module.eks.aws_security_group_rule.node",
            "module.eks_deployment.module.eks.data.aws_caller_identity.current",
            "module.eks_deployment.module.eks.data.aws_iam_policy_document.assume_role_policy",
            "module.eks_deployment.module.eks.data.aws_iam_policy_document.cni_ipv6_policy",
            "module.eks_deployment.module.eks.data.aws_iam_session_context.current",
            "module.eks_deployment.module.eks.data.aws_partition.current",
            "module.eks_deployment.module.eks.module.kms.aws_kms_external_key.this",
            "module.eks_deployment.module.eks.module.kms.aws_kms_key.this",
            "module.eks_deployment.module.eks.module.kms.data.aws_caller_identity.current",
            "module.eks_deployment.module.eks.module.kms.data.aws_iam_policy_document.this",
            "module.eks_deployment.module.eks.module.kms.data.aws_partition.current",
            "module.eks_deployment.module.eks_blueprints_kubernetes_addons.data.aws_caller_identity.current",
            "module.eks_deployment.module.eks_blueprints_kubernetes_addons.data.aws_eks_cluster.eks_cluster",
            "module.eks_deployment.module.eks_blueprints_kubernetes_addons.data.aws_partition.current",
            "module.eks_deployment.module.eks_blueprints_kubernetes_addons.data.aws_region.current",
            "module.eks_deployment.module.eks_blueprints_kubernetes_addons.module.cert_manager.aws_iam_policy.cert_manager",
            "module.eks_deployment.module.eks_blueprints_kubernetes_addons.module.cert_manager.data.aws_iam_policy_document.cert_manager_iam_policy_document",
            "module.eks_deployment.module.eks_blueprints_kubernetes_addons.module.cert_manager.data.aws_route53_zone.selected",
            "module.eks_deployment.module.eks_blueprints_kubernetes_addons.time_sleep.dataplane",
            "module.vpc.aws_subnet.private",
            "module.vpc.aws_vpc.this",
            "module.vpc.aws_vpc_ipv4_cidr_block_association.this"
          ]
        }
      ]
    },
    {
      "module": "module.eks_deployment[0].module.eks_blueprints_kubernetes_addons.module.cert_manager[0].module.helm_addon.module.irsa[0]",
      "mode": "managed",
      "type": "aws_iam_role_policy_attachment",
      "name": "irsa",
      "provider": "provider[\"registry.terraform.io/hashicorp/aws\"]",
      "instances": [
        {
          "index_key": 0,
          "schema_version": 0,
          "attributes": {
            "id": "cometeks-cert-manager-irsa-20230601161817405100000011",
            "policy_arn": "arn:aws:iam::897196112581:policy/cometeks-cert-manager-irsa",
            "role": "cometeks-cert-manager-irsa"
          },
          "sensitive_attributes": [],
          "private": "bnVsbA==",
          "dependencies": [
            "data.aws_availability_zones.available",
            "module.eks_deployment.module.eks.aws_cloudwatch_log_group.this",
            "module.eks_deployment.module.eks.aws_eks_cluster.this",
            "module.eks_deployment.module.eks.aws_iam_policy.cni_ipv6_policy",
            "module.eks_deployment.module.eks.aws_iam_role.this",
            "module.eks_deployment.module.eks.aws_iam_role_policy_attachment.this",
            "module.eks_deployment.module.eks.aws_security_group.cluster",
            "module.eks_deployment.module.eks.aws_security_group.node",
            "module.eks_deployment.module.eks.aws_security_group_rule.cluster",
            "module.eks_deployment.module.eks.aws_security_group_rule.node",
            "module.eks_deployment.module.eks.data.aws_caller_identity.current",
            "module.eks_deployment.module.eks.data.aws_iam_policy_document.assume_role_policy",
            "module.eks_deployment.module.eks.data.aws_iam_policy_document.cni_ipv6_policy",
            "module.eks_deployment.module.eks.data.aws_iam_session_context.current",
            "module.eks_deployment.module.eks.data.aws_partition.current",
            "module.eks_deployment.module.eks.module.kms.aws_kms_external_key.this",
            "module.eks_deployment.module.eks.module.kms.aws_kms_key.this",
            "module.eks_deployment.module.eks.module.kms.data.aws_caller_identity.current",
            "module.eks_deployment.module.eks.module.kms.data.aws_iam_policy_document.this",
            "module.eks_deployment.module.eks.module.kms.data.aws_partition.current",
            "module.eks_deployment.module.eks_blueprints_kubernetes_addons.data.aws_caller_identity.current",
            "module.eks_deployment.module.eks_blueprints_kubernetes_addons.data.aws_eks_cluster.eks_cluster",
            "module.eks_deployment.module.eks_blueprints_kubernetes_addons.data.aws_partition.current",
            "module.eks_deployment.module.eks_blueprints_kubernetes_addons.data.aws_region.current",
            "module.eks_deployment.module.eks_blueprints_kubernetes_addons.module.cert_manager.aws_iam_policy.cert_manager",
            "module.eks_deployment.module.eks_blueprints_kubernetes_addons.module.cert_manager.data.aws_iam_policy_document.cert_manager_iam_policy_document",
            "module.eks_deployment.module.eks_blueprints_kubernetes_addons.module.cert_manager.data.aws_route53_zone.selected",
            "module.eks_deployment.module.eks_blueprints_kubernetes_addons.module.cert_manager.module.helm_addon.module.irsa.aws_iam_role.irsa",
            "module.eks_deployment.module.eks_blueprints_kubernetes_addons.time_sleep.dataplane",
            "module.vpc.aws_subnet.private",
            "module.vpc.aws_vpc.this",
            "module.vpc.aws_vpc_ipv4_cidr_block_association.this"
          ]
        }
      ]
    },
    {
      "module": "module.eks_deployment[0].module.eks_blueprints_kubernetes_addons.module.cert_manager[0].module.helm_addon.module.irsa[0]",
      "mode": "managed",
      "type": "kubernetes_namespace_v1",
      "name": "irsa",
      "provider": "provider[\"registry.terraform.io/hashicorp/kubernetes\"]",
      "instances": [
        {
          "index_key": 0,
          "schema_version": 0,
          "attributes": {
            "id": "cert-manager",
            "metadata": [
              {
                "annotations": {},
                "generate_name": "",
                "generation": 0,
                "labels": {},
                "name": "cert-manager",
                "resource_version": "3584",
                "uid": "09fb6201-b129-4e90-8709-7f32156a3875"
              }
            ],
            "timeouts": {
              "delete": "15m"
            }
          },
          "sensitive_attributes": [],
          "private": "eyJlMmJmYjczMC1lY2FhLTExZTYtOGY4OC0zNDM2M2JjN2M0YzAiOnsiZGVsZXRlIjo5MDAwMDAwMDAwMDB9fQ==",
          "dependencies": [
            "data.aws_availability_zones.available",
            "data.aws_eks_cluster_auth.this",
            "module.eks_deployment.module.eks.aws_cloudwatch_log_group.this",
            "module.eks_deployment.module.eks.aws_eks_cluster.this",
            "module.eks_deployment.module.eks.aws_iam_policy.cni_ipv6_policy",
            "module.eks_deployment.module.eks.aws_iam_role.this",
            "module.eks_deployment.module.eks.aws_iam_role_policy_attachment.this",
            "module.eks_deployment.module.eks.aws_security_group.cluster",
            "module.eks_deployment.module.eks.aws_security_group.node",
            "module.eks_deployment.module.eks.aws_security_group_rule.cluster",
            "module.eks_deployment.module.eks.aws_security_group_rule.node",
            "module.eks_deployment.module.eks.data.aws_caller_identity.current",
            "module.eks_deployment.module.eks.data.aws_iam_policy_document.assume_role_policy",
            "module.eks_deployment.module.eks.data.aws_iam_policy_document.cni_ipv6_policy",
            "module.eks_deployment.module.eks.data.aws_iam_session_context.current",
            "module.eks_deployment.module.eks.data.aws_partition.current",
            "module.eks_deployment.module.eks.module.kms.aws_kms_external_key.this",
            "module.eks_deployment.module.eks.module.kms.aws_kms_key.this",
            "module.eks_deployment.module.eks.module.kms.data.aws_caller_identity.current",
            "module.eks_deployment.module.eks.module.kms.data.aws_iam_policy_document.this",
            "module.eks_deployment.module.eks.module.kms.data.aws_partition.current",
            "module.eks_deployment.module.eks_blueprints_kubernetes_addons.data.aws_caller_identity.current",
            "module.eks_deployment.module.eks_blueprints_kubernetes_addons.data.aws_eks_cluster.eks_cluster",
            "module.eks_deployment.module.eks_blueprints_kubernetes_addons.data.aws_partition.current",
            "module.eks_deployment.module.eks_blueprints_kubernetes_addons.data.aws_region.current",
            "module.eks_deployment.module.eks_blueprints_kubernetes_addons.module.cert_manager.aws_iam_policy.cert_manager",
            "module.eks_deployment.module.eks_blueprints_kubernetes_addons.module.cert_manager.data.aws_iam_policy_document.cert_manager_iam_policy_document",
            "module.eks_deployment.module.eks_blueprints_kubernetes_addons.module.cert_manager.data.aws_route53_zone.selected",
            "module.eks_deployment.module.eks_blueprints_kubernetes_addons.time_sleep.dataplane",
            "module.vpc.aws_subnet.private",
            "module.vpc.aws_vpc.this",
            "module.vpc.aws_vpc_ipv4_cidr_block_association.this"
          ]
        }
      ]
    },
    {
      "module": "module.eks_deployment[0].module.eks_blueprints_kubernetes_addons.module.cert_manager[0].module.helm_addon.module.irsa[0]",
      "mode": "managed",
      "type": "kubernetes_service_account_v1",
      "name": "irsa",
      "provider": "provider[\"registry.terraform.io/hashicorp/kubernetes\"]",
      "instances": [
        {
          "index_key": 0,
          "schema_version": 0,
          "attributes": {
            "automount_service_account_token": true,
            "default_secret_name": "",
            "id": "cert-manager/cert-manager",
            "image_pull_secret": [],
            "metadata": [
              {
                "annotations": {
                  "eks.amazonaws.com/role-arn": "arn:aws:iam::897196112581:role/cometeks-cert-manager-irsa"
                },
                "generate_name": "",
                "generation": 0,
                "labels": {},
                "name": "cert-manager",
                "namespace": "cert-manager",
                "resource_version": "3592",
                "uid": "cb623c96-d68a-4d8b-b630-099220048c76"
              }
            ],
            "secret": [],
            "timeouts": null
          },
          "sensitive_attributes": [],
          "private": "eyJlMmJmYjczMC1lY2FhLTExZTYtOGY4OC0zNDM2M2JjN2M0YzAiOnsiY3JlYXRlIjozMDAwMDAwMDAwMH19",
          "dependencies": [
            "data.aws_availability_zones.available",
            "data.aws_eks_cluster_auth.this",
            "module.eks_deployment.module.eks.aws_cloudwatch_log_group.this",
            "module.eks_deployment.module.eks.aws_eks_cluster.this",
            "module.eks_deployment.module.eks.aws_iam_policy.cni_ipv6_policy",
            "module.eks_deployment.module.eks.aws_iam_role.this",
            "module.eks_deployment.module.eks.aws_iam_role_policy_attachment.this",
            "module.eks_deployment.module.eks.aws_security_group.cluster",
            "module.eks_deployment.module.eks.aws_security_group.node",
            "module.eks_deployment.module.eks.aws_security_group_rule.cluster",
            "module.eks_deployment.module.eks.aws_security_group_rule.node",
            "module.eks_deployment.module.eks.data.aws_caller_identity.current",
            "module.eks_deployment.module.eks.data.aws_iam_policy_document.assume_role_policy",
            "module.eks_deployment.module.eks.data.aws_iam_policy_document.cni_ipv6_policy",
            "module.eks_deployment.module.eks.data.aws_iam_session_context.current",
            "module.eks_deployment.module.eks.data.aws_partition.current",
            "module.eks_deployment.module.eks.module.kms.aws_kms_external_key.this",
            "module.eks_deployment.module.eks.module.kms.aws_kms_key.this",
            "module.eks_deployment.module.eks.module.kms.data.aws_caller_identity.current",
            "module.eks_deployment.module.eks.module.kms.data.aws_iam_policy_document.this",
            "module.eks_deployment.module.eks.module.kms.data.aws_partition.current",
            "module.eks_deployment.module.eks_blueprints_kubernetes_addons.data.aws_caller_identity.current",
            "module.eks_deployment.module.eks_blueprints_kubernetes_addons.data.aws_eks_cluster.eks_cluster",
            "module.eks_deployment.module.eks_blueprints_kubernetes_addons.data.aws_partition.current",
            "module.eks_deployment.module.eks_blueprints_kubernetes_addons.data.aws_region.current",
            "module.eks_deployment.module.eks_blueprints_kubernetes_addons.module.cert_manager.aws_iam_policy.cert_manager",
            "module.eks_deployment.module.eks_blueprints_kubernetes_addons.module.cert_manager.data.aws_iam_policy_document.cert_manager_iam_policy_document",
            "module.eks_deployment.module.eks_blueprints_kubernetes_addons.module.cert_manager.data.aws_route53_zone.selected",
            "module.eks_deployment.module.eks_blueprints_kubernetes_addons.module.cert_manager.module.helm_addon.module.irsa.aws_iam_role.irsa",
            "module.eks_deployment.module.eks_blueprints_kubernetes_addons.module.cert_manager.module.helm_addon.module.irsa.kubernetes_namespace_v1.irsa",
            "module.eks_deployment.module.eks_blueprints_kubernetes_addons.time_sleep.dataplane",
            "module.vpc.aws_subnet.private",
            "module.vpc.aws_vpc.this",
            "module.vpc.aws_vpc_ipv4_cidr_block_association.this"
          ]
        }
      ]
    },
    {
      "module": "module.eks_deployment[0].module.irsa-ebs-csi",
      "mode": "data",
      "type": "aws_caller_identity",
      "name": "current",
      "provider": "provider[\"registry.terraform.io/hashicorp/aws\"]",
      "instances": [
        {
          "schema_version": 0,
          "attributes": {
            "account_id": "897196112581",
            "arn": "arn:aws:iam::897196112581:user/martinb",
            "id": "897196112581",
            "user_id": "AIDA5BZIOHLCS23KDTNCL"
          },
          "sensitive_attributes": []
        }
      ]
    },
    {
      "module": "module.eks_deployment[0].module.irsa-ebs-csi",
      "mode": "data",
      "type": "aws_iam_policy_document",
      "name": "assume_role_with_oidc",
      "provider": "provider[\"registry.terraform.io/hashicorp/aws\"]",
      "instances": [
        {
          "index_key": 0,
          "schema_version": 0,
          "attributes": {
            "id": "1825655142",
            "json": "{\n  \"Version\": \"2012-10-17\",\n  \"Statement\": [\n    {\n      \"Sid\": \"\",\n      \"Effect\": \"Allow\",\n      \"Action\": \"sts:AssumeRoleWithWebIdentity\",\n      \"Principal\": {\n        \"Federated\": \"arn:aws:iam::897196112581:oidc-provider/oidc.eks.us-east-2.amazonaws.com/id/7F69405B2291B70E8757F49C968147D4\"\n      },\n      \"Condition\": {\n        \"StringEquals\": {\n          \"oidc.eks.us-east-2.amazonaws.com/id/7F69405B2291B70E8757F49C968147D4:sub\": \"system:serviceaccount:kube-system:ebs-csi-controller-sa\"\n        }\n      }\n    }\n  ]\n}",
            "override_json": null,
            "override_policy_documents": null,
            "policy_id": null,
            "source_json": null,
            "source_policy_documents": null,
            "statement": [
              {
                "actions": [
                  "sts:AssumeRoleWithWebIdentity"
                ],
                "condition": [
                  {
                    "test": "StringEquals",
                    "values": [
                      "system:serviceaccount:kube-system:ebs-csi-controller-sa"
                    ],
                    "variable": "oidc.eks.us-east-2.amazonaws.com/id/7F69405B2291B70E8757F49C968147D4:sub"
                  }
                ],
                "effect": "Allow",
                "not_actions": [],
                "not_principals": [],
                "not_resources": [],
                "principals": [
                  {
                    "identifiers": [
                      "arn:aws:iam::897196112581:oidc-provider/oidc.eks.us-east-2.amazonaws.com/id/7F69405B2291B70E8757F49C968147D4"
                    ],
                    "type": "Federated"
                  }
                ],
                "resources": [],
                "sid": ""
              }
            ],
            "version": "2012-10-17"
          },
          "sensitive_attributes": []
        }
      ]
    },
    {
      "module": "module.eks_deployment[0].module.irsa-ebs-csi",
      "mode": "data",
      "type": "aws_partition",
      "name": "current",
      "provider": "provider[\"registry.terraform.io/hashicorp/aws\"]",
      "instances": [
        {
          "schema_version": 0,
          "attributes": {
            "dns_suffix": "amazonaws.com",
            "id": "aws",
            "partition": "aws",
            "reverse_dns_prefix": "com.amazonaws"
          },
          "sensitive_attributes": []
        }
      ]
    },
    {
      "module": "module.eks_deployment[0].module.irsa-ebs-csi",
      "mode": "managed",
      "type": "aws_iam_role",
      "name": "this",
      "provider": "provider[\"registry.terraform.io/hashicorp/aws\"]",
      "instances": [
        {
          "index_key": 0,
          "schema_version": 0,
          "attributes": {
            "arn": "arn:aws:iam::897196112581:role/AmazonEKSTFEBSCSIRole-cometeks",
            "assume_role_policy": "{\"Statement\":[{\"Action\":\"sts:AssumeRoleWithWebIdentity\",\"Condition\":{\"StringEquals\":{\"oidc.eks.us-east-2.amazonaws.com/id/7F69405B2291B70E8757F49C968147D4:sub\":\"system:serviceaccount:kube-system:ebs-csi-controller-sa\"}},\"Effect\":\"Allow\",\"Principal\":{\"Federated\":\"arn:aws:iam::897196112581:oidc-provider/oidc.eks.us-east-2.amazonaws.com/id/7F69405B2291B70E8757F49C968147D4\"},\"Sid\":\"\"}],\"Version\":\"2012-10-17\"}",
            "create_date": "2023-06-01T16:18:06Z",
            "description": "",
            "force_detach_policies": false,
            "id": "AmazonEKSTFEBSCSIRole-cometeks",
            "inline_policy": [],
            "managed_policy_arns": [
              "arn:aws:iam::aws:policy/service-role/AmazonEBSCSIDriverPolicy"
            ],
            "max_session_duration": 3600,
            "name": "AmazonEKSTFEBSCSIRole-cometeks",
            "name_prefix": "",
            "path": "/",
            "permissions_boundary": "",
            "role_last_used": [
              {
                "last_used_date": "",
                "region": ""
              }
            ],
            "tags": {},
            "tags_all": {},
            "unique_id": "AROA5BZIOHLCT6D37ZXOS"
          },
          "sensitive_attributes": [],
          "private": "bnVsbA==",
          "dependencies": [
            "data.aws_availability_zones.available",
            "module.eks_deployment.module.eks.aws_cloudwatch_log_group.this",
            "module.eks_deployment.module.eks.aws_eks_cluster.this",
            "module.eks_deployment.module.eks.aws_iam_policy.cni_ipv6_policy",
            "module.eks_deployment.module.eks.aws_iam_role.this",
            "module.eks_deployment.module.eks.aws_iam_role_policy_attachment.this",
            "module.eks_deployment.module.eks.aws_security_group.cluster",
            "module.eks_deployment.module.eks.aws_security_group.node",
            "module.eks_deployment.module.eks.aws_security_group_rule.cluster",
            "module.eks_deployment.module.eks.aws_security_group_rule.node",
            "module.eks_deployment.module.eks.data.aws_caller_identity.current",
            "module.eks_deployment.module.eks.data.aws_iam_policy_document.assume_role_policy",
            "module.eks_deployment.module.eks.data.aws_iam_policy_document.cni_ipv6_policy",
            "module.eks_deployment.module.eks.data.aws_iam_session_context.current",
            "module.eks_deployment.module.eks.data.aws_partition.current",
            "module.eks_deployment.module.eks.module.kms.aws_kms_external_key.this",
            "module.eks_deployment.module.eks.module.kms.aws_kms_key.this",
            "module.eks_deployment.module.eks.module.kms.data.aws_caller_identity.current",
            "module.eks_deployment.module.eks.module.kms.data.aws_iam_policy_document.this",
            "module.eks_deployment.module.eks.module.kms.data.aws_partition.current",
            "module.eks_deployment.module.irsa-ebs-csi.data.aws_caller_identity.current",
            "module.eks_deployment.module.irsa-ebs-csi.data.aws_iam_policy_document.assume_role_with_oidc",
            "module.eks_deployment.module.irsa-ebs-csi.data.aws_partition.current",
            "module.vpc.aws_subnet.private",
            "module.vpc.aws_vpc.this",
            "module.vpc.aws_vpc_ipv4_cidr_block_association.this"
          ]
        }
      ]
    },
    {
      "module": "module.eks_deployment[0].module.irsa-ebs-csi",
      "mode": "managed",
      "type": "aws_iam_role_policy_attachment",
      "name": "custom",
      "provider": "provider[\"registry.terraform.io/hashicorp/aws\"]",
      "instances": [
        {
          "index_key": 0,
          "schema_version": 0,
          "attributes": {
            "id": "AmazonEKSTFEBSCSIRole-cometeks-2023060116180721240000000e",
            "policy_arn": "arn:aws:iam::aws:policy/service-role/AmazonEBSCSIDriverPolicy",
            "role": "AmazonEKSTFEBSCSIRole-cometeks"
          },
          "sensitive_attributes": [],
          "private": "bnVsbA==",
          "dependencies": [
            "data.aws_availability_zones.available",
            "module.eks_deployment.data.aws_iam_policy.ebs_csi_policy",
            "module.eks_deployment.module.eks.aws_cloudwatch_log_group.this",
            "module.eks_deployment.module.eks.aws_eks_cluster.this",
            "module.eks_deployment.module.eks.aws_iam_policy.cni_ipv6_policy",
            "module.eks_deployment.module.eks.aws_iam_role.this",
            "module.eks_deployment.module.eks.aws_iam_role_policy_attachment.this",
            "module.eks_deployment.module.eks.aws_security_group.cluster",
            "module.eks_deployment.module.eks.aws_security_group.node",
            "module.eks_deployment.module.eks.aws_security_group_rule.cluster",
            "module.eks_deployment.module.eks.aws_security_group_rule.node",
            "module.eks_deployment.module.eks.data.aws_caller_identity.current",
            "module.eks_deployment.module.eks.data.aws_iam_policy_document.assume_role_policy",
            "module.eks_deployment.module.eks.data.aws_iam_policy_document.cni_ipv6_policy",
            "module.eks_deployment.module.eks.data.aws_iam_session_context.current",
            "module.eks_deployment.module.eks.data.aws_partition.current",
            "module.eks_deployment.module.eks.module.kms.aws_kms_external_key.this",
            "module.eks_deployment.module.eks.module.kms.aws_kms_key.this",
            "module.eks_deployment.module.eks.module.kms.data.aws_caller_identity.current",
            "module.eks_deployment.module.eks.module.kms.data.aws_iam_policy_document.this",
            "module.eks_deployment.module.eks.module.kms.data.aws_partition.current",
            "module.eks_deployment.module.irsa-ebs-csi.aws_iam_role.this",
            "module.eks_deployment.module.irsa-ebs-csi.data.aws_caller_identity.current",
            "module.eks_deployment.module.irsa-ebs-csi.data.aws_iam_policy_document.assume_role_with_oidc",
            "module.eks_deployment.module.irsa-ebs-csi.data.aws_partition.current",
            "module.vpc.aws_subnet.private",
            "module.vpc.aws_vpc.this",
            "module.vpc.aws_vpc_ipv4_cidr_block_association.this"
          ]
        }
      ]
    },
    {
      "module": "module.vpc",
      "mode": "managed",
      "type": "aws_default_network_acl",
      "name": "this",
      "provider": "provider[\"registry.terraform.io/hashicorp/aws\"]",
      "instances": [
        {
          "index_key": 0,
          "schema_version": 0,
          "attributes": {
            "arn": "arn:aws:ec2:us-east-2:897196112581:network-acl/acl-0ed8c28f483c4ba6c",
            "default_network_acl_id": "acl-0ed8c28f483c4ba6c",
            "egress": [
              {
                "action": "allow",
                "cidr_block": "",
                "from_port": 0,
                "icmp_code": 0,
                "icmp_type": 0,
                "ipv6_cidr_block": "::/0",
                "protocol": "-1",
                "rule_no": 101,
                "to_port": 0
              },
              {
                "action": "allow",
                "cidr_block": "0.0.0.0/0",
                "from_port": 0,
                "icmp_code": 0,
                "icmp_type": 0,
                "ipv6_cidr_block": "",
                "protocol": "-1",
                "rule_no": 100,
                "to_port": 0
              }
            ],
            "id": "acl-0ed8c28f483c4ba6c",
            "ingress": [
              {
                "action": "allow",
                "cidr_block": "",
                "from_port": 0,
                "icmp_code": 0,
                "icmp_type": 0,
                "ipv6_cidr_block": "::/0",
                "protocol": "-1",
                "rule_no": 101,
                "to_port": 0
              },
              {
                "action": "allow",
                "cidr_block": "0.0.0.0/0",
                "from_port": 0,
                "icmp_code": 0,
                "icmp_type": 0,
                "ipv6_cidr_block": "",
                "protocol": "-1",
                "rule_no": 100,
                "to_port": 0
              }
            ],
            "owner_id": "897196112581",
            "subnet_ids": [
              "subnet-000ed2cea9d4ec99a",
              "subnet-01664d63da017749d",
              "subnet-06f355ebac66a76bd",
              "subnet-070a51ed02078cd45",
              "subnet-08a9ce5fe47a37e1b",
              "subnet-0f1ce6c69d0e4a8e0"
            ],
            "tags": {
              "Environment": "dev",
              "Name": "comet-dev-default",
              "Terraform_Managed": "true"
            },
            "tags_all": {
              "Environment": "dev",
              "Name": "comet-dev-default",
              "Terraform_Managed": "true"
            },
            "vpc_id": "vpc-06ec6c6c2de9ee2bb"
          },
          "sensitive_attributes": [],
          "private": "bnVsbA==",
          "dependencies": [
            "module.vpc.aws_vpc.this"
          ]
        }
      ]
    },
    {
      "module": "module.vpc",
      "mode": "managed",
      "type": "aws_default_route_table",
      "name": "default",
      "provider": "provider[\"registry.terraform.io/hashicorp/aws\"]",
      "instances": [
        {
          "index_key": 0,
          "schema_version": 0,
          "attributes": {
            "arn": "arn:aws:ec2:us-east-2:897196112581:route-table/rtb-063b568c0b005c4b4",
            "default_route_table_id": "rtb-063b568c0b005c4b4",
            "id": "rtb-063b568c0b005c4b4",
            "owner_id": "897196112581",
            "propagating_vgws": [],
            "route": [],
            "tags": {
              "Environment": "dev",
              "Name": "comet-dev-default",
              "Terraform_Managed": "true"
            },
            "tags_all": {
              "Environment": "dev",
              "Name": "comet-dev-default",
              "Terraform_Managed": "true"
            },
            "timeouts": {
              "create": "5m",
              "update": "5m"
            },
            "vpc_id": "vpc-06ec6c6c2de9ee2bb"
          },
          "sensitive_attributes": [],
          "private": "eyJlMmJmYjczMC1lY2FhLTExZTYtOGY4OC0zNDM2M2JjN2M0YzAiOnsiY3JlYXRlIjozMDAwMDAwMDAwMDAsInVwZGF0ZSI6MzAwMDAwMDAwMDAwfX0=",
          "dependencies": [
            "module.vpc.aws_vpc.this"
          ]
        }
      ]
    },
    {
      "module": "module.vpc",
      "mode": "managed",
      "type": "aws_default_security_group",
      "name": "this",
      "provider": "provider[\"registry.terraform.io/hashicorp/aws\"]",
      "instances": [
        {
          "index_key": 0,
          "schema_version": 1,
          "attributes": {
            "arn": "arn:aws:ec2:us-east-2:897196112581:security-group/sg-00a6d20bd7b1ecbed",
            "description": "default VPC security group",
            "egress": [],
            "id": "sg-00a6d20bd7b1ecbed",
            "ingress": [],
            "name": "default",
            "name_prefix": "",
            "owner_id": "897196112581",
            "revoke_rules_on_delete": false,
            "tags": {
              "Environment": "dev",
              "Name": "comet-dev-default",
              "Terraform_Managed": "true"
            },
            "tags_all": {
              "Environment": "dev",
              "Name": "comet-dev-default",
              "Terraform_Managed": "true"
            },
            "vpc_id": "vpc-06ec6c6c2de9ee2bb"
          },
          "sensitive_attributes": [],
          "private": "eyJzY2hlbWFfdmVyc2lvbiI6IjEifQ==",
          "dependencies": [
            "module.vpc.aws_vpc.this"
          ]
        }
      ]
    },
    {
      "module": "module.vpc",
      "mode": "managed",
      "type": "aws_eip",
      "name": "nat",
      "provider": "provider[\"registry.terraform.io/hashicorp/aws\"]",
      "instances": [
        {
          "index_key": 0,
          "schema_version": 0,
          "attributes": {
            "address": null,
            "allocation_id": "eipalloc-09306d9ea223f6c80",
            "associate_with_private_ip": null,
            "association_id": "eipassoc-0ec41eff0ea917244",
            "carrier_ip": "",
            "customer_owned_ip": "",
            "customer_owned_ipv4_pool": "",
            "domain": "vpc",
            "id": "eipalloc-09306d9ea223f6c80",
            "instance": "",
            "network_border_group": "us-east-2",
            "network_interface": "eni-00c6b75ed7f458a7c",
            "private_dns": "ip-10-0-0-77.us-east-2.compute.internal",
            "private_ip": "10.0.0.77",
            "public_dns": "ec2-3-133-30-200.us-east-2.compute.amazonaws.com",
            "public_ip": "3.133.30.200",
            "public_ipv4_pool": "amazon",
            "tags": {
              "Environment": "dev",
              "Name": "comet-dev-us-east-2a",
              "Terraform_Managed": "true"
            },
            "tags_all": {
              "Environment": "dev",
              "Name": "comet-dev-us-east-2a",
              "Terraform_Managed": "true"
            },
            "timeouts": null,
            "vpc": true
          },
          "sensitive_attributes": [],
          "private": "eyJlMmJmYjczMC1lY2FhLTExZTYtOGY4OC0zNDM2M2JjN2M0YzAiOnsiZGVsZXRlIjoxODAwMDAwMDAwMDAsInJlYWQiOjkwMDAwMDAwMDAwMCwidXBkYXRlIjozMDAwMDAwMDAwMDB9fQ==",
          "dependencies": [
            "data.aws_availability_zones.available"
          ]
        }
      ]
    },
    {
      "module": "module.vpc",
      "mode": "managed",
      "type": "aws_internet_gateway",
      "name": "this",
      "provider": "provider[\"registry.terraform.io/hashicorp/aws\"]",
      "instances": [
        {
          "index_key": 0,
          "schema_version": 0,
          "attributes": {
            "arn": "arn:aws:ec2:us-east-2:897196112581:internet-gateway/igw-0f88bff3423891013",
            "id": "igw-0f88bff3423891013",
            "owner_id": "897196112581",
            "tags": {
              "Environment": "dev",
              "Name": "comet-dev",
              "Terraform_Managed": "true"
            },
            "tags_all": {
              "Environment": "dev",
              "Name": "comet-dev",
              "Terraform_Managed": "true"
            },
            "timeouts": null,
            "vpc_id": "vpc-06ec6c6c2de9ee2bb"
          },
          "sensitive_attributes": [],
          "private": "eyJlMmJmYjczMC1lY2FhLTExZTYtOGY4OC0zNDM2M2JjN2M0YzAiOnsiY3JlYXRlIjoxMjAwMDAwMDAwMDAwLCJkZWxldGUiOjEyMDAwMDAwMDAwMDAsInVwZGF0ZSI6MTIwMDAwMDAwMDAwMH19",
          "dependencies": [
            "data.aws_availability_zones.available",
            "module.vpc.aws_vpc.this",
            "module.vpc.aws_vpc_ipv4_cidr_block_association.this"
          ]
        }
      ]
    },
    {
      "module": "module.vpc",
      "mode": "managed",
      "type": "aws_nat_gateway",
      "name": "this",
      "provider": "provider[\"registry.terraform.io/hashicorp/aws\"]",
      "instances": [
        {
          "index_key": 0,
          "schema_version": 0,
          "attributes": {
            "allocation_id": "eipalloc-09306d9ea223f6c80",
            "association_id": "eipassoc-0ec41eff0ea917244",
            "connectivity_type": "public",
            "id": "nat-0fa4db13bb01f6fbe",
            "network_interface_id": "eni-00c6b75ed7f458a7c",
            "private_ip": "10.0.0.77",
            "public_ip": "3.133.30.200",
            "subnet_id": "subnet-000ed2cea9d4ec99a",
            "tags": {
              "Environment": "dev",
              "Name": "comet-dev-us-east-2a",
              "Terraform_Managed": "true"
            },
            "tags_all": {
              "Environment": "dev",
              "Name": "comet-dev-us-east-2a",
              "Terraform_Managed": "true"
            }
          },
          "sensitive_attributes": [],
          "private": "bnVsbA==",
          "dependencies": [
            "data.aws_availability_zones.available",
            "module.vpc.aws_eip.nat",
            "module.vpc.aws_internet_gateway.this",
            "module.vpc.aws_subnet.public",
            "module.vpc.aws_vpc.this",
            "module.vpc.aws_vpc_ipv4_cidr_block_association.this"
          ]
        }
      ]
    },
    {
      "module": "module.vpc",
      "mode": "managed",
      "type": "aws_route",
      "name": "private_nat_gateway",
      "provider": "provider[\"registry.terraform.io/hashicorp/aws\"]",
      "instances": [
        {
          "index_key": 0,
          "schema_version": 0,
          "attributes": {
            "carrier_gateway_id": "",
            "core_network_arn": "",
            "destination_cidr_block": "0.0.0.0/0",
            "destination_ipv6_cidr_block": "",
            "destination_prefix_list_id": "",
            "egress_only_gateway_id": "",
            "gateway_id": "",
            "id": "r-rtb-0dc8ec3e729ede1241080289494",
            "instance_id": "",
            "instance_owner_id": "",
            "local_gateway_id": "",
            "nat_gateway_id": "nat-0fa4db13bb01f6fbe",
            "network_interface_id": "",
            "origin": "CreateRoute",
            "route_table_id": "rtb-0dc8ec3e729ede124",
            "state": "active",
            "timeouts": {
              "create": "5m",
              "delete": null,
              "update": null
            },
            "transit_gateway_id": "",
            "vpc_endpoint_id": "",
            "vpc_peering_connection_id": ""
          },
          "sensitive_attributes": [],
          "private": "eyJlMmJmYjczMC1lY2FhLTExZTYtOGY4OC0zNDM2M2JjN2M0YzAiOnsiY3JlYXRlIjozMDAwMDAwMDAwMDAsImRlbGV0ZSI6MzAwMDAwMDAwMDAwLCJ1cGRhdGUiOjEyMDAwMDAwMDAwMH19",
          "dependencies": [
            "data.aws_availability_zones.available",
            "module.vpc.aws_eip.nat",
            "module.vpc.aws_internet_gateway.this",
            "module.vpc.aws_nat_gateway.this",
            "module.vpc.aws_route_table.private",
            "module.vpc.aws_subnet.public",
            "module.vpc.aws_vpc.this",
            "module.vpc.aws_vpc_ipv4_cidr_block_association.this"
          ]
        }
      ]
    },
    {
      "module": "module.vpc",
      "mode": "managed",
      "type": "aws_route",
      "name": "public_internet_gateway",
      "provider": "provider[\"registry.terraform.io/hashicorp/aws\"]",
      "instances": [
        {
          "index_key": 0,
          "schema_version": 0,
          "attributes": {
            "carrier_gateway_id": "",
            "core_network_arn": "",
            "destination_cidr_block": "0.0.0.0/0",
            "destination_ipv6_cidr_block": "",
            "destination_prefix_list_id": "",
            "egress_only_gateway_id": "",
            "gateway_id": "igw-0f88bff3423891013",
            "id": "r-rtb-04f963643258ffa301080289494",
            "instance_id": "",
            "instance_owner_id": "",
            "local_gateway_id": "",
            "nat_gateway_id": "",
            "network_interface_id": "",
            "origin": "CreateRoute",
            "route_table_id": "rtb-04f963643258ffa30",
            "state": "active",
            "timeouts": {
              "create": "5m",
              "delete": null,
              "update": null
            },
            "transit_gateway_id": "",
            "vpc_endpoint_id": "",
            "vpc_peering_connection_id": ""
          },
          "sensitive_attributes": [],
          "private": "eyJlMmJmYjczMC1lY2FhLTExZTYtOGY4OC0zNDM2M2JjN2M0YzAiOnsiY3JlYXRlIjozMDAwMDAwMDAwMDAsImRlbGV0ZSI6MzAwMDAwMDAwMDAwLCJ1cGRhdGUiOjEyMDAwMDAwMDAwMH19",
          "dependencies": [
            "data.aws_availability_zones.available",
            "module.vpc.aws_internet_gateway.this",
            "module.vpc.aws_route_table.public",
            "module.vpc.aws_vpc.this",
            "module.vpc.aws_vpc_ipv4_cidr_block_association.this"
          ]
        }
      ]
    },
    {
      "module": "module.vpc",
      "mode": "managed",
      "type": "aws_route_table",
      "name": "private",
      "provider": "provider[\"registry.terraform.io/hashicorp/aws\"]",
      "instances": [
        {
          "index_key": 0,
          "schema_version": 0,
          "attributes": {
            "arn": "arn:aws:ec2:us-east-2:897196112581:route-table/rtb-0dc8ec3e729ede124",
            "id": "rtb-0dc8ec3e729ede124",
            "owner_id": "897196112581",
            "propagating_vgws": [],
            "route": [
              {
                "carrier_gateway_id": "",
                "cidr_block": "0.0.0.0/0",
                "core_network_arn": "",
                "destination_prefix_list_id": "",
                "egress_only_gateway_id": "",
                "gateway_id": "",
                "instance_id": "",
                "ipv6_cidr_block": "",
                "local_gateway_id": "",
                "nat_gateway_id": "nat-0fa4db13bb01f6fbe",
                "network_interface_id": "",
                "transit_gateway_id": "",
                "vpc_endpoint_id": "",
                "vpc_peering_connection_id": ""
              }
            ],
            "tags": {
              "Environment": "dev",
              "Name": "comet-dev-private",
              "Terraform_Managed": "true"
            },
            "tags_all": {
              "Environment": "dev",
              "Name": "comet-dev-private",
              "Terraform_Managed": "true"
            },
            "timeouts": null,
            "vpc_id": "vpc-06ec6c6c2de9ee2bb"
          },
          "sensitive_attributes": [],
          "private": "eyJlMmJmYjczMC1lY2FhLTExZTYtOGY4OC0zNDM2M2JjN2M0YzAiOnsiY3JlYXRlIjozMDAwMDAwMDAwMDAsImRlbGV0ZSI6MzAwMDAwMDAwMDAwLCJ1cGRhdGUiOjEyMDAwMDAwMDAwMH19",
          "dependencies": [
            "data.aws_availability_zones.available",
            "module.vpc.aws_vpc.this",
            "module.vpc.aws_vpc_ipv4_cidr_block_association.this"
          ]
        }
      ]
    },
    {
      "module": "module.vpc",
      "mode": "managed",
      "type": "aws_route_table",
      "name": "public",
      "provider": "provider[\"registry.terraform.io/hashicorp/aws\"]",
      "instances": [
        {
          "index_key": 0,
          "schema_version": 0,
          "attributes": {
            "arn": "arn:aws:ec2:us-east-2:897196112581:route-table/rtb-04f963643258ffa30",
            "id": "rtb-04f963643258ffa30",
            "owner_id": "897196112581",
            "propagating_vgws": [],
            "route": [
              {
                "carrier_gateway_id": "",
                "cidr_block": "0.0.0.0/0",
                "core_network_arn": "",
                "destination_prefix_list_id": "",
                "egress_only_gateway_id": "",
                "gateway_id": "igw-0f88bff3423891013",
                "instance_id": "",
                "ipv6_cidr_block": "",
                "local_gateway_id": "",
                "nat_gateway_id": "",
                "network_interface_id": "",
                "transit_gateway_id": "",
                "vpc_endpoint_id": "",
                "vpc_peering_connection_id": ""
              }
            ],
            "tags": {
              "Environment": "dev",
              "Name": "comet-dev-public",
              "Terraform_Managed": "true"
            },
            "tags_all": {
              "Environment": "dev",
              "Name": "comet-dev-public",
              "Terraform_Managed": "true"
            },
            "timeouts": null,
            "vpc_id": "vpc-06ec6c6c2de9ee2bb"
          },
          "sensitive_attributes": [],
          "private": "eyJlMmJmYjczMC1lY2FhLTExZTYtOGY4OC0zNDM2M2JjN2M0YzAiOnsiY3JlYXRlIjozMDAwMDAwMDAwMDAsImRlbGV0ZSI6MzAwMDAwMDAwMDAwLCJ1cGRhdGUiOjEyMDAwMDAwMDAwMH19",
          "dependencies": [
            "data.aws_availability_zones.available",
            "module.vpc.aws_vpc.this",
            "module.vpc.aws_vpc_ipv4_cidr_block_association.this"
          ]
        }
      ]
    },
    {
      "module": "module.vpc",
      "mode": "managed",
      "type": "aws_route_table_association",
      "name": "private",
      "provider": "provider[\"registry.terraform.io/hashicorp/aws\"]",
      "instances": [
        {
          "index_key": 0,
          "schema_version": 0,
          "attributes": {
            "gateway_id": "",
            "id": "rtbassoc-005b89a3a81381fc7",
            "route_table_id": "rtb-0dc8ec3e729ede124",
            "subnet_id": "subnet-08a9ce5fe47a37e1b",
            "timeouts": null
          },
          "sensitive_attributes": [],
          "private": "eyJlMmJmYjczMC1lY2FhLTExZTYtOGY4OC0zNDM2M2JjN2M0YzAiOnsiY3JlYXRlIjozMDAwMDAwMDAwMDAsImRlbGV0ZSI6MzAwMDAwMDAwMDAwLCJ1cGRhdGUiOjEyMDAwMDAwMDAwMH19",
          "dependencies": [
            "data.aws_availability_zones.available",
            "module.vpc.aws_route_table.private",
            "module.vpc.aws_subnet.private",
            "module.vpc.aws_vpc.this",
            "module.vpc.aws_vpc_ipv4_cidr_block_association.this"
          ]
        },
        {
          "index_key": 1,
          "schema_version": 0,
          "attributes": {
            "gateway_id": "",
            "id": "rtbassoc-00f0dcb9ffbf03b9f",
            "route_table_id": "rtb-0dc8ec3e729ede124",
            "subnet_id": "subnet-0f1ce6c69d0e4a8e0",
            "timeouts": null
          },
          "sensitive_attributes": [],
          "private": "eyJlMmJmYjczMC1lY2FhLTExZTYtOGY4OC0zNDM2M2JjN2M0YzAiOnsiY3JlYXRlIjozMDAwMDAwMDAwMDAsImRlbGV0ZSI6MzAwMDAwMDAwMDAwLCJ1cGRhdGUiOjEyMDAwMDAwMDAwMH19",
          "dependencies": [
            "data.aws_availability_zones.available",
            "module.vpc.aws_route_table.private",
            "module.vpc.aws_subnet.private",
            "module.vpc.aws_vpc.this",
            "module.vpc.aws_vpc_ipv4_cidr_block_association.this"
          ]
        },
        {
          "index_key": 2,
          "schema_version": 0,
          "attributes": {
            "gateway_id": "",
            "id": "rtbassoc-067f85140b410a4e8",
            "route_table_id": "rtb-0dc8ec3e729ede124",
            "subnet_id": "subnet-06f355ebac66a76bd",
            "timeouts": null
          },
          "sensitive_attributes": [],
          "private": "eyJlMmJmYjczMC1lY2FhLTExZTYtOGY4OC0zNDM2M2JjN2M0YzAiOnsiY3JlYXRlIjozMDAwMDAwMDAwMDAsImRlbGV0ZSI6MzAwMDAwMDAwMDAwLCJ1cGRhdGUiOjEyMDAwMDAwMDAwMH19",
          "dependencies": [
            "data.aws_availability_zones.available",
            "module.vpc.aws_route_table.private",
            "module.vpc.aws_subnet.private",
            "module.vpc.aws_vpc.this",
            "module.vpc.aws_vpc_ipv4_cidr_block_association.this"
          ]
        }
      ]
    },
    {
      "module": "module.vpc",
      "mode": "managed",
      "type": "aws_route_table_association",
      "name": "public",
      "provider": "provider[\"registry.terraform.io/hashicorp/aws\"]",
      "instances": [
        {
          "index_key": 0,
          "schema_version": 0,
          "attributes": {
            "gateway_id": "",
            "id": "rtbassoc-0ed9a1228c02cede5",
            "route_table_id": "rtb-04f963643258ffa30",
            "subnet_id": "subnet-000ed2cea9d4ec99a",
            "timeouts": null
          },
          "sensitive_attributes": [],
          "private": "eyJlMmJmYjczMC1lY2FhLTExZTYtOGY4OC0zNDM2M2JjN2M0YzAiOnsiY3JlYXRlIjozMDAwMDAwMDAwMDAsImRlbGV0ZSI6MzAwMDAwMDAwMDAwLCJ1cGRhdGUiOjEyMDAwMDAwMDAwMH19",
          "dependencies": [
            "data.aws_availability_zones.available",
            "module.vpc.aws_route_table.public",
            "module.vpc.aws_subnet.public",
            "module.vpc.aws_vpc.this",
            "module.vpc.aws_vpc_ipv4_cidr_block_association.this"
          ]
        },
        {
          "index_key": 1,
          "schema_version": 0,
          "attributes": {
            "gateway_id": "",
            "id": "rtbassoc-0a0d9726cc6d99ac5",
            "route_table_id": "rtb-04f963643258ffa30",
            "subnet_id": "subnet-01664d63da017749d",
            "timeouts": null
          },
          "sensitive_attributes": [],
          "private": "eyJlMmJmYjczMC1lY2FhLTExZTYtOGY4OC0zNDM2M2JjN2M0YzAiOnsiY3JlYXRlIjozMDAwMDAwMDAwMDAsImRlbGV0ZSI6MzAwMDAwMDAwMDAwLCJ1cGRhdGUiOjEyMDAwMDAwMDAwMH19",
          "dependencies": [
            "data.aws_availability_zones.available",
            "module.vpc.aws_route_table.public",
            "module.vpc.aws_subnet.public",
            "module.vpc.aws_vpc.this",
            "module.vpc.aws_vpc_ipv4_cidr_block_association.this"
          ]
        },
        {
          "index_key": 2,
          "schema_version": 0,
          "attributes": {
            "gateway_id": "",
            "id": "rtbassoc-0e2ae0dde5478ee94",
            "route_table_id": "rtb-04f963643258ffa30",
            "subnet_id": "subnet-070a51ed02078cd45",
            "timeouts": null
          },
          "sensitive_attributes": [],
          "private": "eyJlMmJmYjczMC1lY2FhLTExZTYtOGY4OC0zNDM2M2JjN2M0YzAiOnsiY3JlYXRlIjozMDAwMDAwMDAwMDAsImRlbGV0ZSI6MzAwMDAwMDAwMDAwLCJ1cGRhdGUiOjEyMDAwMDAwMDAwMH19",
          "dependencies": [
            "data.aws_availability_zones.available",
            "module.vpc.aws_route_table.public",
            "module.vpc.aws_subnet.public",
            "module.vpc.aws_vpc.this",
            "module.vpc.aws_vpc_ipv4_cidr_block_association.this"
          ]
        }
      ]
    },
    {
      "module": "module.vpc",
      "mode": "managed",
      "type": "aws_subnet",
      "name": "private",
      "provider": "provider[\"registry.terraform.io/hashicorp/aws\"]",
      "instances": [
        {
          "index_key": 0,
          "schema_version": 1,
          "attributes": {
            "arn": "arn:aws:ec2:us-east-2:897196112581:subnet/subnet-08a9ce5fe47a37e1b",
            "assign_ipv6_address_on_creation": false,
            "availability_zone": "us-east-2a",
            "availability_zone_id": "use2-az1",
            "cidr_block": "10.0.10.0/24",
            "customer_owned_ipv4_pool": "",
            "enable_dns64": false,
            "enable_lni_at_device_index": 0,
            "enable_resource_name_dns_a_record_on_launch": false,
            "enable_resource_name_dns_aaaa_record_on_launch": false,
            "id": "subnet-08a9ce5fe47a37e1b",
            "ipv6_cidr_block": "",
            "ipv6_cidr_block_association_id": "",
            "ipv6_native": false,
            "map_customer_owned_ip_on_launch": false,
            "map_public_ip_on_launch": false,
            "outpost_arn": "",
            "owner_id": "897196112581",
            "private_dns_hostname_type_on_launch": "ip-name",
            "tags": {
              "Environment": "dev",
              "Name": "comet-dev-private-us-east-2a",
              "Terraform_Managed": "true",
              "kubernetes.io/role/internal-elb": "1"
            },
            "tags_all": {
              "Environment": "dev",
              "Name": "comet-dev-private-us-east-2a",
              "Terraform_Managed": "true",
              "kubernetes.io/role/internal-elb": "1"
            },
            "timeouts": null,
            "vpc_id": "vpc-06ec6c6c2de9ee2bb"
          },
          "sensitive_attributes": [],
          "private": "eyJlMmJmYjczMC1lY2FhLTExZTYtOGY4OC0zNDM2M2JjN2M0YzAiOnsiY3JlYXRlIjo2MDAwMDAwMDAwMDAsImRlbGV0ZSI6MTIwMDAwMDAwMDAwMH0sInNjaGVtYV92ZXJzaW9uIjoiMSJ9",
          "dependencies": [
            "data.aws_availability_zones.available",
            "module.vpc.aws_vpc.this",
            "module.vpc.aws_vpc_ipv4_cidr_block_association.this"
          ]
        },
        {
          "index_key": 1,
          "schema_version": 1,
          "attributes": {
            "arn": "arn:aws:ec2:us-east-2:897196112581:subnet/subnet-0f1ce6c69d0e4a8e0",
            "assign_ipv6_address_on_creation": false,
            "availability_zone": "us-east-2b",
            "availability_zone_id": "use2-az2",
            "cidr_block": "10.0.11.0/24",
            "customer_owned_ipv4_pool": "",
            "enable_dns64": false,
            "enable_lni_at_device_index": 0,
            "enable_resource_name_dns_a_record_on_launch": false,
            "enable_resource_name_dns_aaaa_record_on_launch": false,
            "id": "subnet-0f1ce6c69d0e4a8e0",
            "ipv6_cidr_block": "",
            "ipv6_cidr_block_association_id": "",
            "ipv6_native": false,
            "map_customer_owned_ip_on_launch": false,
            "map_public_ip_on_launch": false,
            "outpost_arn": "",
            "owner_id": "897196112581",
            "private_dns_hostname_type_on_launch": "ip-name",
            "tags": {
              "Environment": "dev",
              "Name": "comet-dev-private-us-east-2b",
              "Terraform_Managed": "true",
              "kubernetes.io/role/internal-elb": "1"
            },
            "tags_all": {
              "Environment": "dev",
              "Name": "comet-dev-private-us-east-2b",
              "Terraform_Managed": "true",
              "kubernetes.io/role/internal-elb": "1"
            },
            "timeouts": null,
            "vpc_id": "vpc-06ec6c6c2de9ee2bb"
          },
          "sensitive_attributes": [],
          "private": "eyJlMmJmYjczMC1lY2FhLTExZTYtOGY4OC0zNDM2M2JjN2M0YzAiOnsiY3JlYXRlIjo2MDAwMDAwMDAwMDAsImRlbGV0ZSI6MTIwMDAwMDAwMDAwMH0sInNjaGVtYV92ZXJzaW9uIjoiMSJ9",
          "dependencies": [
            "data.aws_availability_zones.available",
            "module.vpc.aws_vpc.this",
            "module.vpc.aws_vpc_ipv4_cidr_block_association.this"
          ]
        },
        {
          "index_key": 2,
          "schema_version": 1,
          "attributes": {
            "arn": "arn:aws:ec2:us-east-2:897196112581:subnet/subnet-06f355ebac66a76bd",
            "assign_ipv6_address_on_creation": false,
            "availability_zone": "us-east-2c",
            "availability_zone_id": "use2-az3",
            "cidr_block": "10.0.12.0/24",
            "customer_owned_ipv4_pool": "",
            "enable_dns64": false,
            "enable_lni_at_device_index": 0,
            "enable_resource_name_dns_a_record_on_launch": false,
            "enable_resource_name_dns_aaaa_record_on_launch": false,
            "id": "subnet-06f355ebac66a76bd",
            "ipv6_cidr_block": "",
            "ipv6_cidr_block_association_id": "",
            "ipv6_native": false,
            "map_customer_owned_ip_on_launch": false,
            "map_public_ip_on_launch": false,
            "outpost_arn": "",
            "owner_id": "897196112581",
            "private_dns_hostname_type_on_launch": "ip-name",
            "tags": {
              "Environment": "dev",
              "Name": "comet-dev-private-us-east-2c",
              "Terraform_Managed": "true",
              "kubernetes.io/role/internal-elb": "1"
            },
            "tags_all": {
              "Environment": "dev",
              "Name": "comet-dev-private-us-east-2c",
              "Terraform_Managed": "true",
              "kubernetes.io/role/internal-elb": "1"
            },
            "timeouts": null,
            "vpc_id": "vpc-06ec6c6c2de9ee2bb"
          },
          "sensitive_attributes": [],
          "private": "eyJlMmJmYjczMC1lY2FhLTExZTYtOGY4OC0zNDM2M2JjN2M0YzAiOnsiY3JlYXRlIjo2MDAwMDAwMDAwMDAsImRlbGV0ZSI6MTIwMDAwMDAwMDAwMH0sInNjaGVtYV92ZXJzaW9uIjoiMSJ9",
          "dependencies": [
            "data.aws_availability_zones.available",
            "module.vpc.aws_vpc.this",
            "module.vpc.aws_vpc_ipv4_cidr_block_association.this"
          ]
        }
      ]
    },
    {
      "module": "module.vpc",
      "mode": "managed",
      "type": "aws_subnet",
      "name": "public",
      "provider": "provider[\"registry.terraform.io/hashicorp/aws\"]",
      "instances": [
        {
          "index_key": 0,
          "schema_version": 1,
          "attributes": {
            "arn": "arn:aws:ec2:us-east-2:897196112581:subnet/subnet-000ed2cea9d4ec99a",
            "assign_ipv6_address_on_creation": false,
            "availability_zone": "us-east-2a",
            "availability_zone_id": "use2-az1",
            "cidr_block": "10.0.0.0/24",
            "customer_owned_ipv4_pool": "",
            "enable_dns64": false,
            "enable_lni_at_device_index": 0,
            "enable_resource_name_dns_a_record_on_launch": false,
            "enable_resource_name_dns_aaaa_record_on_launch": false,
            "id": "subnet-000ed2cea9d4ec99a",
            "ipv6_cidr_block": "",
            "ipv6_cidr_block_association_id": "",
            "ipv6_native": false,
            "map_customer_owned_ip_on_launch": false,
            "map_public_ip_on_launch": true,
            "outpost_arn": "",
            "owner_id": "897196112581",
            "private_dns_hostname_type_on_launch": "ip-name",
            "tags": {
              "Environment": "dev",
              "Name": "comet-dev-public-us-east-2a",
              "Terraform_Managed": "true",
              "kubernetes.io/role/elb": "1"
            },
            "tags_all": {
              "Environment": "dev",
              "Name": "comet-dev-public-us-east-2a",
              "Terraform_Managed": "true",
              "kubernetes.io/role/elb": "1"
            },
            "timeouts": null,
            "vpc_id": "vpc-06ec6c6c2de9ee2bb"
          },
          "sensitive_attributes": [],
          "private": "eyJlMmJmYjczMC1lY2FhLTExZTYtOGY4OC0zNDM2M2JjN2M0YzAiOnsiY3JlYXRlIjo2MDAwMDAwMDAwMDAsImRlbGV0ZSI6MTIwMDAwMDAwMDAwMH0sInNjaGVtYV92ZXJzaW9uIjoiMSJ9",
          "dependencies": [
            "data.aws_availability_zones.available",
            "module.vpc.aws_vpc.this",
            "module.vpc.aws_vpc_ipv4_cidr_block_association.this"
          ]
        },
        {
          "index_key": 1,
          "schema_version": 1,
          "attributes": {
            "arn": "arn:aws:ec2:us-east-2:897196112581:subnet/subnet-01664d63da017749d",
            "assign_ipv6_address_on_creation": false,
            "availability_zone": "us-east-2b",
            "availability_zone_id": "use2-az2",
            "cidr_block": "10.0.1.0/24",
            "customer_owned_ipv4_pool": "",
            "enable_dns64": false,
            "enable_lni_at_device_index": 0,
            "enable_resource_name_dns_a_record_on_launch": false,
            "enable_resource_name_dns_aaaa_record_on_launch": false,
            "id": "subnet-01664d63da017749d",
            "ipv6_cidr_block": "",
            "ipv6_cidr_block_association_id": "",
            "ipv6_native": false,
            "map_customer_owned_ip_on_launch": false,
            "map_public_ip_on_launch": true,
            "outpost_arn": "",
            "owner_id": "897196112581",
            "private_dns_hostname_type_on_launch": "ip-name",
            "tags": {
              "Environment": "dev",
              "Name": "comet-dev-public-us-east-2b",
              "Terraform_Managed": "true",
              "kubernetes.io/role/elb": "1"
            },
            "tags_all": {
              "Environment": "dev",
              "Name": "comet-dev-public-us-east-2b",
              "Terraform_Managed": "true",
              "kubernetes.io/role/elb": "1"
            },
            "timeouts": null,
            "vpc_id": "vpc-06ec6c6c2de9ee2bb"
          },
          "sensitive_attributes": [],
          "private": "eyJlMmJmYjczMC1lY2FhLTExZTYtOGY4OC0zNDM2M2JjN2M0YzAiOnsiY3JlYXRlIjo2MDAwMDAwMDAwMDAsImRlbGV0ZSI6MTIwMDAwMDAwMDAwMH0sInNjaGVtYV92ZXJzaW9uIjoiMSJ9",
          "dependencies": [
            "data.aws_availability_zones.available",
            "module.vpc.aws_vpc.this",
            "module.vpc.aws_vpc_ipv4_cidr_block_association.this"
          ]
        },
        {
          "index_key": 2,
          "schema_version": 1,
          "attributes": {
            "arn": "arn:aws:ec2:us-east-2:897196112581:subnet/subnet-070a51ed02078cd45",
            "assign_ipv6_address_on_creation": false,
            "availability_zone": "us-east-2c",
            "availability_zone_id": "use2-az3",
            "cidr_block": "10.0.2.0/24",
            "customer_owned_ipv4_pool": "",
            "enable_dns64": false,
            "enable_lni_at_device_index": 0,
            "enable_resource_name_dns_a_record_on_launch": false,
            "enable_resource_name_dns_aaaa_record_on_launch": false,
            "id": "subnet-070a51ed02078cd45",
            "ipv6_cidr_block": "",
            "ipv6_cidr_block_association_id": "",
            "ipv6_native": false,
            "map_customer_owned_ip_on_launch": false,
            "map_public_ip_on_launch": true,
            "outpost_arn": "",
            "owner_id": "897196112581",
            "private_dns_hostname_type_on_launch": "ip-name",
            "tags": {
              "Environment": "dev",
              "Name": "comet-dev-public-us-east-2c",
              "Terraform_Managed": "true",
              "kubernetes.io/role/elb": "1"
            },
            "tags_all": {
              "Environment": "dev",
              "Name": "comet-dev-public-us-east-2c",
              "Terraform_Managed": "true",
              "kubernetes.io/role/elb": "1"
            },
            "timeouts": null,
            "vpc_id": "vpc-06ec6c6c2de9ee2bb"
          },
          "sensitive_attributes": [],
          "private": "eyJlMmJmYjczMC1lY2FhLTExZTYtOGY4OC0zNDM2M2JjN2M0YzAiOnsiY3JlYXRlIjo2MDAwMDAwMDAwMDAsImRlbGV0ZSI6MTIwMDAwMDAwMDAwMH0sInNjaGVtYV92ZXJzaW9uIjoiMSJ9",
          "dependencies": [
            "data.aws_availability_zones.available",
            "module.vpc.aws_vpc.this",
            "module.vpc.aws_vpc_ipv4_cidr_block_association.this"
          ]
        }
      ]
    },
    {
      "module": "module.vpc",
      "mode": "managed",
      "type": "aws_vpc",
      "name": "this",
      "provider": "provider[\"registry.terraform.io/hashicorp/aws\"]",
      "instances": [
        {
          "index_key": 0,
          "schema_version": 1,
          "attributes": {
            "arn": "arn:aws:ec2:us-east-2:897196112581:vpc/vpc-06ec6c6c2de9ee2bb",
            "assign_generated_ipv6_cidr_block": false,
            "cidr_block": "10.0.0.0/16",
            "default_network_acl_id": "acl-0ed8c28f483c4ba6c",
            "default_route_table_id": "rtb-063b568c0b005c4b4",
            "default_security_group_id": "sg-00a6d20bd7b1ecbed",
            "dhcp_options_id": "dopt-0399ea5a2cb412e54",
            "enable_classiclink": false,
            "enable_classiclink_dns_support": false,
            "enable_dns_hostnames": true,
            "enable_dns_support": true,
            "enable_network_address_usage_metrics": false,
            "id": "vpc-06ec6c6c2de9ee2bb",
            "instance_tenancy": "default",
            "ipv4_ipam_pool_id": null,
            "ipv4_netmask_length": null,
            "ipv6_association_id": "",
            "ipv6_cidr_block": "",
            "ipv6_cidr_block_network_border_group": "",
            "ipv6_ipam_pool_id": "",
            "ipv6_netmask_length": 0,
            "main_route_table_id": "rtb-063b568c0b005c4b4",
            "owner_id": "897196112581",
            "tags": {
              "Environment": "dev",
              "Name": "comet-dev",
              "Terraform_Managed": "true"
            },
            "tags_all": {
              "Environment": "dev",
              "Name": "comet-dev",
              "Terraform_Managed": "true"
            }
          },
          "sensitive_attributes": [],
          "private": "eyJzY2hlbWFfdmVyc2lvbiI6IjEifQ==",
          "create_before_destroy": true
        }
      ]
    }
  ],
  "check_results": null
}
