{
  "version": 4,
  "terraform_version": "1.4.6",
  "serial": 1513,
  "lineage": "c4c55dc4-b3f9-7925-01c0-1b53f0150b9d",
  "outputs": {},
  "resources": [
    {
      "mode": "data",
      "type": "aws_availability_zones",
      "name": "available",
      "provider": "provider[\"registry.terraform.io/hashicorp/aws\"]",
      "instances": [
        {
          "schema_version": 0,
          "attributes": {
            "all_availability_zones": null,
            "exclude_names": null,
            "exclude_zone_ids": null,
            "filter": null,
            "group_names": [
              "us-east-2"
            ],
            "id": "us-east-2",
            "names": [
              "us-east-2a",
              "us-east-2b",
              "us-east-2c"
            ],
            "state": null,
            "timeouts": null,
            "zone_ids": [
              "use2-az1",
              "use2-az2",
              "use2-az3"
            ]
          },
          "sensitive_attributes": []
        }
      ]
    },
    {
      "module": "module.comet_rds[0]",
      "mode": "managed",
      "type": "aws_db_subnet_group",
      "name": "comet-ml-rds-subnet",
      "provider": "provider[\"registry.terraform.io/hashicorp/aws\"]",
      "instances": [
        {
          "schema_version": 0,
          "attributes": {
            "arn": "arn:aws:rds:us-east-2:897196112581:subgrp:cometml_rds_sgn_dev",
            "description": "Managed by Terraform",
            "id": "cometml_rds_sgn_dev",
            "name": "cometml_rds_sgn_dev",
            "name_prefix": "",
            "subnet_ids": [
              "subnet-01846ecbcba8be6b8",
              "subnet-076e2302d9e0f1f21",
              "subnet-08fd2ca1408073751"
            ],
            "supported_network_types": [
              "IPV4"
            ],
            "tags": {
              "Environment": "dev",
              "Name": "cometml-rds_sng-dev",
              "Terraform_Managed": "true"
            },
            "tags_all": {
              "Environment": "dev",
              "Name": "cometml-rds_sng-dev",
              "Terraform_Managed": "true"
            },
            "vpc_id": "vpc-03d61c365286027a6"
          },
          "sensitive_attributes": [],
          "private": "bnVsbA==",
          "dependencies": [
            "data.aws_availability_zones.available",
            "module.vpc.aws_subnet.private",
            "module.vpc.aws_vpc.this",
            "module.vpc.aws_vpc_ipv4_cidr_block_association.this"
          ]
        }
      ]
    },
    {
      "module": "module.comet_rds[0]",
      "mode": "managed",
      "type": "aws_rds_cluster",
      "name": "comet-ml-cluster",
      "provider": "provider[\"registry.terraform.io/hashicorp/aws\"]",
      "instances": [
        {
          "schema_version": 0,
          "attributes": {
            "allocated_storage": 1,
            "allow_major_version_upgrade": null,
            "apply_immediately": null,
            "arn": "arn:aws:rds:us-east-2:897196112581:cluster:cometml-mysql-cluster-dev",
            "availability_zones": [
              "us-east-2a",
              "us-east-2b",
              "us-east-2c"
            ],
            "backtrack_window": 0,
            "backup_retention_period": 7,
            "cluster_identifier": "cometml-mysql-cluster-dev",
            "cluster_identifier_prefix": null,
            "cluster_members": [
              "cometml-mysql-dev-0",
              "cometml-mysql-dev-1"
            ],
            "cluster_resource_id": "cluster-7WMGSRQCG6I52D7K3EBXGMHY7Y",
            "copy_tags_to_snapshot": false,
            "database_name": "logger",
            "db_cluster_instance_class": "",
            "db_cluster_parameter_group_name": "cometml-rds-cluster-pg-dev",
            "db_instance_parameter_group_name": null,
            "db_subnet_group_name": "cometml_rds_sgn_dev",
            "deletion_protection": false,
            "enable_global_write_forwarding": false,
            "enable_http_endpoint": false,
            "enabled_cloudwatch_logs_exports": [],
            "endpoint": "cometml-mysql-cluster-dev.cluster-crhy02zrnsyu.us-east-2.rds.amazonaws.com",
            "engine": "aurora-mysql",
            "engine_mode": "provisioned",
            "engine_version": "5.7.mysql_aurora.2.07.2",
            "engine_version_actual": "5.7.mysql_aurora.2.07.2",
            "final_snapshot_identifier": "comet-ml-rds-backup-dev",
            "global_cluster_identifier": "",
            "hosted_zone_id": "Z2XHWR1WZ565X2",
            "iam_database_authentication_enabled": true,
            "iam_roles": [],
            "id": "cometml-mysql-cluster-dev",
            "iops": 0,
            "kms_key_id": "arn:aws:kms:us-east-2:897196112581:key/f42a86e9-da82-4ec9-9051-740faa768c9e",
            "manage_master_user_password": null,
            "master_password": "rdsVN1y74dbNb47MyiPp3wxXHwAPez",
            "master_user_secret": [],
            "master_user_secret_kms_key_id": null,
            "master_username": "root",
            "network_type": "IPV4",
            "port": 3306,
            "preferred_backup_window": "07:00-09:00",
            "preferred_maintenance_window": "thu:05:50-thu:06:20",
            "reader_endpoint": "cometml-mysql-cluster-dev.cluster-ro-crhy02zrnsyu.us-east-2.rds.amazonaws.com",
            "replication_source_identifier": "",
            "restore_to_point_in_time": [],
            "s3_import": [],
            "scaling_configuration": [],
            "serverlessv2_scaling_configuration": [],
            "skip_final_snapshot": false,
            "snapshot_identifier": null,
            "source_region": null,
            "storage_encrypted": true,
            "storage_type": "",
            "tags": {},
            "tags_all": {},
            "timeouts": null,
            "vpc_security_group_ids": [
              "sg-0c44ac00691bc2b7d"
            ]
          },
          "sensitive_attributes": [],
          "private": "eyJlMmJmYjczMC1lY2FhLTExZTYtOGY4OC0zNDM2M2JjN2M0YzAiOnsiY3JlYXRlIjo3MjAwMDAwMDAwMDAwLCJkZWxldGUiOjcyMDAwMDAwMDAwMDAsInVwZGF0ZSI6NzIwMDAwMDAwMDAwMH19",
          "dependencies": [
            "data.aws_availability_zones.available",
            "module.comet_rds.aws_db_subnet_group.comet-ml-rds-subnet",
            "module.comet_rds.aws_rds_cluster_parameter_group.comet-ml-cluster-pg",
            "module.comet_rds.aws_security_group.mysql_sg",
            "module.vpc.aws_subnet.private",
            "module.vpc.aws_vpc.this",
            "module.vpc.aws_vpc_ipv4_cidr_block_association.this"
          ]
        }
      ]
    },
    {
      "module": "module.comet_rds[0]",
      "mode": "managed",
      "type": "aws_rds_cluster_instance",
      "name": "comet-ml-rds-mysql",
      "provider": "provider[\"registry.terraform.io/hashicorp/aws\"]",
      "instances": [
        {
          "index_key": 0,
          "status": "tainted",
          "schema_version": 0,
          "attributes": {
            "apply_immediately": null,
            "arn": "arn:aws:rds:us-east-2:897196112581:db:cometml-mysql-dev-0",
            "auto_minor_version_upgrade": true,
            "availability_zone": "",
            "ca_cert_identifier": "rds-ca-2019",
            "cluster_identifier": "cometml-mysql-cluster-dev",
            "copy_tags_to_snapshot": false,
            "db_parameter_group_name": "default.aurora-mysql5.7",
            "db_subnet_group_name": "cometml_rds_sgn_dev",
            "dbi_resource_id": "db-3ZTUZNQRZBGZA3APP3Z7O3POUM",
            "endpoint": null,
            "engine": "aurora-mysql",
            "engine_version": "5.7.mysql_aurora.2.07.2",
            "engine_version_actual": "5.7.mysql_aurora.2.07.2",
            "id": "cometml-mysql-dev-0",
            "identifier": "cometml-mysql-dev-0",
            "identifier_prefix": null,
            "instance_class": "db.r5.xlarge",
            "kms_key_id": "arn:aws:kms:us-east-2:897196112581:key/f42a86e9-da82-4ec9-9051-740faa768c9e",
            "monitoring_interval": 0,
            "monitoring_role_arn": "",
            "network_type": "IPV4",
            "performance_insights_enabled": false,
            "performance_insights_kms_key_id": "",
            "performance_insights_retention_period": 0,
            "port": null,
            "preferred_backup_window": "07:00-09:00",
            "preferred_maintenance_window": "sun:10:11-sun:10:41",
            "promotion_tier": 0,
            "publicly_accessible": false,
            "storage_encrypted": true,
            "tags": {},
            "tags_all": {},
            "timeouts": null,
            "writer": false
          },
          "sensitive_attributes": [],
          "private": "eyJlMmJmYjczMC1lY2FhLTExZTYtOGY4OC0zNDM2M2JjN2M0YzAiOnsiY3JlYXRlIjo1NDAwMDAwMDAwMDAwLCJkZWxldGUiOjU0MDAwMDAwMDAwMDAsInVwZGF0ZSI6NTQwMDAwMDAwMDAwMH19",
          "dependencies": [
            "data.aws_availability_zones.available",
            "module.comet_rds.aws_db_subnet_group.comet-ml-rds-subnet",
            "module.comet_rds.aws_rds_cluster.comet-ml-cluster",
            "module.comet_rds.aws_rds_cluster_parameter_group.comet-ml-cluster-pg",
            "module.comet_rds.aws_security_group.mysql_sg",
            "module.vpc.aws_subnet.private",
            "module.vpc.aws_vpc.this",
            "module.vpc.aws_vpc_ipv4_cidr_block_association.this"
          ]
        }
      ]
    },
    {
      "module": "module.comet_rds[0]",
      "mode": "managed",
      "type": "aws_rds_cluster_parameter_group",
      "name": "comet-ml-cluster-pg",
      "provider": "provider[\"registry.terraform.io/hashicorp/aws\"]",
      "instances": [
        {
          "schema_version": 0,
          "attributes": {
            "arn": "arn:aws:rds:us-east-2:897196112581:cluster-pg:cometml-rds-cluster-pg-dev",
            "description": "Comet ML RDS cluster parameter group",
            "family": "aurora-mysql5.7",
            "id": "cometml-rds-cluster-pg-dev",
            "name": "cometml-rds-cluster-pg-dev",
            "name_prefix": "",
            "parameter": [
              {
                "apply_method": "pending-reboot",
                "name": "character_set_connection",
                "value": "utf8mb4"
              },
              {
                "apply_method": "pending-reboot",
                "name": "character_set_database",
                "value": "utf8mb4"
              },
              {
                "apply_method": "pending-reboot",
                "name": "character_set_results",
                "value": "utf8mb4"
              },
              {
                "apply_method": "pending-reboot",
                "name": "character_set_server",
                "value": "utf8mb4"
              },
              {
                "apply_method": "pending-reboot",
                "name": "collation_connection",
                "value": "utf8mb4_unicode_ci"
              },
              {
                "apply_method": "pending-reboot",
                "name": "collation_server",
                "value": "utf8mb4_unicode_ci"
              },
              {
                "apply_method": "pending-reboot",
                "name": "innodb_flush_log_at_trx_commit",
                "value": "1"
              },
              {
                "apply_method": "pending-reboot",
                "name": "innodb_lock_wait_timeout",
                "value": "120"
              },
              {
                "apply_method": "pending-reboot",
                "name": "max_allowed_packet",
                "value": "157286400"
              },
              {
                "apply_method": "pending-reboot",
                "name": "thread_stack",
                "value": "2000000"
              }
            ],
            "tags": {},
            "tags_all": {}
          },
          "sensitive_attributes": [],
          "private": "bnVsbA=="
        }
      ]
    },
    {
      "module": "module.comet_rds[0]",
      "mode": "managed",
      "type": "aws_security_group",
      "name": "mysql_sg",
      "provider": "provider[\"registry.terraform.io/hashicorp/aws\"]",
      "instances": [
        {
          "schema_version": 1,
          "attributes": {
            "arn": "arn:aws:ec2:us-east-2:897196112581:security-group/sg-0c44ac00691bc2b7d",
            "description": "Aurora MySQL RDS Security Group",
            "egress": [],
            "id": "sg-0c44ac00691bc2b7d",
            "ingress": [],
            "name": "dev_mysql_sg",
            "name_prefix": "",
            "owner_id": "897196112581",
            "revoke_rules_on_delete": false,
            "tags": {},
            "tags_all": {},
            "timeouts": null,
            "vpc_id": "vpc-03d61c365286027a6"
          },
          "sensitive_attributes": [],
          "private": "eyJlMmJmYjczMC1lY2FhLTExZTYtOGY4OC0zNDM2M2JjN2M0YzAiOnsiY3JlYXRlIjo2MDAwMDAwMDAwMDAsImRlbGV0ZSI6OTAwMDAwMDAwMDAwfSwic2NoZW1hX3ZlcnNpb24iOiIxIn0=",
          "dependencies": [
            "module.vpc.aws_vpc.this"
          ]
        }
      ]
    },
    {
      "module": "module.vpc",
      "mode": "managed",
      "type": "aws_subnet",
      "name": "private",
      "provider": "provider[\"registry.terraform.io/hashicorp/aws\"]",
      "instances": [
        {
          "index_key": 0,
          "schema_version": 1,
          "attributes": {
            "arn": "arn:aws:ec2:us-east-2:897196112581:subnet/subnet-08fd2ca1408073751",
            "assign_ipv6_address_on_creation": false,
            "availability_zone": "us-east-2a",
            "availability_zone_id": "use2-az1",
            "cidr_block": "10.0.10.0/24",
            "customer_owned_ipv4_pool": "",
            "enable_dns64": false,
            "enable_lni_at_device_index": 0,
            "enable_resource_name_dns_a_record_on_launch": false,
            "enable_resource_name_dns_aaaa_record_on_launch": false,
            "id": "subnet-08fd2ca1408073751",
            "ipv6_cidr_block": "",
            "ipv6_cidr_block_association_id": "",
            "ipv6_native": false,
            "map_customer_owned_ip_on_launch": false,
            "map_public_ip_on_launch": false,
            "outpost_arn": "",
            "owner_id": "897196112581",
            "private_dns_hostname_type_on_launch": "ip-name",
            "tags": {
              "Environment": "dev",
              "Name": "comet-dev-private-us-east-2a",
              "Terraform_Managed": "true"
            },
            "tags_all": {
              "Environment": "dev",
              "Name": "comet-dev-private-us-east-2a",
              "Terraform_Managed": "true"
            },
            "timeouts": null,
            "vpc_id": "vpc-03d61c365286027a6"
          },
          "sensitive_attributes": [],
          "private": "eyJlMmJmYjczMC1lY2FhLTExZTYtOGY4OC0zNDM2M2JjN2M0YzAiOnsiY3JlYXRlIjo2MDAwMDAwMDAwMDAsImRlbGV0ZSI6MTIwMDAwMDAwMDAwMH0sInNjaGVtYV92ZXJzaW9uIjoiMSJ9",
          "dependencies": [
            "data.aws_availability_zones.available",
            "module.vpc.aws_vpc.this",
            "module.vpc.aws_vpc_ipv4_cidr_block_association.this"
          ],
          "create_before_destroy": true
        },
        {
          "index_key": 1,
          "schema_version": 1,
          "attributes": {
            "arn": "arn:aws:ec2:us-east-2:897196112581:subnet/subnet-076e2302d9e0f1f21",
            "assign_ipv6_address_on_creation": false,
            "availability_zone": "us-east-2b",
            "availability_zone_id": "use2-az2",
            "cidr_block": "10.0.11.0/24",
            "customer_owned_ipv4_pool": "",
            "enable_dns64": false,
            "enable_lni_at_device_index": 0,
            "enable_resource_name_dns_a_record_on_launch": false,
            "enable_resource_name_dns_aaaa_record_on_launch": false,
            "id": "subnet-076e2302d9e0f1f21",
            "ipv6_cidr_block": "",
            "ipv6_cidr_block_association_id": "",
            "ipv6_native": false,
            "map_customer_owned_ip_on_launch": false,
            "map_public_ip_on_launch": false,
            "outpost_arn": "",
            "owner_id": "897196112581",
            "private_dns_hostname_type_on_launch": "ip-name",
            "tags": {
              "Environment": "dev",
              "Name": "comet-dev-private-us-east-2b",
              "Terraform_Managed": "true"
            },
            "tags_all": {
              "Environment": "dev",
              "Name": "comet-dev-private-us-east-2b",
              "Terraform_Managed": "true"
            },
            "timeouts": null,
            "vpc_id": "vpc-03d61c365286027a6"
          },
          "sensitive_attributes": [],
          "private": "eyJlMmJmYjczMC1lY2FhLTExZTYtOGY4OC0zNDM2M2JjN2M0YzAiOnsiY3JlYXRlIjo2MDAwMDAwMDAwMDAsImRlbGV0ZSI6MTIwMDAwMDAwMDAwMH0sInNjaGVtYV92ZXJzaW9uIjoiMSJ9",
          "dependencies": [
            "data.aws_availability_zones.available",
            "module.vpc.aws_vpc.this",
            "module.vpc.aws_vpc_ipv4_cidr_block_association.this"
          ],
          "create_before_destroy": true
        },
        {
          "index_key": 2,
          "schema_version": 1,
          "attributes": {
            "arn": "arn:aws:ec2:us-east-2:897196112581:subnet/subnet-01846ecbcba8be6b8",
            "assign_ipv6_address_on_creation": false,
            "availability_zone": "us-east-2c",
            "availability_zone_id": "use2-az3",
            "cidr_block": "10.0.12.0/24",
            "customer_owned_ipv4_pool": "",
            "enable_dns64": false,
            "enable_lni_at_device_index": 0,
            "enable_resource_name_dns_a_record_on_launch": false,
            "enable_resource_name_dns_aaaa_record_on_launch": false,
            "id": "subnet-01846ecbcba8be6b8",
            "ipv6_cidr_block": "",
            "ipv6_cidr_block_association_id": "",
            "ipv6_native": false,
            "map_customer_owned_ip_on_launch": false,
            "map_public_ip_on_launch": false,
            "outpost_arn": "",
            "owner_id": "897196112581",
            "private_dns_hostname_type_on_launch": "ip-name",
            "tags": {
              "Environment": "dev",
              "Name": "comet-dev-private-us-east-2c",
              "Terraform_Managed": "true"
            },
            "tags_all": {
              "Environment": "dev",
              "Name": "comet-dev-private-us-east-2c",
              "Terraform_Managed": "true"
            },
            "timeouts": null,
            "vpc_id": "vpc-03d61c365286027a6"
          },
          "sensitive_attributes": [],
          "private": "eyJlMmJmYjczMC1lY2FhLTExZTYtOGY4OC0zNDM2M2JjN2M0YzAiOnsiY3JlYXRlIjo2MDAwMDAwMDAwMDAsImRlbGV0ZSI6MTIwMDAwMDAwMDAwMH0sInNjaGVtYV92ZXJzaW9uIjoiMSJ9",
          "dependencies": [
            "data.aws_availability_zones.available",
            "module.vpc.aws_vpc.this",
            "module.vpc.aws_vpc_ipv4_cidr_block_association.this"
          ],
          "create_before_destroy": true
        }
      ]
    },
    {
      "module": "module.vpc",
      "mode": "managed",
      "type": "aws_vpc",
      "name": "this",
      "provider": "provider[\"registry.terraform.io/hashicorp/aws\"]",
      "instances": [
        {
          "index_key": 0,
          "schema_version": 1,
          "attributes": {
            "arn": "arn:aws:ec2:us-east-2:897196112581:vpc/vpc-03d61c365286027a6",
            "assign_generated_ipv6_cidr_block": false,
            "cidr_block": "10.0.0.0/16",
            "default_network_acl_id": "acl-08778ffe66eae04fa",
            "default_route_table_id": "rtb-00c34930658b921ff",
            "default_security_group_id": "sg-0b41c811446f0074e",
            "dhcp_options_id": "dopt-0399ea5a2cb412e54",
            "enable_classiclink": false,
            "enable_classiclink_dns_support": false,
            "enable_dns_hostnames": true,
            "enable_dns_support": true,
            "enable_network_address_usage_metrics": false,
            "id": "vpc-03d61c365286027a6",
            "instance_tenancy": "default",
            "ipv4_ipam_pool_id": null,
            "ipv4_netmask_length": null,
            "ipv6_association_id": "",
            "ipv6_cidr_block": "",
            "ipv6_cidr_block_network_border_group": "",
            "ipv6_ipam_pool_id": "",
            "ipv6_netmask_length": 0,
            "main_route_table_id": "rtb-00c34930658b921ff",
            "owner_id": "897196112581",
            "tags": {
              "Environment": "dev",
              "Name": "comet-dev",
              "Terraform_Managed": "true"
            },
            "tags_all": {
              "Environment": "dev",
              "Name": "comet-dev",
              "Terraform_Managed": "true"
            }
          },
          "sensitive_attributes": [],
          "private": "eyJzY2hlbWFfdmVyc2lvbiI6IjEifQ==",
          "create_before_destroy": true
        }
      ]
    },
    {
      "module": "module.vpc",
      "mode": "managed",
      "type": "aws_vpc_ipv4_cidr_block_association",
      "name": "this",
      "provider": "provider[\"registry.terraform.io/hashicorp/aws\"]",
      "instances": []
    }
  ],
  "check_results": null
}
